// !$*UTF8*$!
{
	archiveVersion = 1;
	classes = {
	};
	objectVersion = 46;
	objects = {

/* Begin PBXBuildFile section */
		3A0BF981178312EC006BB126 /* share_sina@2x.png in Resources */ = {isa = PBXBuildFile; fileRef = 3A0BF980178312EC006BB126 /* share_sina@2x.png */; };
		3A19C6B4175A2D34001FC0D5 /* Default@2x.png in Resources */ = {isa = PBXBuildFile; fileRef = 3A19C6B3175A2D34001FC0D5 /* Default@2x.png */; };
		3A19C6B7175A2D38001FC0D5 /* Default.png in Resources */ = {isa = PBXBuildFile; fileRef = 3A19C6B6175A2D38001FC0D5 /* Default.png */; };
		3A19C6BF175A3224001FC0D5 /* Default-568h@2x.png in Resources */ = {isa = PBXBuildFile; fileRef = 3A19C6BE175A3224001FC0D5 /* Default-568h@2x.png */; };
		3A19C6C7175A3288001FC0D5 /* root_account_icon@2x.png in Resources */ = {isa = PBXBuildFile; fileRef = 3A19C6C5175A3288001FC0D5 /* root_account_icon@2x.png */; };
		3A19C6C8175A3288001FC0D5 /* root_shirt_icon@2x.png in Resources */ = {isa = PBXBuildFile; fileRef = 3A19C6C6175A3288001FC0D5 /* root_shirt_icon@2x.png */; };
		3A19C6D0175A3288001FC0D5 /* segmented_separator@2x.png in Resources */ = {isa = PBXBuildFile; fileRef = 3A19C6C9175A3288001FC0D5 /* segmented_separator@2x.png */; };
		3A19C6DA175A3288001FC0D5 /* root_effect_icon@2x.png in Resources */ = {isa = PBXBuildFile; fileRef = 3A19C6D7175A3288001FC0D5 /* root_effect_icon@2x.png */; };
		3A19C6DB175A3288001FC0D5 /* root_piazza_icon@2x.png in Resources */ = {isa = PBXBuildFile; fileRef = 3A19C6D8175A3288001FC0D5 /* root_piazza_icon@2x.png */; };
		3A19C6DC175A3288001FC0D5 /* root_share_icon@2x.png in Resources */ = {isa = PBXBuildFile; fileRef = 3A19C6D9175A3288001FC0D5 /* root_share_icon@2x.png */; };
		3A29C12B177FE5AC00CD53D7 /* root_bg@2x.png in Resources */ = {isa = PBXBuildFile; fileRef = 3A29C12A177FE5AC00CD53D7 /* root_bg@2x.png */; };
		3A33267E178ABDE1009D1477 /* OpenGLES.framework in Frameworks */ = {isa = PBXBuildFile; fileRef = 3A33267D178ABDE1009D1477 /* OpenGLES.framework */; };
		3A332680178ABE21009D1477 /* AVFoundation.framework in Frameworks */ = {isa = PBXBuildFile; fileRef = 3A33267F178ABE21009D1477 /* AVFoundation.framework */; };
		3A332682178ABE55009D1477 /* CoreVideo.framework in Frameworks */ = {isa = PBXBuildFile; fileRef = 3A332681178ABE55009D1477 /* CoreVideo.framework */; };
		3A332684178ABE69009D1477 /* CoreMedia.framework in Frameworks */ = {isa = PBXBuildFile; fileRef = 3A332683178ABE69009D1477 /* CoreMedia.framework */; };
		3A3F1C36178126F300A64C93 /* SystemConfiguration.framework in Frameworks */ = {isa = PBXBuildFile; fileRef = 3A3F1C35178126F300A64C93 /* SystemConfiguration.framework */; };
		3A3F1C381781270300A64C93 /* MessageUI.framework in Frameworks */ = {isa = PBXBuildFile; fileRef = 3A3F1C371781270300A64C93 /* MessageUI.framework */; };
		3A3F1C3A1781271000A64C93 /* libicucore.dylib in Frameworks */ = {isa = PBXBuildFile; fileRef = 3A3F1C391781271000A64C93 /* libicucore.dylib */; };
		3A3F1C3C1781271D00A64C93 /* libz.1.2.5.dylib in Frameworks */ = {isa = PBXBuildFile; fileRef = 3A3F1C3B1781271D00A64C93 /* libz.1.2.5.dylib */; };
		3A3F1C3E1781272A00A64C93 /* libstdc++.dylib in Frameworks */ = {isa = PBXBuildFile; fileRef = 3A3F1C3D1781272A00A64C93 /* libstdc++.dylib */; };
		3A3F1C401781273600A64C93 /* libsqlite3.dylib in Frameworks */ = {isa = PBXBuildFile; fileRef = 3A3F1C3F1781273600A64C93 /* libsqlite3.dylib */; };
		3A3F1C421781273E00A64C93 /* CoreTelephony.framework in Frameworks */ = {isa = PBXBuildFile; fileRef = 3A3F1C411781273E00A64C93 /* CoreTelephony.framework */; };
		3A45727B177AB45400453B7B /* QuartzCore.framework in Frameworks */ = {isa = PBXBuildFile; fileRef = 3A45727A177AB45400453B7B /* QuartzCore.framework */; };
		3A6E1936175B045100806F8A /* effect_camera_icon@2x.png in Resources */ = {isa = PBXBuildFile; fileRef = 3A6E1933175B045100806F8A /* effect_camera_icon@2x.png */; };
		3A6E1937175B045100806F8A /* effect_draw_icon@2x.png in Resources */ = {isa = PBXBuildFile; fileRef = 3A6E1934175B045100806F8A /* effect_draw_icon@2x.png */; };
		3A6E1938175B045100806F8A /* effect_text_icon@2x.png in Resources */ = {isa = PBXBuildFile; fileRef = 3A6E1935175B045100806F8A /* effect_text_icon@2x.png */; };
		3A6E1941175B083E00806F8A /* effect_segmented_pressed_center@2x.png in Resources */ = {isa = PBXBuildFile; fileRef = 3A6E193E175B083E00806F8A /* effect_segmented_pressed_center@2x.png */; };
		3A6E1942175B083E00806F8A /* effect_segmented_pressed_left@2x.png in Resources */ = {isa = PBXBuildFile; fileRef = 3A6E193F175B083E00806F8A /* effect_segmented_pressed_left@2x.png */; };
		3A6E1943175B083E00806F8A /* effect_segmented_pressed_right@2x.png in Resources */ = {isa = PBXBuildFile; fileRef = 3A6E1940175B083E00806F8A /* effect_segmented_pressed_right@2x.png */; };
		3A6E1957175B0AE800806F8A /* stroke_0@2x.png in Resources */ = {isa = PBXBuildFile; fileRef = 3A6E1945175B0AE800806F8A /* stroke_0@2x.png */; };
		3A6E1958175B0AE800806F8A /* stroke_1@2x.png in Resources */ = {isa = PBXBuildFile; fileRef = 3A6E1946175B0AE800806F8A /* stroke_1@2x.png */; };
		3A6E195A175B0AE800806F8A /* stroke_3@2x.png in Resources */ = {isa = PBXBuildFile; fileRef = 3A6E1948175B0AE800806F8A /* stroke_3@2x.png */; };
		3A6E195B175B0AE800806F8A /* stroke_4@2x.png in Resources */ = {isa = PBXBuildFile; fileRef = 3A6E1949175B0AE800806F8A /* stroke_4@2x.png */; };
		3A6E195C175B0AE800806F8A /* effect.png in Resources */ = {isa = PBXBuildFile; fileRef = 3A6E194B175B0AE800806F8A /* effect.png */; };
		3A6E195D175B0AE800806F8A /* effect_0@2x.png in Resources */ = {isa = PBXBuildFile; fileRef = 3A6E194C175B0AE800806F8A /* effect_0@2x.png */; };
		3A6E195E175B0AE800806F8A /* effect_1@2x.png in Resources */ = {isa = PBXBuildFile; fileRef = 3A6E194D175B0AE800806F8A /* effect_1@2x.png */; };
		3A6E195F175B0AE800806F8A /* effect_2@2x.png in Resources */ = {isa = PBXBuildFile; fileRef = 3A6E194E175B0AE800806F8A /* effect_2@2x.png */; };
		3A6E1960175B0AE800806F8A /* effect_3@2x.png in Resources */ = {isa = PBXBuildFile; fileRef = 3A6E194F175B0AE800806F8A /* effect_3@2x.png */; };
		3A6E1961175B0AE800806F8A /* effect_4@2x.png in Resources */ = {isa = PBXBuildFile; fileRef = 3A6E1950175B0AE800806F8A /* effect_4@2x.png */; };
		3A6E1962175B0AE800806F8A /* font_0.png in Resources */ = {isa = PBXBuildFile; fileRef = 3A6E1952175B0AE800806F8A /* font_0.png */; };
		3A6E1963175B0AE800806F8A /* font_1.png in Resources */ = {isa = PBXBuildFile; fileRef = 3A6E1953175B0AE800806F8A /* font_1.png */; };
		3A6E1964175B0AE800806F8A /* font_2.png in Resources */ = {isa = PBXBuildFile; fileRef = 3A6E1954175B0AE800806F8A /* font_2.png */; };
		3A6E1965175B0AE800806F8A /* font_3.png in Resources */ = {isa = PBXBuildFile; fileRef = 3A6E1955175B0AE800806F8A /* font_3.png */; };
		3A6E1966175B0AE800806F8A /* font_4.png in Resources */ = {isa = PBXBuildFile; fileRef = 3A6E1956175B0AE800806F8A /* font_4.png */; };
		3A6E196C175B0D2700806F8A /* icon114.png in Resources */ = {isa = PBXBuildFile; fileRef = 3A6E196B175B0D2700806F8A /* icon114.png */; };
		3A6E196E175B0D2A00806F8A /* icon57.png in Resources */ = {isa = PBXBuildFile; fileRef = 3A6E196D175B0D2A00806F8A /* icon57.png */; };
		3A6E1970175B11CA00806F8A /* stroke_2@2x.png in Resources */ = {isa = PBXBuildFile; fileRef = 3A6E196F175B11CA00806F8A /* stroke_2@2x.png */; };
		3AB10002175486AC00B72E93 /* clothe_default@2x.png in Resources */ = {isa = PBXBuildFile; fileRef = 3AB10001175486AC00B72E93 /* clothe_default@2x.png */; };
		3AB1000417548AF600B72E93 /* root_add@2x.png in Resources */ = {isa = PBXBuildFile; fileRef = 3AB1000317548AF600B72E93 /* root_add@2x.png */; };
		3AB1000E1754941D00B72E93 /* buttonBg@2x.png in Resources */ = {isa = PBXBuildFile; fileRef = 3AB1000D1754941D00B72E93 /* buttonBg@2x.png */; };
		3AB10010175494B600B72E93 /* bottomBarBg@2x.png in Resources */ = {isa = PBXBuildFile; fileRef = 3AB1000F175494B600B72E93 /* bottomBarBg@2x.png */; };
		3AB10012175496F000B72E93 /* functionBarBg@2x.png in Resources */ = {isa = PBXBuildFile; fileRef = 3AB10011175496F000B72E93 /* functionBarBg@2x.png */; };
		3AB180021759F15900D72F83 /* effect_image_icon@2x.png in Resources */ = {isa = PBXBuildFile; fileRef = 3AB180001759F15900D72F83 /* effect_image_icon@2x.png */; };
		3AB180031759F15900D72F83 /* effect_photograph_icon@2x.png in Resources */ = {isa = PBXBuildFile; fileRef = 3AB180011759F15900D72F83 /* effect_photograph_icon@2x.png */; };
		3AB1FFBC17546F4200B72E93 /* UIKit.framework in Frameworks */ = {isa = PBXBuildFile; fileRef = 3AB1FFBB17546F4200B72E93 /* UIKit.framework */; };
		3AB1FFBE17546F4200B72E93 /* Foundation.framework in Frameworks */ = {isa = PBXBuildFile; fileRef = 3AB1FFBD17546F4200B72E93 /* Foundation.framework */; };
		3AB1FFC017546F4200B72E93 /* CoreGraphics.framework in Frameworks */ = {isa = PBXBuildFile; fileRef = 3AB1FFBF17546F4200B72E93 /* CoreGraphics.framework */; };
		3AB1FFC617546F4200B72E93 /* InfoPlist.strings in Resources */ = {isa = PBXBuildFile; fileRef = 3AB1FFC417546F4200B72E93 /* InfoPlist.strings */; };
		3AB1FFC817546F4200B72E93 /* main.m in Sources */ = {isa = PBXBuildFile; fileRef = 3AB1FFC717546F4200B72E93 /* main.m */; };
		3AD5A63D17896A1600CEF762 /* XDAccountInfoCell.m in Sources */ = {isa = PBXBuildFile; fileRef = 3AD5A5E817896A1600CEF762 /* XDAccountInfoCell.m */; };
		3AD5A63E17896A1600CEF762 /* XDAccountInfoViewController.m in Sources */ = {isa = PBXBuildFile; fileRef = 3AD5A5EA17896A1600CEF762 /* XDAccountInfoViewController.m */; };
		3AD5A63F17896A1600CEF762 /* XDAccountViewController.m in Sources */ = {isa = PBXBuildFile; fileRef = 3AD5A5EC17896A1600CEF762 /* XDAccountViewController.m */; };
		3AD5A64017896A1600CEF762 /* XDAccountViewController.xib in Resources */ = {isa = PBXBuildFile; fileRef = 3AD5A5ED17896A1600CEF762 /* XDAccountViewController.xib */; };
		3AD5A64117896A1600CEF762 /* AKSegmentedControl.m in Sources */ = {isa = PBXBuildFile; fileRef = 3AD5A5F117896A1600CEF762 /* AKSegmentedControl.m */; settings = {COMPILER_FLAGS = "-fobjc-arc"; }; };
		3AD5A64217896A1600CEF762 /* XDAttributeCell.m in Sources */ = {isa = PBXBuildFile; fileRef = 3AD5A5F417896A1600CEF762 /* XDAttributeCell.m */; };
		3AD5A64317896A1600CEF762 /* XDCustomMadeViewController.m in Sources */ = {isa = PBXBuildFile; fileRef = 3AD5A5F617896A1600CEF762 /* XDCustomMadeViewController.m */; };
		3AD5A64417896A1600CEF762 /* XDPayMoneyViewController.m in Sources */ = {isa = PBXBuildFile; fileRef = 3AD5A5F817896A1600CEF762 /* XDPayMoneyViewController.m */; };
		3AD5A64517896A1600CEF762 /* XDPayMoneyViewController.xib in Resources */ = {isa = PBXBuildFile; fileRef = 3AD5A5F917896A1600CEF762 /* XDPayMoneyViewController.xib */; };
		3AD5A64617896A1600CEF762 /* ImageUtil.m in Sources */ = {isa = PBXBuildFile; fileRef = 3AD5A5FF17896A1600CEF762 /* ImageUtil.m */; };
		3AD5A64717896A1600CEF762 /* UIColor_Random.m in Sources */ = {isa = PBXBuildFile; fileRef = 3AD5A60117896A1600CEF762 /* UIColor_Random.m */; };
		3AD5A64817896A1600CEF762 /* XDDrawPicker.m in Sources */ = {isa = PBXBuildFile; fileRef = 3AD5A60317896A1600CEF762 /* XDDrawPicker.m */; };
		3AD5A64917896A1600CEF762 /* XDDrawView.m in Sources */ = {isa = PBXBuildFile; fileRef = 3AD5A60517896A1600CEF762 /* XDDrawView.m */; };
		3AD5A64A17896A1600CEF762 /* XDImagePicker.m in Sources */ = {isa = PBXBuildFile; fileRef = 3AD5A60717896A1600CEF762 /* XDImagePicker.m */; };
		3AD5A64B17896A1600CEF762 /* XDTextPicker.m in Sources */ = {isa = PBXBuildFile; fileRef = 3AD5A60917896A1600CEF762 /* XDTextPicker.m */; };
		3AD5A64C17896A1600CEF762 /* XDEffectViewController.m in Sources */ = {isa = PBXBuildFile; fileRef = 3AD5A60B17896A1600CEF762 /* XDEffectViewController.m */; };
		3AD5A64D17896A1600CEF762 /* XDSettingViewController.m in Sources */ = {isa = PBXBuildFile; fileRef = 3AD5A60F17896A1600CEF762 /* XDSettingViewController.m */; };
		3AD5A64E17896A1600CEF762 /* XDSettingViewController.xib in Resources */ = {isa = PBXBuildFile; fileRef = 3AD5A61017896A1600CEF762 /* XDSettingViewController.xib */; };
		3AD5A64F17896A1600CEF762 /* share.plist in Resources */ = {isa = PBXBuildFile; fileRef = 3AD5A61217896A1600CEF762 /* share.plist */; };
		3AD5A65017896A1600CEF762 /* MailConnection.framework in Frameworks */ = {isa = PBXBuildFile; fileRef = 3AD5A61517896A1600CEF762 /* MailConnection.framework */; };
		3AD5A65117896A1600CEF762 /* QZoneConnection.framework in Frameworks */ = {isa = PBXBuildFile; fileRef = 3AD5A61617896A1600CEF762 /* QZoneConnection.framework */; };
		3AD5A65217896A1600CEF762 /* RenRenConnection.framework in Frameworks */ = {isa = PBXBuildFile; fileRef = 3AD5A61717896A1600CEF762 /* RenRenConnection.framework */; };
		3AD5A65317896A1600CEF762 /* SinaWeiboConnection.framework in Frameworks */ = {isa = PBXBuildFile; fileRef = 3AD5A61817896A1600CEF762 /* SinaWeiboConnection.framework */; };
		3AD5A65417896A1600CEF762 /* TencentWeiboConnection.framework in Frameworks */ = {isa = PBXBuildFile; fileRef = 3AD5A61917896A1600CEF762 /* TencentWeiboConnection.framework */; };
		3AD5A65517896A1600CEF762 /* AGCommon.framework in Frameworks */ = {isa = PBXBuildFile; fileRef = 3AD5A61B17896A1600CEF762 /* AGCommon.framework */; };
		3AD5A65617896A1600CEF762 /* ShareSDKLocalizable.strings in Resources */ = {isa = PBXBuildFile; fileRef = 3AD5A61C17896A1600CEF762 /* ShareSDKLocalizable.strings */; };
		3AD5A65717896A1600CEF762 /* Resource.bundle in Resources */ = {isa = PBXBuildFile; fileRef = 3AD5A61E17896A1600CEF762 /* Resource.bundle */; };
		3AD5A65817896A1600CEF762 /* ShareSDKCoreService.framework in Frameworks */ = {isa = PBXBuildFile; fileRef = 3AD5A61F17896A1600CEF762 /* ShareSDKCoreService.framework */; };
		3AD5A65917896A1600CEF762 /* libWeChatSDK_armv7_armv7s.a in Frameworks */ = {isa = PBXBuildFile; fileRef = 3AD5A62217896A1600CEF762 /* libWeChatSDK_armv7_armv7s.a */; };
		3AD5A65A17896A1600CEF762 /* TencentOpenAPI.framework in Frameworks */ = {isa = PBXBuildFile; fileRef = 3AD5A62517896A1600CEF762 /* TencentOpenAPI.framework */; };
		3AD5A65B17896A1600CEF762 /* TencentOpenApi_IOS_Bundle.bundle in Resources */ = {isa = PBXBuildFile; fileRef = 3AD5A62617896A1600CEF762 /* TencentOpenApi_IOS_Bundle.bundle */; };
		3AD5A65C17896A1600CEF762 /* libWeiboSDK.a in Frameworks */ = {isa = PBXBuildFile; fileRef = 3AD5A62817896A1600CEF762 /* libWeiboSDK.a */; };
		3AD5A65D17896A1600CEF762 /* ShareSDK.framework in Frameworks */ = {isa = PBXBuildFile; fileRef = 3AD5A62B17896A1600CEF762 /* ShareSDK.framework */; };
		3AD5A65E17896A1600CEF762 /* ShareSDKiPhoneAppRecommendShareViewUI.framework in Frameworks */ = {isa = PBXBuildFile; fileRef = 3AD5A62D17896A1600CEF762 /* ShareSDKiPhoneAppRecommendShareViewUI.framework */; };
		3AD5A65F17896A1600CEF762 /* ShareSDKiPhoneDefaultShareViewUI.bundle in Resources */ = {isa = PBXBuildFile; fileRef = 3AD5A62E17896A1600CEF762 /* ShareSDKiPhoneDefaultShareViewUI.bundle */; };
		3AD5A66017896A1600CEF762 /* ShareSDKiPhoneDefaultShareViewUI.framework in Frameworks */ = {isa = PBXBuildFile; fileRef = 3AD5A62F17896A1600CEF762 /* ShareSDKiPhoneDefaultShareViewUI.framework */; };
		3AD5A66117896A1600CEF762 /* ShareSDKiPhoneSimpleShareViewUI.bundle in Resources */ = {isa = PBXBuildFile; fileRef = 3AD5A63017896A1600CEF762 /* ShareSDKiPhoneSimpleShareViewUI.bundle */; };
		3AD5A66217896A1600CEF762 /* ShareSDKiPhoneSimpleShareViewUI.framework in Frameworks */ = {isa = PBXBuildFile; fileRef = 3AD5A63117896A1600CEF762 /* ShareSDKiPhoneSimpleShareViewUI.framework */; };
		3AD5A66317896A1600CEF762 /* XDShareViewController.m in Sources */ = {isa = PBXBuildFile; fileRef = 3AD5A63317896A1600CEF762 /* XDShareViewController.m */; };
		3AD5A66417896A1600CEF762 /* XDShareViewController.xib in Resources */ = {isa = PBXBuildFile; fileRef = 3AD5A63417896A1600CEF762 /* XDShareViewController.xib */; };
		3AD5A66517896A1600CEF762 /* XDAppDelegate.m in Sources */ = {isa = PBXBuildFile; fileRef = 3AD5A63617896A1600CEF762 /* XDAppDelegate.m */; };
		3AD5A66617896A1600CEF762 /* XDFinishShowViewController.m in Sources */ = {isa = PBXBuildFile; fileRef = 3AD5A63817896A1600CEF762 /* XDFinishShowViewController.m */; };
		3AD5A66717896A1600CEF762 /* XDRootViewController.m in Sources */ = {isa = PBXBuildFile; fileRef = 3AD5A63A17896A1600CEF762 /* XDRootViewController.m */; };
		3AD5A66817896A1600CEF762 /* XDShareMethods.m in Sources */ = {isa = PBXBuildFile; fileRef = 3AD5A63C17896A1600CEF762 /* XDShareMethods.m */; };
		3AE299C61785BE8000CDB041 /* account_userDeaultImage@2x.png in Resources */ = {isa = PBXBuildFile; fileRef = 3AE299C51785BE8000CDB041 /* account_userDeaultImage@2x.png */; };
		3AE8AA3217845398005AC6AB /* check@2x.png in Resources */ = {isa = PBXBuildFile; fileRef = 3AE8AA3017845398005AC6AB /* check@2x.png */; };
		3AE8AA3317845398005AC6AB /* uncheck@2x.png in Resources */ = {isa = PBXBuildFile; fileRef = 3AE8AA3117845398005AC6AB /* uncheck@2x.png */; };
		3AFAD8A9175CDC4D00E7A4DB /* setting_cellSelectBackground@2x.png in Resources */ = {isa = PBXBuildFile; fileRef = 3AFAD8A7175CDC4D00E7A4DB /* setting_cellSelectBackground@2x.png */; };
		3AFAD8AA175CDC4D00E7A4DB /* setting_unchoiceBox@2x.png in Resources */ = {isa = PBXBuildFile; fileRef = 3AFAD8A8175CDC4D00E7A4DB /* setting_unchoiceBox@2x.png */; };
/* End PBXBuildFile section */

/* Begin PBXFileReference section */
		3A0865BB177BC65B00DC6381 /* LocalDefault.h */ = {isa = PBXFileReference; fileEncoding = 4; lastKnownFileType = sourcecode.c.h; name = LocalDefault.h; path = Classes/LocalDefault.h; sourceTree = "<group>"; };
		3A0BF980178312EC006BB126 /* share_sina@2x.png */ = {isa = PBXFileReference; lastKnownFileType = image.png; path = "share_sina@2x.png"; sourceTree = "<group>"; };
		3A19C6B3175A2D34001FC0D5 /* Default@2x.png */ = {isa = PBXFileReference; lastKnownFileType = image.png; name = "Default@2x.png"; path = "../Default@2x.png"; sourceTree = "<group>"; };
		3A19C6B6175A2D38001FC0D5 /* Default.png */ = {isa = PBXFileReference; lastKnownFileType = image.png; name = Default.png; path = ../Default.png; sourceTree = "<group>"; };
		3A19C6BE175A3224001FC0D5 /* Default-568h@2x.png */ = {isa = PBXFileReference; lastKnownFileType = image.png; name = "Default-568h@2x.png"; path = "../Default-568h@2x.png"; sourceTree = "<group>"; };
		3A19C6C5175A3288001FC0D5 /* root_account_icon@2x.png */ = {isa = PBXFileReference; lastKnownFileType = image.png; path = "root_account_icon@2x.png"; sourceTree = "<group>"; };
		3A19C6C6175A3288001FC0D5 /* root_shirt_icon@2x.png */ = {isa = PBXFileReference; lastKnownFileType = image.png; path = "root_shirt_icon@2x.png"; sourceTree = "<group>"; };
		3A19C6C9175A3288001FC0D5 /* segmented_separator@2x.png */ = {isa = PBXFileReference; lastKnownFileType = image.png; path = "segmented_separator@2x.png"; sourceTree = "<group>"; };
		3A19C6D7175A3288001FC0D5 /* root_effect_icon@2x.png */ = {isa = PBXFileReference; lastKnownFileType = image.png; path = "root_effect_icon@2x.png"; sourceTree = "<group>"; };
		3A19C6D8175A3288001FC0D5 /* root_piazza_icon@2x.png */ = {isa = PBXFileReference; lastKnownFileType = image.png; path = "root_piazza_icon@2x.png"; sourceTree = "<group>"; };
		3A19C6D9175A3288001FC0D5 /* root_share_icon@2x.png */ = {isa = PBXFileReference; lastKnownFileType = image.png; path = "root_share_icon@2x.png"; sourceTree = "<group>"; };
		3A29C12A177FE5AC00CD53D7 /* root_bg@2x.png */ = {isa = PBXFileReference; lastKnownFileType = image.png; name = "root_bg@2x.png"; path = "Images/root_bg@2x.png"; sourceTree = "<group>"; };
		3A33267D178ABDE1009D1477 /* OpenGLES.framework */ = {isa = PBXFileReference; lastKnownFileType = wrapper.framework; name = OpenGLES.framework; path = System/Library/Frameworks/OpenGLES.framework; sourceTree = SDKROOT; };
		3A33267F178ABE21009D1477 /* AVFoundation.framework */ = {isa = PBXFileReference; lastKnownFileType = wrapper.framework; name = AVFoundation.framework; path = System/Library/Frameworks/AVFoundation.framework; sourceTree = SDKROOT; };
		3A332681178ABE55009D1477 /* CoreVideo.framework */ = {isa = PBXFileReference; lastKnownFileType = wrapper.framework; name = CoreVideo.framework; path = System/Library/Frameworks/CoreVideo.framework; sourceTree = SDKROOT; };
		3A332683178ABE69009D1477 /* CoreMedia.framework */ = {isa = PBXFileReference; lastKnownFileType = wrapper.framework; name = CoreMedia.framework; path = System/Library/Frameworks/CoreMedia.framework; sourceTree = SDKROOT; };
		3A3F1C35178126F300A64C93 /* SystemConfiguration.framework */ = {isa = PBXFileReference; lastKnownFileType = wrapper.framework; name = SystemConfiguration.framework; path = System/Library/Frameworks/SystemConfiguration.framework; sourceTree = SDKROOT; };
		3A3F1C371781270300A64C93 /* MessageUI.framework */ = {isa = PBXFileReference; lastKnownFileType = wrapper.framework; name = MessageUI.framework; path = System/Library/Frameworks/MessageUI.framework; sourceTree = SDKROOT; };
		3A3F1C391781271000A64C93 /* libicucore.dylib */ = {isa = PBXFileReference; lastKnownFileType = "compiled.mach-o.dylib"; name = libicucore.dylib; path = usr/lib/libicucore.dylib; sourceTree = SDKROOT; };
		3A3F1C3B1781271D00A64C93 /* libz.1.2.5.dylib */ = {isa = PBXFileReference; lastKnownFileType = "compiled.mach-o.dylib"; name = libz.1.2.5.dylib; path = usr/lib/libz.1.2.5.dylib; sourceTree = SDKROOT; };
		3A3F1C3D1781272A00A64C93 /* libstdc++.dylib */ = {isa = PBXFileReference; lastKnownFileType = "compiled.mach-o.dylib"; name = "libstdc++.dylib"; path = "usr/lib/libstdc++.dylib"; sourceTree = SDKROOT; };
		3A3F1C3F1781273600A64C93 /* libsqlite3.dylib */ = {isa = PBXFileReference; lastKnownFileType = "compiled.mach-o.dylib"; name = libsqlite3.dylib; path = usr/lib/libsqlite3.dylib; sourceTree = SDKROOT; };
		3A3F1C411781273E00A64C93 /* CoreTelephony.framework */ = {isa = PBXFileReference; lastKnownFileType = wrapper.framework; name = CoreTelephony.framework; path = System/Library/Frameworks/CoreTelephony.framework; sourceTree = SDKROOT; };
		3A45727A177AB45400453B7B /* QuartzCore.framework */ = {isa = PBXFileReference; lastKnownFileType = wrapper.framework; name = QuartzCore.framework; path = System/Library/Frameworks/QuartzCore.framework; sourceTree = SDKROOT; };
		3A6E1933175B045100806F8A /* effect_camera_icon@2x.png */ = {isa = PBXFileReference; lastKnownFileType = image.png; path = "effect_camera_icon@2x.png"; sourceTree = "<group>"; };
		3A6E1934175B045100806F8A /* effect_draw_icon@2x.png */ = {isa = PBXFileReference; lastKnownFileType = image.png; path = "effect_draw_icon@2x.png"; sourceTree = "<group>"; };
		3A6E1935175B045100806F8A /* effect_text_icon@2x.png */ = {isa = PBXFileReference; lastKnownFileType = image.png; path = "effect_text_icon@2x.png"; sourceTree = "<group>"; };
		3A6E193E175B083E00806F8A /* effect_segmented_pressed_center@2x.png */ = {isa = PBXFileReference; lastKnownFileType = image.png; path = "effect_segmented_pressed_center@2x.png"; sourceTree = "<group>"; };
		3A6E193F175B083E00806F8A /* effect_segmented_pressed_left@2x.png */ = {isa = PBXFileReference; lastKnownFileType = image.png; path = "effect_segmented_pressed_left@2x.png"; sourceTree = "<group>"; };
		3A6E1940175B083E00806F8A /* effect_segmented_pressed_right@2x.png */ = {isa = PBXFileReference; lastKnownFileType = image.png; path = "effect_segmented_pressed_right@2x.png"; sourceTree = "<group>"; };
		3A6E1945175B0AE800806F8A /* stroke_0@2x.png */ = {isa = PBXFileReference; lastKnownFileType = image.png; path = "stroke_0@2x.png"; sourceTree = "<group>"; };
		3A6E1946175B0AE800806F8A /* stroke_1@2x.png */ = {isa = PBXFileReference; lastKnownFileType = image.png; path = "stroke_1@2x.png"; sourceTree = "<group>"; };
		3A6E1948175B0AE800806F8A /* stroke_3@2x.png */ = {isa = PBXFileReference; lastKnownFileType = image.png; path = "stroke_3@2x.png"; sourceTree = "<group>"; };
		3A6E1949175B0AE800806F8A /* stroke_4@2x.png */ = {isa = PBXFileReference; lastKnownFileType = image.png; path = "stroke_4@2x.png"; sourceTree = "<group>"; };
		3A6E194B175B0AE800806F8A /* effect.png */ = {isa = PBXFileReference; lastKnownFileType = image.png; path = effect.png; sourceTree = "<group>"; };
		3A6E194C175B0AE800806F8A /* effect_0@2x.png */ = {isa = PBXFileReference; lastKnownFileType = image.png; path = "effect_0@2x.png"; sourceTree = "<group>"; };
		3A6E194D175B0AE800806F8A /* effect_1@2x.png */ = {isa = PBXFileReference; lastKnownFileType = image.png; path = "effect_1@2x.png"; sourceTree = "<group>"; };
		3A6E194E175B0AE800806F8A /* effect_2@2x.png */ = {isa = PBXFileReference; lastKnownFileType = image.png; path = "effect_2@2x.png"; sourceTree = "<group>"; };
		3A6E194F175B0AE800806F8A /* effect_3@2x.png */ = {isa = PBXFileReference; lastKnownFileType = image.png; path = "effect_3@2x.png"; sourceTree = "<group>"; };
		3A6E1950175B0AE800806F8A /* effect_4@2x.png */ = {isa = PBXFileReference; lastKnownFileType = image.png; path = "effect_4@2x.png"; sourceTree = "<group>"; };
		3A6E1952175B0AE800806F8A /* font_0.png */ = {isa = PBXFileReference; lastKnownFileType = image.png; path = font_0.png; sourceTree = "<group>"; };
		3A6E1953175B0AE800806F8A /* font_1.png */ = {isa = PBXFileReference; lastKnownFileType = image.png; path = font_1.png; sourceTree = "<group>"; };
		3A6E1954175B0AE800806F8A /* font_2.png */ = {isa = PBXFileReference; lastKnownFileType = image.png; path = font_2.png; sourceTree = "<group>"; };
		3A6E1955175B0AE800806F8A /* font_3.png */ = {isa = PBXFileReference; lastKnownFileType = image.png; path = font_3.png; sourceTree = "<group>"; };
		3A6E1956175B0AE800806F8A /* font_4.png */ = {isa = PBXFileReference; lastKnownFileType = image.png; path = font_4.png; sourceTree = "<group>"; };
		3A6E196B175B0D2700806F8A /* icon114.png */ = {isa = PBXFileReference; lastKnownFileType = image.png; name = icon114.png; path = ../icon114.png; sourceTree = "<group>"; };
		3A6E196D175B0D2A00806F8A /* icon57.png */ = {isa = PBXFileReference; lastKnownFileType = image.png; name = icon57.png; path = ../icon57.png; sourceTree = "<group>"; };
		3A6E196F175B11CA00806F8A /* stroke_2@2x.png */ = {isa = PBXFileReference; lastKnownFileType = image.png; path = "stroke_2@2x.png"; sourceTree = "<group>"; };
		3AB10001175486AC00B72E93 /* clothe_default@2x.png */ = {isa = PBXFileReference; lastKnownFileType = image.png; path = "clothe_default@2x.png"; sourceTree = "<group>"; };
		3AB1000317548AF600B72E93 /* root_add@2x.png */ = {isa = PBXFileReference; lastKnownFileType = image.png; path = "root_add@2x.png"; sourceTree = "<group>"; };
		3AB1000D1754941D00B72E93 /* buttonBg@2x.png */ = {isa = PBXFileReference; lastKnownFileType = image.png; path = "buttonBg@2x.png"; sourceTree = "<group>"; };
		3AB1000F175494B600B72E93 /* bottomBarBg@2x.png */ = {isa = PBXFileReference; lastKnownFileType = image.png; path = "bottomBarBg@2x.png"; sourceTree = "<group>"; };
		3AB10011175496F000B72E93 /* functionBarBg@2x.png */ = {isa = PBXFileReference; lastKnownFileType = image.png; path = "functionBarBg@2x.png"; sourceTree = "<group>"; };
		3AB180001759F15900D72F83 /* effect_image_icon@2x.png */ = {isa = PBXFileReference; lastKnownFileType = image.png; path = "effect_image_icon@2x.png"; sourceTree = "<group>"; };
		3AB180011759F15900D72F83 /* effect_photograph_icon@2x.png */ = {isa = PBXFileReference; lastKnownFileType = image.png; path = "effect_photograph_icon@2x.png"; sourceTree = "<group>"; };
		3AB1FFB717546F4200B72E93 /* DoodleTee.app */ = {isa = PBXFileReference; explicitFileType = wrapper.application; includeInIndex = 0; path = DoodleTee.app; sourceTree = BUILT_PRODUCTS_DIR; };
		3AB1FFBB17546F4200B72E93 /* UIKit.framework */ = {isa = PBXFileReference; lastKnownFileType = wrapper.framework; name = UIKit.framework; path = System/Library/Frameworks/UIKit.framework; sourceTree = SDKROOT; };
		3AB1FFBD17546F4200B72E93 /* Foundation.framework */ = {isa = PBXFileReference; lastKnownFileType = wrapper.framework; name = Foundation.framework; path = System/Library/Frameworks/Foundation.framework; sourceTree = SDKROOT; };
		3AB1FFBF17546F4200B72E93 /* CoreGraphics.framework */ = {isa = PBXFileReference; lastKnownFileType = wrapper.framework; name = CoreGraphics.framework; path = System/Library/Frameworks/CoreGraphics.framework; sourceTree = SDKROOT; };
		3AB1FFC317546F4200B72E93 /* DoodleTee-Info.plist */ = {isa = PBXFileReference; lastKnownFileType = text.plist.xml; path = "DoodleTee-Info.plist"; sourceTree = "<group>"; };
		3AB1FFC517546F4200B72E93 /* en */ = {isa = PBXFileReference; lastKnownFileType = text.plist.strings; name = en; path = en.lproj/InfoPlist.strings; sourceTree = "<group>"; };
		3AB1FFC717546F4200B72E93 /* main.m */ = {isa = PBXFileReference; lastKnownFileType = sourcecode.c.objc; path = main.m; sourceTree = "<group>"; };
		3AB1FFC917546F4200B72E93 /* DoodleTee-Prefix.pch */ = {isa = PBXFileReference; lastKnownFileType = sourcecode.c.h; path = "DoodleTee-Prefix.pch"; sourceTree = "<group>"; };
		3AD5A5E717896A1600CEF762 /* XDAccountInfoCell.h */ = {isa = PBXFileReference; fileEncoding = 4; lastKnownFileType = sourcecode.c.h; path = XDAccountInfoCell.h; sourceTree = "<group>"; };
		3AD5A5E817896A1600CEF762 /* XDAccountInfoCell.m */ = {isa = PBXFileReference; fileEncoding = 4; lastKnownFileType = sourcecode.c.objc; path = XDAccountInfoCell.m; sourceTree = "<group>"; };
		3AD5A5E917896A1600CEF762 /* XDAccountInfoViewController.h */ = {isa = PBXFileReference; fileEncoding = 4; lastKnownFileType = sourcecode.c.h; path = XDAccountInfoViewController.h; sourceTree = "<group>"; };
		3AD5A5EA17896A1600CEF762 /* XDAccountInfoViewController.m */ = {isa = PBXFileReference; fileEncoding = 4; lastKnownFileType = sourcecode.c.objc; path = XDAccountInfoViewController.m; sourceTree = "<group>"; };
		3AD5A5EB17896A1600CEF762 /* XDAccountViewController.h */ = {isa = PBXFileReference; fileEncoding = 4; lastKnownFileType = sourcecode.c.h; path = XDAccountViewController.h; sourceTree = "<group>"; };
		3AD5A5EC17896A1600CEF762 /* XDAccountViewController.m */ = {isa = PBXFileReference; fileEncoding = 4; lastKnownFileType = sourcecode.c.objc; path = XDAccountViewController.m; sourceTree = "<group>"; };
		3AD5A5ED17896A1600CEF762 /* XDAccountViewController.xib */ = {isa = PBXFileReference; fileEncoding = 4; lastKnownFileType = file.xib; path = XDAccountViewController.xib; sourceTree = "<group>"; };
		3AD5A5F017896A1600CEF762 /* AKSegmentedControl.h */ = {isa = PBXFileReference; fileEncoding = 4; lastKnownFileType = sourcecode.c.h; path = AKSegmentedControl.h; sourceTree = "<group>"; };
		3AD5A5F117896A1600CEF762 /* AKSegmentedControl.m */ = {isa = PBXFileReference; fileEncoding = 4; lastKnownFileType = sourcecode.c.objc; path = AKSegmentedControl.m; sourceTree = "<group>"; };
		3AD5A5F317896A1600CEF762 /* XDAttributeCell.h */ = {isa = PBXFileReference; fileEncoding = 4; lastKnownFileType = sourcecode.c.h; path = XDAttributeCell.h; sourceTree = "<group>"; };
		3AD5A5F417896A1600CEF762 /* XDAttributeCell.m */ = {isa = PBXFileReference; fileEncoding = 4; lastKnownFileType = sourcecode.c.objc; path = XDAttributeCell.m; sourceTree = "<group>"; };
		3AD5A5F517896A1600CEF762 /* XDCustomMadeViewController.h */ = {isa = PBXFileReference; fileEncoding = 4; lastKnownFileType = sourcecode.c.h; path = XDCustomMadeViewController.h; sourceTree = "<group>"; };
		3AD5A5F617896A1600CEF762 /* XDCustomMadeViewController.m */ = {isa = PBXFileReference; fileEncoding = 4; lastKnownFileType = sourcecode.c.objc; path = XDCustomMadeViewController.m; sourceTree = "<group>"; };
		3AD5A5F717896A1600CEF762 /* XDPayMoneyViewController.h */ = {isa = PBXFileReference; fileEncoding = 4; lastKnownFileType = sourcecode.c.h; path = XDPayMoneyViewController.h; sourceTree = "<group>"; };
		3AD5A5F817896A1600CEF762 /* XDPayMoneyViewController.m */ = {isa = PBXFileReference; fileEncoding = 4; lastKnownFileType = sourcecode.c.objc; path = XDPayMoneyViewController.m; sourceTree = "<group>"; };
		3AD5A5F917896A1600CEF762 /* XDPayMoneyViewController.xib */ = {isa = PBXFileReference; fileEncoding = 4; lastKnownFileType = file.xib; path = XDPayMoneyViewController.xib; sourceTree = "<group>"; };
		3AD5A5FD17896A1600CEF762 /* ColorMatrix.h */ = {isa = PBXFileReference; fileEncoding = 4; lastKnownFileType = sourcecode.c.h; path = ColorMatrix.h; sourceTree = "<group>"; };
		3AD5A5FE17896A1600CEF762 /* ImageUtil.h */ = {isa = PBXFileReference; fileEncoding = 4; lastKnownFileType = sourcecode.c.h; path = ImageUtil.h; sourceTree = "<group>"; };
		3AD5A5FF17896A1600CEF762 /* ImageUtil.m */ = {isa = PBXFileReference; fileEncoding = 4; lastKnownFileType = sourcecode.c.objc; path = ImageUtil.m; sourceTree = "<group>"; };
		3AD5A60017896A1600CEF762 /* UIColor_Random.h */ = {isa = PBXFileReference; fileEncoding = 4; lastKnownFileType = sourcecode.c.h; path = UIColor_Random.h; sourceTree = "<group>"; };
		3AD5A60117896A1600CEF762 /* UIColor_Random.m */ = {isa = PBXFileReference; fileEncoding = 4; lastKnownFileType = sourcecode.c.objc; path = UIColor_Random.m; sourceTree = "<group>"; };
		3AD5A60217896A1600CEF762 /* XDDrawPicker.h */ = {isa = PBXFileReference; fileEncoding = 4; lastKnownFileType = sourcecode.c.h; path = XDDrawPicker.h; sourceTree = "<group>"; };
		3AD5A60317896A1600CEF762 /* XDDrawPicker.m */ = {isa = PBXFileReference; fileEncoding = 4; lastKnownFileType = sourcecode.c.objc; path = XDDrawPicker.m; sourceTree = "<group>"; };
		3AD5A60417896A1600CEF762 /* XDDrawView.h */ = {isa = PBXFileReference; fileEncoding = 4; lastKnownFileType = sourcecode.c.h; path = XDDrawView.h; sourceTree = "<group>"; };
		3AD5A60517896A1600CEF762 /* XDDrawView.m */ = {isa = PBXFileReference; fileEncoding = 4; lastKnownFileType = sourcecode.c.objc; path = XDDrawView.m; sourceTree = "<group>"; };
		3AD5A60617896A1600CEF762 /* XDImagePicker.h */ = {isa = PBXFileReference; fileEncoding = 4; lastKnownFileType = sourcecode.c.h; path = XDImagePicker.h; sourceTree = "<group>"; };
		3AD5A60717896A1600CEF762 /* XDImagePicker.m */ = {isa = PBXFileReference; fileEncoding = 4; lastKnownFileType = sourcecode.c.objc; path = XDImagePicker.m; sourceTree = "<group>"; };
		3AD5A60817896A1600CEF762 /* XDTextPicker.h */ = {isa = PBXFileReference; fileEncoding = 4; lastKnownFileType = sourcecode.c.h; path = XDTextPicker.h; sourceTree = "<group>"; };
		3AD5A60917896A1600CEF762 /* XDTextPicker.m */ = {isa = PBXFileReference; fileEncoding = 4; lastKnownFileType = sourcecode.c.objc; path = XDTextPicker.m; sourceTree = "<group>"; };
		3AD5A60A17896A1600CEF762 /* XDEffectViewController.h */ = {isa = PBXFileReference; fileEncoding = 4; lastKnownFileType = sourcecode.c.h; path = XDEffectViewController.h; sourceTree = "<group>"; };
		3AD5A60B17896A1600CEF762 /* XDEffectViewController.m */ = {isa = PBXFileReference; fileEncoding = 4; lastKnownFileType = sourcecode.c.objc; path = XDEffectViewController.m; sourceTree = "<group>"; };
		3AD5A60C17896A1600CEF762 /* LocalDefault.h */ = {isa = PBXFileReference; fileEncoding = 4; lastKnownFileType = sourcecode.c.h; path = LocalDefault.h; sourceTree = "<group>"; };
		3AD5A60E17896A1600CEF762 /* XDSettingViewController.h */ = {isa = PBXFileReference; fileEncoding = 4; lastKnownFileType = sourcecode.c.h; path = XDSettingViewController.h; sourceTree = "<group>"; };
		3AD5A60F17896A1600CEF762 /* XDSettingViewController.m */ = {isa = PBXFileReference; fileEncoding = 4; lastKnownFileType = sourcecode.c.objc; path = XDSettingViewController.m; sourceTree = "<group>"; };
		3AD5A61017896A1600CEF762 /* XDSettingViewController.xib */ = {isa = PBXFileReference; fileEncoding = 4; lastKnownFileType = file.xib; path = XDSettingViewController.xib; sourceTree = "<group>"; };
		3AD5A61217896A1600CEF762 /* share.plist */ = {isa = PBXFileReference; fileEncoding = 4; lastKnownFileType = text.plist.xml; path = share.plist; sourceTree = "<group>"; };
		3AD5A61517896A1600CEF762 /* MailConnection.framework */ = {isa = PBXFileReference; lastKnownFileType = wrapper.framework; path = MailConnection.framework; sourceTree = "<group>"; };
		3AD5A61617896A1600CEF762 /* QZoneConnection.framework */ = {isa = PBXFileReference; lastKnownFileType = wrapper.framework; path = QZoneConnection.framework; sourceTree = "<group>"; };
		3AD5A61717896A1600CEF762 /* RenRenConnection.framework */ = {isa = PBXFileReference; lastKnownFileType = wrapper.framework; path = RenRenConnection.framework; sourceTree = "<group>"; };
		3AD5A61817896A1600CEF762 /* SinaWeiboConnection.framework */ = {isa = PBXFileReference; lastKnownFileType = wrapper.framework; path = SinaWeiboConnection.framework; sourceTree = "<group>"; };
		3AD5A61917896A1600CEF762 /* TencentWeiboConnection.framework */ = {isa = PBXFileReference; lastKnownFileType = wrapper.framework; path = TencentWeiboConnection.framework; sourceTree = "<group>"; };
		3AD5A61B17896A1600CEF762 /* AGCommon.framework */ = {isa = PBXFileReference; lastKnownFileType = wrapper.framework; path = AGCommon.framework; sourceTree = "<group>"; };
		3AD5A61D17896A1600CEF762 /* en */ = {isa = PBXFileReference; lastKnownFileType = text.plist.strings; name = en; path = en.lproj/ShareSDKLocalizable.strings; sourceTree = "<group>"; };
		3AD5A61E17896A1600CEF762 /* Resource.bundle */ = {isa = PBXFileReference; lastKnownFileType = "wrapper.plug-in"; path = Resource.bundle; sourceTree = "<group>"; };
		3AD5A61F17896A1600CEF762 /* ShareSDKCoreService.framework */ = {isa = PBXFileReference; lastKnownFileType = wrapper.framework; path = ShareSDKCoreService.framework; sourceTree = "<group>"; };
		3AD5A62217896A1600CEF762 /* libWeChatSDK_armv7_armv7s.a */ = {isa = PBXFileReference; lastKnownFileType = archive.ar; path = libWeChatSDK_armv7_armv7s.a; sourceTree = "<group>"; };
		3AD5A62317896A1600CEF762 /* WXApi.h */ = {isa = PBXFileReference; fileEncoding = 4; lastKnownFileType = sourcecode.c.h; path = WXApi.h; sourceTree = "<group>"; };
		3AD5A62417896A1600CEF762 /* WXApiObject.h */ = {isa = PBXFileReference; fileEncoding = 4; lastKnownFileType = sourcecode.c.h; path = WXApiObject.h; sourceTree = "<group>"; };
		3AD5A62517896A1600CEF762 /* TencentOpenAPI.framework */ = {isa = PBXFileReference; lastKnownFileType = wrapper.framework; path = TencentOpenAPI.framework; sourceTree = "<group>"; };
		3AD5A62617896A1600CEF762 /* TencentOpenApi_IOS_Bundle.bundle */ = {isa = PBXFileReference; lastKnownFileType = "wrapper.plug-in"; path = TencentOpenApi_IOS_Bundle.bundle; sourceTree = "<group>"; };
		3AD5A62817896A1600CEF762 /* libWeiboSDK.a */ = {isa = PBXFileReference; lastKnownFileType = archive.ar; path = libWeiboSDK.a; sourceTree = "<group>"; };
		3AD5A62917896A1600CEF762 /* WBApi.h */ = {isa = PBXFileReference; fileEncoding = 4; lastKnownFileType = sourcecode.c.h; path = WBApi.h; sourceTree = "<group>"; };
		3AD5A62A17896A1600CEF762 /* WBApiObject.h */ = {isa = PBXFileReference; fileEncoding = 4; lastKnownFileType = sourcecode.c.h; path = WBApiObject.h; sourceTree = "<group>"; };
		3AD5A62B17896A1600CEF762 /* ShareSDK.framework */ = {isa = PBXFileReference; lastKnownFileType = wrapper.framework; path = ShareSDK.framework; sourceTree = "<group>"; };
		3AD5A62D17896A1600CEF762 /* ShareSDKiPhoneAppRecommendShareViewUI.framework */ = {isa = PBXFileReference; lastKnownFileType = wrapper.framework; path = ShareSDKiPhoneAppRecommendShareViewUI.framework; sourceTree = "<group>"; };
		3AD5A62E17896A1600CEF762 /* ShareSDKiPhoneDefaultShareViewUI.bundle */ = {isa = PBXFileReference; lastKnownFileType = "wrapper.plug-in"; path = ShareSDKiPhoneDefaultShareViewUI.bundle; sourceTree = "<group>"; };
		3AD5A62F17896A1600CEF762 /* ShareSDKiPhoneDefaultShareViewUI.framework */ = {isa = PBXFileReference; lastKnownFileType = wrapper.framework; path = ShareSDKiPhoneDefaultShareViewUI.framework; sourceTree = "<group>"; };
		3AD5A63017896A1600CEF762 /* ShareSDKiPhoneSimpleShareViewUI.bundle */ = {isa = PBXFileReference; lastKnownFileType = "wrapper.plug-in"; path = ShareSDKiPhoneSimpleShareViewUI.bundle; sourceTree = "<group>"; };
		3AD5A63117896A1600CEF762 /* ShareSDKiPhoneSimpleShareViewUI.framework */ = {isa = PBXFileReference; lastKnownFileType = wrapper.framework; path = ShareSDKiPhoneSimpleShareViewUI.framework; sourceTree = "<group>"; };
		3AD5A63217896A1600CEF762 /* XDShareViewController.h */ = {isa = PBXFileReference; fileEncoding = 4; lastKnownFileType = sourcecode.c.h; path = XDShareViewController.h; sourceTree = "<group>"; };
		3AD5A63317896A1600CEF762 /* XDShareViewController.m */ = {isa = PBXFileReference; fileEncoding = 4; lastKnownFileType = sourcecode.c.objc; path = XDShareViewController.m; sourceTree = "<group>"; };
		3AD5A63417896A1600CEF762 /* XDShareViewController.xib */ = {isa = PBXFileReference; fileEncoding = 4; lastKnownFileType = file.xib; path = XDShareViewController.xib; sourceTree = "<group>"; };
		3AD5A63517896A1600CEF762 /* XDAppDelegate.h */ = {isa = PBXFileReference; fileEncoding = 4; lastKnownFileType = sourcecode.c.h; path = XDAppDelegate.h; sourceTree = "<group>"; };
		3AD5A63617896A1600CEF762 /* XDAppDelegate.m */ = {isa = PBXFileReference; fileEncoding = 4; lastKnownFileType = sourcecode.c.objc; path = XDAppDelegate.m; sourceTree = "<group>"; };
		3AD5A63717896A1600CEF762 /* XDFinishShowViewController.h */ = {isa = PBXFileReference; fileEncoding = 4; lastKnownFileType = sourcecode.c.h; path = XDFinishShowViewController.h; sourceTree = "<group>"; };
		3AD5A63817896A1600CEF762 /* XDFinishShowViewController.m */ = {isa = PBXFileReference; fileEncoding = 4; lastKnownFileType = sourcecode.c.objc; path = XDFinishShowViewController.m; sourceTree = "<group>"; };
		3AD5A63917896A1600CEF762 /* XDRootViewController.h */ = {isa = PBXFileReference; fileEncoding = 4; lastKnownFileType = sourcecode.c.h; path = XDRootViewController.h; sourceTree = "<group>"; };
		3AD5A63A17896A1600CEF762 /* XDRootViewController.m */ = {isa = PBXFileReference; fileEncoding = 4; lastKnownFileType = sourcecode.c.objc; path = XDRootViewController.m; sourceTree = "<group>"; };
		3AD5A63B17896A1600CEF762 /* XDShareMethods.h */ = {isa = PBXFileReference; fileEncoding = 4; lastKnownFileType = sourcecode.c.h; path = XDShareMethods.h; sourceTree = "<group>"; };
		3AD5A63C17896A1600CEF762 /* XDShareMethods.m */ = {isa = PBXFileReference; fileEncoding = 4; lastKnownFileType = sourcecode.c.objc; path = XDShareMethods.m; sourceTree = "<group>"; };
		3AE299C51785BE8000CDB041 /* account_userDeaultImage@2x.png */ = {isa = PBXFileReference; lastKnownFileType = image.png; path = "account_userDeaultImage@2x.png"; sourceTree = "<group>"; };
		3AE8AA3017845398005AC6AB /* check@2x.png */ = {isa = PBXFileReference; lastKnownFileType = image.png; path = "check@2x.png"; sourceTree = "<group>"; };
		3AE8AA3117845398005AC6AB /* uncheck@2x.png */ = {isa = PBXFileReference; lastKnownFileType = image.png; path = "uncheck@2x.png"; sourceTree = "<group>"; };
		3AFAD8A7175CDC4D00E7A4DB /* setting_cellSelectBackground@2x.png */ = {isa = PBXFileReference; lastKnownFileType = image.png; path = "setting_cellSelectBackground@2x.png"; sourceTree = "<group>"; };
		3AFAD8A8175CDC4D00E7A4DB /* setting_unchoiceBox@2x.png */ = {isa = PBXFileReference; lastKnownFileType = image.png; path = "setting_unchoiceBox@2x.png"; sourceTree = "<group>"; };
/* End PBXFileReference section */

/* Begin PBXFrameworksBuildPhase section */
		3AB1FFB417546F4200B72E93 /* Frameworks */ = {
			isa = PBXFrameworksBuildPhase;
			buildActionMask = 2147483647;
			files = (
				3A332684178ABE69009D1477 /* CoreMedia.framework in Frameworks */,
				3A332682178ABE55009D1477 /* CoreVideo.framework in Frameworks */,
				3A332680178ABE21009D1477 /* AVFoundation.framework in Frameworks */,
				3A33267E178ABDE1009D1477 /* OpenGLES.framework in Frameworks */,
				3A3F1C421781273E00A64C93 /* CoreTelephony.framework in Frameworks */,
				3A3F1C401781273600A64C93 /* libsqlite3.dylib in Frameworks */,
				3A3F1C3E1781272A00A64C93 /* libstdc++.dylib in Frameworks */,
				3A3F1C3C1781271D00A64C93 /* libz.1.2.5.dylib in Frameworks */,
				3A3F1C3A1781271000A64C93 /* libicucore.dylib in Frameworks */,
				3A3F1C381781270300A64C93 /* MessageUI.framework in Frameworks */,
				3A3F1C36178126F300A64C93 /* SystemConfiguration.framework in Frameworks */,
				3A45727B177AB45400453B7B /* QuartzCore.framework in Frameworks */,
				3AB1FFBC17546F4200B72E93 /* UIKit.framework in Frameworks */,
				3AB1FFBE17546F4200B72E93 /* Foundation.framework in Frameworks */,
				3AB1FFC017546F4200B72E93 /* CoreGraphics.framework in Frameworks */,
				3AD5A65017896A1600CEF762 /* MailConnection.framework in Frameworks */,
				3AD5A65117896A1600CEF762 /* QZoneConnection.framework in Frameworks */,
				3AD5A65217896A1600CEF762 /* RenRenConnection.framework in Frameworks */,
				3AD5A65317896A1600CEF762 /* SinaWeiboConnection.framework in Frameworks */,
				3AD5A65417896A1600CEF762 /* TencentWeiboConnection.framework in Frameworks */,
				3AD5A65517896A1600CEF762 /* AGCommon.framework in Frameworks */,
				3AD5A65817896A1600CEF762 /* ShareSDKCoreService.framework in Frameworks */,
				3AD5A65917896A1600CEF762 /* libWeChatSDK_armv7_armv7s.a in Frameworks */,
				3AD5A65A17896A1600CEF762 /* TencentOpenAPI.framework in Frameworks */,
				3AD5A65C17896A1600CEF762 /* libWeiboSDK.a in Frameworks */,
				3AD5A65D17896A1600CEF762 /* ShareSDK.framework in Frameworks */,
				3AD5A65E17896A1600CEF762 /* ShareSDKiPhoneAppRecommendShareViewUI.framework in Frameworks */,
				3AD5A66017896A1600CEF762 /* ShareSDKiPhoneDefaultShareViewUI.framework in Frameworks */,
				3AD5A66217896A1600CEF762 /* ShareSDKiPhoneSimpleShareViewUI.framework in Frameworks */,
			);
			runOnlyForDeploymentPostprocessing = 0;
		};
/* End PBXFrameworksBuildPhase section */

/* Begin PBXGroup section */
		3A6E1944175B0AE800806F8A /* draw */ = {
			isa = PBXGroup;
			children = (
				3A6E196F175B11CA00806F8A /* stroke_2@2x.png */,
				3A6E1945175B0AE800806F8A /* stroke_0@2x.png */,
				3A6E1946175B0AE800806F8A /* stroke_1@2x.png */,
				3A6E1948175B0AE800806F8A /* stroke_3@2x.png */,
				3A6E1949175B0AE800806F8A /* stroke_4@2x.png */,
			);
			path = draw;
			sourceTree = "<group>";
		};
		3A6E194A175B0AE800806F8A /* pictureProcess */ = {
			isa = PBXGroup;
			children = (
				3A6E194B175B0AE800806F8A /* effect.png */,
				3A6E194C175B0AE800806F8A /* effect_0@2x.png */,
				3A6E194D175B0AE800806F8A /* effect_1@2x.png */,
				3A6E194E175B0AE800806F8A /* effect_2@2x.png */,
				3A6E194F175B0AE800806F8A /* effect_3@2x.png */,
				3A6E1950175B0AE800806F8A /* effect_4@2x.png */,
			);
			path = pictureProcess;
			sourceTree = "<group>";
		};
		3A6E1951175B0AE800806F8A /* text */ = {
			isa = PBXGroup;
			children = (
				3A6E1952175B0AE800806F8A /* font_0.png */,
				3A6E1953175B0AE800806F8A /* font_1.png */,
				3A6E1954175B0AE800806F8A /* font_2.png */,
				3A6E1955175B0AE800806F8A /* font_3.png */,
				3A6E1956175B0AE800806F8A /* font_4.png */,
			);
			path = text;
			sourceTree = "<group>";
		};
		3AB1FFAC17546F4200B72E93 = {
			isa = PBXGroup;
			children = (
				3A332683178ABE69009D1477 /* CoreMedia.framework */,
				3A332681178ABE55009D1477 /* CoreVideo.framework */,
				3A33267F178ABE21009D1477 /* AVFoundation.framework */,
				3A33267D178ABDE1009D1477 /* OpenGLES.framework */,
				3AB1FFC117546F4200B72E93 /* DoodleTee */,
				3AB1FFBA17546F4200B72E93 /* Frameworks */,
				3AB1FFB817546F4200B72E93 /* Products */,
			);
			sourceTree = "<group>";
		};
		3AB1FFB817546F4200B72E93 /* Products */ = {
			isa = PBXGroup;
			children = (
				3AB1FFB717546F4200B72E93 /* DoodleTee.app */,
			);
			name = Products;
			sourceTree = "<group>";
		};
		3AB1FFBA17546F4200B72E93 /* Frameworks */ = {
			isa = PBXGroup;
			children = (
				3A3F1C411781273E00A64C93 /* CoreTelephony.framework */,
				3A3F1C3F1781273600A64C93 /* libsqlite3.dylib */,
				3A3F1C3D1781272A00A64C93 /* libstdc++.dylib */,
				3A3F1C3B1781271D00A64C93 /* libz.1.2.5.dylib */,
				3A3F1C391781271000A64C93 /* libicucore.dylib */,
				3A3F1C371781270300A64C93 /* MessageUI.framework */,
				3A3F1C35178126F300A64C93 /* SystemConfiguration.framework */,
				3A45727A177AB45400453B7B /* QuartzCore.framework */,
				3AB1FFBB17546F4200B72E93 /* UIKit.framework */,
				3AB1FFBD17546F4200B72E93 /* Foundation.framework */,
				3AB1FFBF17546F4200B72E93 /* CoreGraphics.framework */,
			);
			name = Frameworks;
			sourceTree = "<group>";
		};
		3AB1FFC117546F4200B72E93 /* DoodleTee */ = {
			isa = PBXGroup;
			children = (
				3AD5A5E517896A1600CEF762 /* Classes */,
				3AB1FFC217546F4200B72E93 /* Supporting Files */,
			);
			path = DoodleTee;
			sourceTree = "<group>";
		};
		3AB1FFC217546F4200B72E93 /* Supporting Files */ = {
			isa = PBXGroup;
			children = (
				3A29C12A177FE5AC00CD53D7 /* root_bg@2x.png */,
				3A0865BB177BC65B00DC6381 /* LocalDefault.h */,
				3A6E196D175B0D2A00806F8A /* icon57.png */,
				3A6E196B175B0D2700806F8A /* icon114.png */,
				3A19C6BE175A3224001FC0D5 /* Default-568h@2x.png */,
				3A19C6B6175A2D38001FC0D5 /* Default.png */,
				3A19C6B3175A2D34001FC0D5 /* Default@2x.png */,
				3AB1FFFC1754850500B72E93 /* Images */,
				3AB1FFC317546F4200B72E93 /* DoodleTee-Info.plist */,
				3AB1FFC417546F4200B72E93 /* InfoPlist.strings */,
				3AB1FFC717546F4200B72E93 /* main.m */,
				3AB1FFC917546F4200B72E93 /* DoodleTee-Prefix.pch */,
			);
			name = "Supporting Files";
			sourceTree = "<group>";
		};
		3AB1FFFC1754850500B72E93 /* Images */ = {
			isa = PBXGroup;
			children = (
				3AE299C51785BE8000CDB041 /* account_userDeaultImage@2x.png */,
				3AE8AA3017845398005AC6AB /* check@2x.png */,
				3AE8AA3117845398005AC6AB /* uncheck@2x.png */,
				3A0BF980178312EC006BB126 /* share_sina@2x.png */,
				3AFAD8A7175CDC4D00E7A4DB /* setting_cellSelectBackground@2x.png */,
				3AFAD8A8175CDC4D00E7A4DB /* setting_unchoiceBox@2x.png */,
				3A6E1944175B0AE800806F8A /* draw */,
				3A6E194A175B0AE800806F8A /* pictureProcess */,
				3A6E1951175B0AE800806F8A /* text */,
				3A6E193E175B083E00806F8A /* effect_segmented_pressed_center@2x.png */,
				3A6E193F175B083E00806F8A /* effect_segmented_pressed_left@2x.png */,
				3A6E1940175B083E00806F8A /* effect_segmented_pressed_right@2x.png */,
				3A6E1933175B045100806F8A /* effect_camera_icon@2x.png */,
				3A6E1934175B045100806F8A /* effect_draw_icon@2x.png */,
				3A6E1935175B045100806F8A /* effect_text_icon@2x.png */,
				3AB180001759F15900D72F83 /* effect_image_icon@2x.png */,
				3AB180011759F15900D72F83 /* effect_photograph_icon@2x.png */,
				3A19C6D7175A3288001FC0D5 /* root_effect_icon@2x.png */,
				3A19C6D8175A3288001FC0D5 /* root_piazza_icon@2x.png */,
				3A19C6D9175A3288001FC0D5 /* root_share_icon@2x.png */,
				3A19C6C9175A3288001FC0D5 /* segmented_separator@2x.png */,
				3A19C6C5175A3288001FC0D5 /* root_account_icon@2x.png */,
				3A19C6C6175A3288001FC0D5 /* root_shirt_icon@2x.png */,
				3AB10011175496F000B72E93 /* functionBarBg@2x.png */,
				3AB1000F175494B600B72E93 /* bottomBarBg@2x.png */,
				3AB1000D1754941D00B72E93 /* buttonBg@2x.png */,
				3AB1000317548AF600B72E93 /* root_add@2x.png */,
				3AB10001175486AC00B72E93 /* clothe_default@2x.png */,
			);
			path = Images;
			sourceTree = "<group>";
		};
		3AD5A5E517896A1600CEF762 /* Classes */ = {
			isa = PBXGroup;
			children = (
				3AD5A5E617896A1600CEF762 /* Account */,
				3AD5A5EE17896A1600CEF762 /* CustomControl */,
				3AD5A5F217896A1600CEF762 /* CustomMade */,
				3AD5A5FA17896A1600CEF762 /* Effect */,
				3AD5A60C17896A1600CEF762 /* LocalDefault.h */,
				3AD5A60D17896A1600CEF762 /* Setting */,
				3AD5A61117896A1600CEF762 /* Share */,
				3AD5A63517896A1600CEF762 /* XDAppDelegate.h */,
				3AD5A63617896A1600CEF762 /* XDAppDelegate.m */,
				3AD5A63717896A1600CEF762 /* XDFinishShowViewController.h */,
				3AD5A63817896A1600CEF762 /* XDFinishShowViewController.m */,
				3AD5A63917896A1600CEF762 /* XDRootViewController.h */,
				3AD5A63A17896A1600CEF762 /* XDRootViewController.m */,
				3AD5A63B17896A1600CEF762 /* XDShareMethods.h */,
				3AD5A63C17896A1600CEF762 /* XDShareMethods.m */,
			);
			path = Classes;
			sourceTree = "<group>";
		};
		3AD5A5E617896A1600CEF762 /* Account */ = {
			isa = PBXGroup;
			children = (
				3AD5A5E717896A1600CEF762 /* XDAccountInfoCell.h */,
				3AD5A5E817896A1600CEF762 /* XDAccountInfoCell.m */,
				3AD5A5E917896A1600CEF762 /* XDAccountInfoViewController.h */,
				3AD5A5EA17896A1600CEF762 /* XDAccountInfoViewController.m */,
				3AD5A5EB17896A1600CEF762 /* XDAccountViewController.h */,
				3AD5A5EC17896A1600CEF762 /* XDAccountViewController.m */,
				3AD5A5ED17896A1600CEF762 /* XDAccountViewController.xib */,
			);
			path = Account;
			sourceTree = "<group>";
		};
		3AD5A5EE17896A1600CEF762 /* CustomControl */ = {
			isa = PBXGroup;
			children = (
				3AD5A5EF17896A1600CEF762 /* AKSegmentedControl */,
			);
			path = CustomControl;
			sourceTree = "<group>";
		};
		3AD5A5EF17896A1600CEF762 /* AKSegmentedControl */ = {
			isa = PBXGroup;
			children = (
				3AD5A5F017896A1600CEF762 /* AKSegmentedControl.h */,
				3AD5A5F117896A1600CEF762 /* AKSegmentedControl.m */,
			);
			path = AKSegmentedControl;
			sourceTree = "<group>";
		};
		3AD5A5F217896A1600CEF762 /* CustomMade */ = {
			isa = PBXGroup;
			children = (
				3AD5A5F317896A1600CEF762 /* XDAttributeCell.h */,
				3AD5A5F417896A1600CEF762 /* XDAttributeCell.m */,
				3AD5A5F517896A1600CEF762 /* XDCustomMadeViewController.h */,
				3AD5A5F617896A1600CEF762 /* XDCustomMadeViewController.m */,
				3AD5A5F717896A1600CEF762 /* XDPayMoneyViewController.h */,
				3AD5A5F817896A1600CEF762 /* XDPayMoneyViewController.m */,
				3AD5A5F917896A1600CEF762 /* XDPayMoneyViewController.xib */,
			);
			path = CustomMade;
			sourceTree = "<group>";
		};
		3AD5A5FA17896A1600CEF762 /* Effect */ = {
			isa = PBXGroup;
			children = (
				3AD5A5FB17896A1600CEF762 /* EffectPicker */,
				3AD5A60A17896A1600CEF762 /* XDEffectViewController.h */,
				3AD5A60B17896A1600CEF762 /* XDEffectViewController.m */,
			);
			path = Effect;
			sourceTree = "<group>";
		};
		3AD5A5FB17896A1600CEF762 /* EffectPicker */ = {
			isa = PBXGroup;
			children = (
				3AD5A5FC17896A1600CEF762 /* ImageUtil */,
				3AD5A60217896A1600CEF762 /* XDDrawPicker.h */,
				3AD5A60317896A1600CEF762 /* XDDrawPicker.m */,
				3AD5A60417896A1600CEF762 /* XDDrawView.h */,
				3AD5A60517896A1600CEF762 /* XDDrawView.m */,
				3AD5A60617896A1600CEF762 /* XDImagePicker.h */,
				3AD5A60717896A1600CEF762 /* XDImagePicker.m */,
				3AD5A60817896A1600CEF762 /* XDTextPicker.h */,
				3AD5A60917896A1600CEF762 /* XDTextPicker.m */,
			);
			path = EffectPicker;
			sourceTree = "<group>";
		};
		3AD5A5FC17896A1600CEF762 /* ImageUtil */ = {
			isa = PBXGroup;
			children = (
				3AD5A5FD17896A1600CEF762 /* ColorMatrix.h */,
				3AD5A5FE17896A1600CEF762 /* ImageUtil.h */,
				3AD5A5FF17896A1600CEF762 /* ImageUtil.m */,
				3AD5A60017896A1600CEF762 /* UIColor_Random.h */,
				3AD5A60117896A1600CEF762 /* UIColor_Random.m */,
			);
			path = ImageUtil;
			sourceTree = "<group>";
		};
		3AD5A60D17896A1600CEF762 /* Setting */ = {
			isa = PBXGroup;
			children = (
				3AD5A60E17896A1600CEF762 /* XDSettingViewController.h */,
				3AD5A60F17896A1600CEF762 /* XDSettingViewController.m */,
				3AD5A61017896A1600CEF762 /* XDSettingViewController.xib */,
			);
			path = Setting;
			sourceTree = "<group>";
		};
		3AD5A61117896A1600CEF762 /* Share */ = {
			isa = PBXGroup;
			children = (
				3AD5A61217896A1600CEF762 /* share.plist */,
				3AD5A61317896A1600CEF762 /* ShareSDK_v2.2.4 */,
				3AD5A63217896A1600CEF762 /* XDShareViewController.h */,
				3AD5A63317896A1600CEF762 /* XDShareViewController.m */,
				3AD5A63417896A1600CEF762 /* XDShareViewController.xib */,
			);
			path = Share;
			sourceTree = "<group>";
		};
		3AD5A61317896A1600CEF762 /* ShareSDK_v2.2.4 */ = {
			isa = PBXGroup;
			children = (
				3AD5A61417896A1600CEF762 /* Connection */,
				3AD5A61A17896A1600CEF762 /* Core */,
				3AD5A62017896A1600CEF762 /* Extend */,
				3AD5A62B17896A1600CEF762 /* ShareSDK.framework */,
				3AD5A62C17896A1600CEF762 /* UI */,
			);
			path = ShareSDK_v2.2.4;
			sourceTree = "<group>";
		};
		3AD5A61417896A1600CEF762 /* Connection */ = {
			isa = PBXGroup;
			children = (
				3AD5A61517896A1600CEF762 /* MailConnection.framework */,
				3AD5A61617896A1600CEF762 /* QZoneConnection.framework */,
				3AD5A61717896A1600CEF762 /* RenRenConnection.framework */,
				3AD5A61817896A1600CEF762 /* SinaWeiboConnection.framework */,
				3AD5A61917896A1600CEF762 /* TencentWeiboConnection.framework */,
			);
			path = Connection;
			sourceTree = "<group>";
		};
		3AD5A61A17896A1600CEF762 /* Core */ = {
			isa = PBXGroup;
			children = (
				3AD5A61B17896A1600CEF762 /* AGCommon.framework */,
				3AD5A61C17896A1600CEF762 /* ShareSDKLocalizable.strings */,
				3AD5A61E17896A1600CEF762 /* Resource.bundle */,
				3AD5A61F17896A1600CEF762 /* ShareSDKCoreService.framework */,
			);
			path = Core;
			sourceTree = "<group>";
		};
		3AD5A62017896A1600CEF762 /* Extend */ = {
			isa = PBXGroup;
			children = (
				3AD5A62117896A1600CEF762 /* SDKExport */,
				3AD5A62517896A1600CEF762 /* TencentOpenAPI.framework */,
				3AD5A62617896A1600CEF762 /* TencentOpenApi_IOS_Bundle.bundle */,
				3AD5A62717896A1600CEF762 /* TencentWeiboSSO */,
			);
			path = Extend;
			sourceTree = "<group>";
		};
		3AD5A62117896A1600CEF762 /* SDKExport */ = {
			isa = PBXGroup;
			children = (
				3AD5A62217896A1600CEF762 /* libWeChatSDK_armv7_armv7s.a */,
				3AD5A62317896A1600CEF762 /* WXApi.h */,
				3AD5A62417896A1600CEF762 /* WXApiObject.h */,
			);
			path = SDKExport;
			sourceTree = "<group>";
		};
		3AD5A62717896A1600CEF762 /* TencentWeiboSSO */ = {
			isa = PBXGroup;
			children = (
				3AD5A62817896A1600CEF762 /* libWeiboSDK.a */,
				3AD5A62917896A1600CEF762 /* WBApi.h */,
				3AD5A62A17896A1600CEF762 /* WBApiObject.h */,
			);
			path = TencentWeiboSSO;
			sourceTree = "<group>";
		};
		3AD5A62C17896A1600CEF762 /* UI */ = {
			isa = PBXGroup;
			children = (
				3AD5A62D17896A1600CEF762 /* ShareSDKiPhoneAppRecommendShareViewUI.framework */,
				3AD5A62E17896A1600CEF762 /* ShareSDKiPhoneDefaultShareViewUI.bundle */,
				3AD5A62F17896A1600CEF762 /* ShareSDKiPhoneDefaultShareViewUI.framework */,
				3AD5A63017896A1600CEF762 /* ShareSDKiPhoneSimpleShareViewUI.bundle */,
				3AD5A63117896A1600CEF762 /* ShareSDKiPhoneSimpleShareViewUI.framework */,
			);
			path = UI;
			sourceTree = "<group>";
		};
/* End PBXGroup section */

/* Begin PBXNativeTarget section */
		3AB1FFB617546F4200B72E93 /* DoodleTee */ = {
			isa = PBXNativeTarget;
			buildConfigurationList = 3AB1FFDB17546F4200B72E93 /* Build configuration list for PBXNativeTarget "DoodleTee" */;
			buildPhases = (
				3AB1FFB317546F4200B72E93 /* Sources */,
				3AB1FFB417546F4200B72E93 /* Frameworks */,
				3AB1FFB517546F4200B72E93 /* Resources */,
			);
			buildRules = (
			);
			dependencies = (
			);
			name = DoodleTee;
			productName = DoodleTee;
			productReference = 3AB1FFB717546F4200B72E93 /* DoodleTee.app */;
			productType = "com.apple.product-type.application";
		};
/* End PBXNativeTarget section */

/* Begin PBXProject section */
		3AB1FFAE17546F4200B72E93 /* Project object */ = {
			isa = PBXProject;
			attributes = {
				CLASSPREFIX = XD;
				LastUpgradeCheck = 0450;
				ORGANIZATIONNAME = XD;
			};
			buildConfigurationList = 3AB1FFB117546F4200B72E93 /* Build configuration list for PBXProject "DoodleTee" */;
			compatibilityVersion = "Xcode 3.2";
			developmentRegion = English;
			hasScannedForEncodings = 0;
			knownRegions = (
				en,
			);
			mainGroup = 3AB1FFAC17546F4200B72E93;
			productRefGroup = 3AB1FFB817546F4200B72E93 /* Products */;
			projectDirPath = "";
			projectRoot = "";
			targets = (
				3AB1FFB617546F4200B72E93 /* DoodleTee */,
			);
		};
/* End PBXProject section */

/* Begin PBXResourcesBuildPhase section */
		3AB1FFB517546F4200B72E93 /* Resources */ = {
			isa = PBXResourcesBuildPhase;
			buildActionMask = 2147483647;
			files = (
				3AB1FFC617546F4200B72E93 /* InfoPlist.strings in Resources */,
				3AB10002175486AC00B72E93 /* clothe_default@2x.png in Resources */,
				3AB1000417548AF600B72E93 /* root_add@2x.png in Resources */,
				3AB1000E1754941D00B72E93 /* buttonBg@2x.png in Resources */,
				3AB10010175494B600B72E93 /* bottomBarBg@2x.png in Resources */,
				3AB10012175496F000B72E93 /* functionBarBg@2x.png in Resources */,
				3A19C6B4175A2D34001FC0D5 /* Default@2x.png in Resources */,
				3A19C6B7175A2D38001FC0D5 /* Default.png in Resources */,
				3A19C6BF175A3224001FC0D5 /* Default-568h@2x.png in Resources */,
				3A19C6C7175A3288001FC0D5 /* root_account_icon@2x.png in Resources */,
				3A19C6C8175A3288001FC0D5 /* root_shirt_icon@2x.png in Resources */,
				3A19C6D0175A3288001FC0D5 /* segmented_separator@2x.png in Resources */,
				3A19C6DA175A3288001FC0D5 /* root_effect_icon@2x.png in Resources */,
				3A19C6DB175A3288001FC0D5 /* root_piazza_icon@2x.png in Resources */,
				3A19C6DC175A3288001FC0D5 /* root_share_icon@2x.png in Resources */,
				3AB180021759F15900D72F83 /* effect_image_icon@2x.png in Resources */,
				3AB180031759F15900D72F83 /* effect_photograph_icon@2x.png in Resources */,
				3A6E1936175B045100806F8A /* effect_camera_icon@2x.png in Resources */,
				3A6E1937175B045100806F8A /* effect_draw_icon@2x.png in Resources */,
				3A6E1938175B045100806F8A /* effect_text_icon@2x.png in Resources */,
				3A6E1941175B083E00806F8A /* effect_segmented_pressed_center@2x.png in Resources */,
				3A6E1942175B083E00806F8A /* effect_segmented_pressed_left@2x.png in Resources */,
				3A6E1943175B083E00806F8A /* effect_segmented_pressed_right@2x.png in Resources */,
				3A6E1957175B0AE800806F8A /* stroke_0@2x.png in Resources */,
				3A6E1958175B0AE800806F8A /* stroke_1@2x.png in Resources */,
				3A6E195A175B0AE800806F8A /* stroke_3@2x.png in Resources */,
				3A6E195B175B0AE800806F8A /* stroke_4@2x.png in Resources */,
				3A6E195C175B0AE800806F8A /* effect.png in Resources */,
				3A6E195D175B0AE800806F8A /* effect_0@2x.png in Resources */,
				3A6E195E175B0AE800806F8A /* effect_1@2x.png in Resources */,
				3A6E195F175B0AE800806F8A /* effect_2@2x.png in Resources */,
				3A6E1960175B0AE800806F8A /* effect_3@2x.png in Resources */,
				3A6E1961175B0AE800806F8A /* effect_4@2x.png in Resources */,
				3A6E1962175B0AE800806F8A /* font_0.png in Resources */,
				3A6E1963175B0AE800806F8A /* font_1.png in Resources */,
				3A6E1964175B0AE800806F8A /* font_2.png in Resources */,
				3A6E1965175B0AE800806F8A /* font_3.png in Resources */,
				3A6E1966175B0AE800806F8A /* font_4.png in Resources */,
				3A6E196C175B0D2700806F8A /* icon114.png in Resources */,
				3A6E196E175B0D2A00806F8A /* icon57.png in Resources */,
				3A6E1970175B11CA00806F8A /* stroke_2@2x.png in Resources */,
				3AFAD8A9175CDC4D00E7A4DB /* setting_cellSelectBackground@2x.png in Resources */,
				3AFAD8AA175CDC4D00E7A4DB /* setting_unchoiceBox@2x.png in Resources */,
				3A29C12B177FE5AC00CD53D7 /* root_bg@2x.png in Resources */,
				3A0BF981178312EC006BB126 /* share_sina@2x.png in Resources */,
				3AE8AA3217845398005AC6AB /* check@2x.png in Resources */,
				3AE8AA3317845398005AC6AB /* uncheck@2x.png in Resources */,
				3AE299C61785BE8000CDB041 /* account_userDeaultImage@2x.png in Resources */,
				3AD5A64017896A1600CEF762 /* XDAccountViewController.xib in Resources */,
				3AD5A64517896A1600CEF762 /* XDPayMoneyViewController.xib in Resources */,
				3AD5A64E17896A1600CEF762 /* XDSettingViewController.xib in Resources */,
				3AD5A64F17896A1600CEF762 /* share.plist in Resources */,
				3AD5A65617896A1600CEF762 /* ShareSDKLocalizable.strings in Resources */,
				3AD5A65717896A1600CEF762 /* Resource.bundle in Resources */,
				3AD5A65B17896A1600CEF762 /* TencentOpenApi_IOS_Bundle.bundle in Resources */,
				3AD5A65F17896A1600CEF762 /* ShareSDKiPhoneDefaultShareViewUI.bundle in Resources */,
				3AD5A66117896A1600CEF762 /* ShareSDKiPhoneSimpleShareViewUI.bundle in Resources */,
				3AD5A66417896A1600CEF762 /* XDShareViewController.xib in Resources */,
			);
			runOnlyForDeploymentPostprocessing = 0;
		};
/* End PBXResourcesBuildPhase section */

/* Begin PBXSourcesBuildPhase section */
		3AB1FFB317546F4200B72E93 /* Sources */ = {
			isa = PBXSourcesBuildPhase;
			buildActionMask = 2147483647;
			files = (
				3AB1FFC817546F4200B72E93 /* main.m in Sources */,
				3AD5A63D17896A1600CEF762 /* XDAccountInfoCell.m in Sources */,
				3AD5A63E17896A1600CEF762 /* XDAccountInfoViewController.m in Sources */,
				3AD5A63F17896A1600CEF762 /* XDAccountViewController.m in Sources */,
				3AD5A64117896A1600CEF762 /* AKSegmentedControl.m in Sources */,
				3AD5A64217896A1600CEF762 /* XDAttributeCell.m in Sources */,
				3AD5A64317896A1600CEF762 /* XDCustomMadeViewController.m in Sources */,
				3AD5A64417896A1600CEF762 /* XDPayMoneyViewController.m in Sources */,
				3AD5A64617896A1600CEF762 /* ImageUtil.m in Sources */,
				3AD5A64717896A1600CEF762 /* UIColor_Random.m in Sources */,
				3AD5A64817896A1600CEF762 /* XDDrawPicker.m in Sources */,
				3AD5A64917896A1600CEF762 /* XDDrawView.m in Sources */,
				3AD5A64A17896A1600CEF762 /* XDImagePicker.m in Sources */,
				3AD5A64B17896A1600CEF762 /* XDTextPicker.m in Sources */,
				3AD5A64C17896A1600CEF762 /* XDEffectViewController.m in Sources */,
				3AD5A64D17896A1600CEF762 /* XDSettingViewController.m in Sources */,
				3AD5A66317896A1600CEF762 /* XDShareViewController.m in Sources */,
				3AD5A66517896A1600CEF762 /* XDAppDelegate.m in Sources */,
				3AD5A66617896A1600CEF762 /* XDFinishShowViewController.m in Sources */,
				3AD5A66717896A1600CEF762 /* XDRootViewController.m in Sources */,
				3AD5A66817896A1600CEF762 /* XDShareMethods.m in Sources */,
			);
			runOnlyForDeploymentPostprocessing = 0;
		};
/* End PBXSourcesBuildPhase section */

/* Begin PBXVariantGroup section */
		3AB1FFC417546F4200B72E93 /* InfoPlist.strings */ = {
			isa = PBXVariantGroup;
			children = (
				3AB1FFC517546F4200B72E93 /* en */,
			);
			name = InfoPlist.strings;
			sourceTree = "<group>";
		};
		3AD5A61C17896A1600CEF762 /* ShareSDKLocalizable.strings */ = {
			isa = PBXVariantGroup;
			children = (
				3AD5A61D17896A1600CEF762 /* en */,
			);
			name = ShareSDKLocalizable.strings;
			sourceTree = "<group>";
		};
/* End PBXVariantGroup section */

/* Begin XCBuildConfiguration section */
		3AB1FFD917546F4200B72E93 /* Debug */ = {
			isa = XCBuildConfiguration;
			buildSettings = {
				ALWAYS_SEARCH_USER_PATHS = NO;
				CLANG_CXX_LANGUAGE_STANDARD = "gnu++0x";
				CLANG_CXX_LIBRARY = "libc++";
				CLANG_WARN_EMPTY_BODY = YES;
				CLANG_WARN__DUPLICATE_METHOD_MATCH = YES;
				"CODE_SIGN_IDENTITY[sdk=iphoneos*]" = "iPhone Developer";
				COPY_PHASE_STRIP = NO;
				GCC_C_LANGUAGE_STANDARD = gnu99;
				GCC_DYNAMIC_NO_PIC = NO;
				GCC_OPTIMIZATION_LEVEL = 0;
				GCC_PREPROCESSOR_DEFINITIONS = (
					"DEBUG=1",
					"$(inherited)",
				);
				GCC_SYMBOLS_PRIVATE_EXTERN = NO;
				GCC_WARN_ABOUT_RETURN_TYPE = YES;
				GCC_WARN_UNINITIALIZED_AUTOS = YES;
				GCC_WARN_UNUSED_VARIABLE = YES;
				IPHONEOS_DEPLOYMENT_TARGET = 6.0;
				SDKROOT = iphoneos;
			};
			name = Debug;
		};
		3AB1FFDA17546F4200B72E93 /* Release */ = {
			isa = XCBuildConfiguration;
			buildSettings = {
				ALWAYS_SEARCH_USER_PATHS = NO;
				CLANG_CXX_LANGUAGE_STANDARD = "gnu++0x";
				CLANG_CXX_LIBRARY = "libc++";
				CLANG_WARN_EMPTY_BODY = YES;
				CLANG_WARN__DUPLICATE_METHOD_MATCH = YES;
				"CODE_SIGN_IDENTITY[sdk=iphoneos*]" = "iPhone Developer";
				COPY_PHASE_STRIP = YES;
				GCC_C_LANGUAGE_STANDARD = gnu99;
				GCC_WARN_ABOUT_RETURN_TYPE = YES;
				GCC_WARN_UNINITIALIZED_AUTOS = YES;
				GCC_WARN_UNUSED_VARIABLE = YES;
				IPHONEOS_DEPLOYMENT_TARGET = 6.0;
				OTHER_CFLAGS = "-DNS_BLOCK_ASSERTIONS=1";
				SDKROOT = iphoneos;
				VALIDATE_PRODUCT = YES;
			};
			name = Release;
		};
		3AB1FFDC17546F4200B72E93 /* Debug */ = {
			isa = XCBuildConfiguration;
			buildSettings = {
				FRAMEWORK_SEARCH_PATHS = (
					"$(inherited)",
					"\"$(SRCROOT)/DoodleTee/Classes/Share/ShareSDK_v2.2.4/Connection\"",
					"\"$(SRCROOT)/DoodleTee/Classes/Share/ShareSDK_v2.2.4/Core\"",
					"\"$(SRCROOT)/DoodleTee/Classes/Share/ShareSDK_v2.2.4/Extend\"",
					"\"$(SRCROOT)/DoodleTee/Classes/Share/ShareSDK_v2.2.4\"",
					"\"$(SRCROOT)/DoodleTee/Classes/Share/ShareSDK_v2.2.4/UI\"",
				);
				GCC_PRECOMPILE_PREFIX_HEADER = YES;
				GCC_PREFIX_HEADER = "DoodleTee/DoodleTee-Prefix.pch";
				INFOPLIST_FILE = "DoodleTee/DoodleTee-Info.plist";
				LIBRARY_SEARCH_PATHS = (
					"$(inherited)",
					"\"$(SRCROOT)/DoodleTee/Classes/Share/ShareSDK_v2.2.4/Extend/SDKExport\"",
					"\"$(SRCROOT)/DoodleTee/Classes/Share/ShareSDK_v2.2.4/Extend/TencentWeiboSSO\"",
				);
				PRODUCT_NAME = "$(TARGET_NAME)";
				WRAPPER_EXTENSION = app;
			};
			name = Debug;
		};
		3AB1FFDD17546F4200B72E93 /* Release */ = {
			isa = XCBuildConfiguration;
			buildSettings = {
				FRAMEWORK_SEARCH_PATHS = (
					"$(inherited)",
					"\"$(SRCROOT)/DoodleTee/Classes/Share/ShareSDK_v2.2.4/Connection\"",
					"\"$(SRCROOT)/DoodleTee/Classes/Share/ShareSDK_v2.2.4/Core\"",
					"\"$(SRCROOT)/DoodleTee/Classes/Share/ShareSDK_v2.2.4/Extend\"",
					"\"$(SRCROOT)/DoodleTee/Classes/Share/ShareSDK_v2.2.4\"",
					"\"$(SRCROOT)/DoodleTee/Classes/Share/ShareSDK_v2.2.4/UI\"",
				);
				GCC_PRECOMPILE_PREFIX_HEADER = YES;
				GCC_PREFIX_HEADER = "DoodleTee/DoodleTee-Prefix.pch";
				INFOPLIST_FILE = "DoodleTee/DoodleTee-Info.plist";
				LIBRARY_SEARCH_PATHS = (
					"$(inherited)",
					"\"$(SRCROOT)/DoodleTee/Classes/Share/ShareSDK_v2.2.4/Extend/SDKExport\"",
					"\"$(SRCROOT)/DoodleTee/Classes/Share/ShareSDK_v2.2.4/Extend/TencentWeiboSSO\"",
				);
				PRODUCT_NAME = "$(TARGET_NAME)";
				WRAPPER_EXTENSION = app;
			};
			name = Release;
		};
/* End XCBuildConfiguration section */

/* Begin XCConfigurationList section */
		3AB1FFB117546F4200B72E93 /* Build configuration list for PBXProject "DoodleTee" */ = {
			isa = XCConfigurationList;
			buildConfigurations = (
				3AB1FFD917546F4200B72E93 /* Debug */,
				3AB1FFDA17546F4200B72E93 /* Release */,
			);
			defaultConfigurationIsVisible = 0;
			defaultConfigurationName = Release;
		};
		3AB1FFDB17546F4200B72E93 /* Build configuration list for PBXNativeTarget "DoodleTee" */ = {
			isa = XCConfigurationList;
			buildConfigurations = (
				3AB1FFDC17546F4200B72E93 /* Debug */,
				3AB1FFDD17546F4200B72E93 /* Release */,
			);
			defaultConfigurationIsVisible = 0;
			defaultConfigurationName = Release;
		};
/* End XCConfigurationList section */
	};
	rootObject = 3AB1FFAE17546F4200B72E93 /* Project object */;
}
