// !$*UTF8*$!
{
	archiveVersion = 1;
	classes = {
	};
	objectVersion = 46;
	objects = {

/* Begin PBXBuildFile section */
		3A0BF981178312EC006BB126 /* share_sina@2x.png in Resources */ = {isa = PBXBuildFile; fileRef = 3A0BF980178312EC006BB126 /* share_sina@2x.png */; };
		3A19C6B4175A2D34001FC0D5 /* Default@2x.png in Resources */ = {isa = PBXBuildFile; fileRef = 3A19C6B3175A2D34001FC0D5 /* Default@2x.png */; };
		3A19C6B7175A2D38001FC0D5 /* Default.png in Resources */ = {isa = PBXBuildFile; fileRef = 3A19C6B6175A2D38001FC0D5 /* Default.png */; };
		3A19C6BF175A3224001FC0D5 /* Default-568h@2x.png in Resources */ = {isa = PBXBuildFile; fileRef = 3A19C6BE175A3224001FC0D5 /* Default-568h@2x.png */; };
		3A19C6C7175A3288001FC0D5 /* root_account_icon@2x.png in Resources */ = {isa = PBXBuildFile; fileRef = 3A19C6C5175A3288001FC0D5 /* root_account_icon@2x.png */; };
		3A19C6C8175A3288001FC0D5 /* root_shirt_icon@2x.png in Resources */ = {isa = PBXBuildFile; fileRef = 3A19C6C6175A3288001FC0D5 /* root_shirt_icon@2x.png */; };
		3A19C6D0175A3288001FC0D5 /* segmented_separator@2x.png in Resources */ = {isa = PBXBuildFile; fileRef = 3A19C6C9175A3288001FC0D5 /* segmented_separator@2x.png */; };
		3A19C6DA175A3288001FC0D5 /* root_effect_icon@2x.png in Resources */ = {isa = PBXBuildFile; fileRef = 3A19C6D7175A3288001FC0D5 /* root_effect_icon@2x.png */; };
		3A19C6DB175A3288001FC0D5 /* root_piazza_icon@2x.png in Resources */ = {isa = PBXBuildFile; fileRef = 3A19C6D8175A3288001FC0D5 /* root_piazza_icon@2x.png */; };
		3A19C6DC175A3288001FC0D5 /* root_share_icon@2x.png in Resources */ = {isa = PBXBuildFile; fileRef = 3A19C6D9175A3288001FC0D5 /* root_share_icon@2x.png */; };
		3A23A26917A0A8D40098D969 /* SinaWeiboConnection.framework in Frameworks */ = {isa = PBXBuildFile; fileRef = 3A23A25A17A0A8D40098D969 /* SinaWeiboConnection.framework */; };
		3A23A26A17A0A8D40098D969 /* AGCommon.framework in Frameworks */ = {isa = PBXBuildFile; fileRef = 3A23A25C17A0A8D40098D969 /* AGCommon.framework */; };
		3A23A26B17A0A8D40098D969 /* ShareSDKLocalizable.strings in Resources */ = {isa = PBXBuildFile; fileRef = 3A23A25D17A0A8D40098D969 /* ShareSDKLocalizable.strings */; };
		3A23A26C17A0A8D40098D969 /* Resource.bundle in Resources */ = {isa = PBXBuildFile; fileRef = 3A23A25F17A0A8D40098D969 /* Resource.bundle */; };
		3A23A26D17A0A8D40098D969 /* ShareSDKCoreService.framework in Frameworks */ = {isa = PBXBuildFile; fileRef = 3A23A26017A0A8D40098D969 /* ShareSDKCoreService.framework */; };
		3A23A26E17A0A8D40098D969 /* ShareSDK.framework in Frameworks */ = {isa = PBXBuildFile; fileRef = 3A23A26217A0A8D40098D969 /* ShareSDK.framework */; };
		3A23A26F17A0A8D40098D969 /* ShareSDKiPhoneAppRecommendShareViewUI.framework in Frameworks */ = {isa = PBXBuildFile; fileRef = 3A23A26417A0A8D40098D969 /* ShareSDKiPhoneAppRecommendShareViewUI.framework */; };
		3A23A27017A0A8D40098D969 /* ShareSDKiPhoneDefaultShareViewUI.bundle in Resources */ = {isa = PBXBuildFile; fileRef = 3A23A26517A0A8D40098D969 /* ShareSDKiPhoneDefaultShareViewUI.bundle */; };
		3A23A27117A0A8D40098D969 /* ShareSDKiPhoneDefaultShareViewUI.framework in Frameworks */ = {isa = PBXBuildFile; fileRef = 3A23A26617A0A8D40098D969 /* ShareSDKiPhoneDefaultShareViewUI.framework */; };
		3A23A27217A0A8D40098D969 /* ShareSDKiPhoneSimpleShareViewUI.bundle in Resources */ = {isa = PBXBuildFile; fileRef = 3A23A26717A0A8D40098D969 /* ShareSDKiPhoneSimpleShareViewUI.bundle */; };
		3A23A27317A0A8D40098D969 /* ShareSDKiPhoneSimpleShareViewUI.framework in Frameworks */ = {isa = PBXBuildFile; fileRef = 3A23A26817A0A8D40098D969 /* ShareSDKiPhoneSimpleShareViewUI.framework */; };
		3A23A27817A0AA220098D969 /* CoreVideo.framework in Frameworks */ = {isa = PBXBuildFile; fileRef = 3A23A27617A0AA220098D969 /* CoreVideo.framework */; };
		3A23A27A17A0AA2B0098D969 /* OpenGLES.framework in Frameworks */ = {isa = PBXBuildFile; fileRef = 3A23A27917A0AA2B0098D969 /* OpenGLES.framework */; };
		3A23A27C17A0AA590098D969 /* AVFoundation.framework in Frameworks */ = {isa = PBXBuildFile; fileRef = 3A23A27B17A0AA590098D969 /* AVFoundation.framework */; };
		3A23A27E17A0AA5F0098D969 /* AssetsLibrary.framework in Frameworks */ = {isa = PBXBuildFile; fileRef = 3A23A27D17A0AA5F0098D969 /* AssetsLibrary.framework */; };
		3A23A28017A0AA8E0098D969 /* libc++abi.dylib in Frameworks */ = {isa = PBXBuildFile; fileRef = 3A23A27F17A0AA8E0098D969 /* libc++abi.dylib */; };
		3A23A28B17A0ACB10098D969 /* libGPUImage.a in Frameworks */ = {isa = PBXBuildFile; fileRef = 3A23A28817A0AC8E0098D969 /* libGPUImage.a */; };
		3A23A28D17A0ACCC0098D969 /* CoreMedia.framework in Frameworks */ = {isa = PBXBuildFile; fileRef = 3A23A28C17A0ACCC0098D969 /* CoreMedia.framework */; };
		3A29C12B177FE5AC00CD53D7 /* root_bg@2x.png in Resources */ = {isa = PBXBuildFile; fileRef = 3A29C12A177FE5AC00CD53D7 /* root_bg@2x.png */; };
		3A3F1C36178126F300A64C93 /* SystemConfiguration.framework in Frameworks */ = {isa = PBXBuildFile; fileRef = 3A3F1C35178126F300A64C93 /* SystemConfiguration.framework */; };
		3A3F1C3A1781271000A64C93 /* libicucore.dylib in Frameworks */ = {isa = PBXBuildFile; fileRef = 3A3F1C391781271000A64C93 /* libicucore.dylib */; };
		3A3F1C3C1781271D00A64C93 /* libz.1.2.5.dylib in Frameworks */ = {isa = PBXBuildFile; fileRef = 3A3F1C3B1781271D00A64C93 /* libz.1.2.5.dylib */; };
		3A45727B177AB45400453B7B /* QuartzCore.framework in Frameworks */ = {isa = PBXBuildFile; fileRef = 3A45727A177AB45400453B7B /* QuartzCore.framework */; };
		3A6E1936175B045100806F8A /* effect_camera_icon@2x.png in Resources */ = {isa = PBXBuildFile; fileRef = 3A6E1933175B045100806F8A /* effect_camera_icon@2x.png */; };
		3A6E1937175B045100806F8A /* effect_draw_icon@2x.png in Resources */ = {isa = PBXBuildFile; fileRef = 3A6E1934175B045100806F8A /* effect_draw_icon@2x.png */; };
		3A6E1938175B045100806F8A /* effect_text_icon@2x.png in Resources */ = {isa = PBXBuildFile; fileRef = 3A6E1935175B045100806F8A /* effect_text_icon@2x.png */; };
		3A6E1941175B083E00806F8A /* effect_segmented_pressed_center@2x.png in Resources */ = {isa = PBXBuildFile; fileRef = 3A6E193E175B083E00806F8A /* effect_segmented_pressed_center@2x.png */; };
		3A6E1942175B083E00806F8A /* effect_segmented_pressed_left@2x.png in Resources */ = {isa = PBXBuildFile; fileRef = 3A6E193F175B083E00806F8A /* effect_segmented_pressed_left@2x.png */; };
		3A6E1943175B083E00806F8A /* effect_segmented_pressed_right@2x.png in Resources */ = {isa = PBXBuildFile; fileRef = 3A6E1940175B083E00806F8A /* effect_segmented_pressed_right@2x.png */; };
		3A6E1957175B0AE800806F8A /* stroke_0@2x.png in Resources */ = {isa = PBXBuildFile; fileRef = 3A6E1945175B0AE800806F8A /* stroke_0@2x.png */; };
		3A6E1958175B0AE800806F8A /* stroke_1@2x.png in Resources */ = {isa = PBXBuildFile; fileRef = 3A6E1946175B0AE800806F8A /* stroke_1@2x.png */; };
		3A6E195A175B0AE800806F8A /* stroke_3@2x.png in Resources */ = {isa = PBXBuildFile; fileRef = 3A6E1948175B0AE800806F8A /* stroke_3@2x.png */; };
		3A6E195B175B0AE800806F8A /* stroke_4@2x.png in Resources */ = {isa = PBXBuildFile; fileRef = 3A6E1949175B0AE800806F8A /* stroke_4@2x.png */; };
		3A6E195C175B0AE800806F8A /* effect.png in Resources */ = {isa = PBXBuildFile; fileRef = 3A6E194B175B0AE800806F8A /* effect.png */; };
		3A6E195D175B0AE800806F8A /* effect_0@2x.png in Resources */ = {isa = PBXBuildFile; fileRef = 3A6E194C175B0AE800806F8A /* effect_0@2x.png */; };
		3A6E195E175B0AE800806F8A /* effect_1@2x.png in Resources */ = {isa = PBXBuildFile; fileRef = 3A6E194D175B0AE800806F8A /* effect_1@2x.png */; };
		3A6E195F175B0AE800806F8A /* effect_2@2x.png in Resources */ = {isa = PBXBuildFile; fileRef = 3A6E194E175B0AE800806F8A /* effect_2@2x.png */; };
		3A6E1960175B0AE800806F8A /* effect_3@2x.png in Resources */ = {isa = PBXBuildFile; fileRef = 3A6E194F175B0AE800806F8A /* effect_3@2x.png */; };
		3A6E1961175B0AE800806F8A /* effect_4@2x.png in Resources */ = {isa = PBXBuildFile; fileRef = 3A6E1950175B0AE800806F8A /* effect_4@2x.png */; };
		3A6E1962175B0AE800806F8A /* font_0.png in Resources */ = {isa = PBXBuildFile; fileRef = 3A6E1952175B0AE800806F8A /* font_0.png */; };
		3A6E1963175B0AE800806F8A /* font_1.png in Resources */ = {isa = PBXBuildFile; fileRef = 3A6E1953175B0AE800806F8A /* font_1.png */; };
		3A6E1964175B0AE800806F8A /* font_2.png in Resources */ = {isa = PBXBuildFile; fileRef = 3A6E1954175B0AE800806F8A /* font_2.png */; };
		3A6E1965175B0AE800806F8A /* font_3.png in Resources */ = {isa = PBXBuildFile; fileRef = 3A6E1955175B0AE800806F8A /* font_3.png */; };
		3A6E1966175B0AE800806F8A /* font_4.png in Resources */ = {isa = PBXBuildFile; fileRef = 3A6E1956175B0AE800806F8A /* font_4.png */; };
		3A6E196C175B0D2700806F8A /* icon114.png in Resources */ = {isa = PBXBuildFile; fileRef = 3A6E196B175B0D2700806F8A /* icon114.png */; };
		3A6E196E175B0D2A00806F8A /* icon57.png in Resources */ = {isa = PBXBuildFile; fileRef = 3A6E196D175B0D2A00806F8A /* icon57.png */; };
		3A6E1970175B11CA00806F8A /* stroke_2@2x.png in Resources */ = {isa = PBXBuildFile; fileRef = 3A6E196F175B11CA00806F8A /* stroke_2@2x.png */; };
		3A6FD7C017A1495D00EDD52D /* 02.acv in Resources */ = {isa = PBXBuildFile; fileRef = 3A6FD7B917A1495D00EDD52D /* 02.acv */; };
		3A6FD7C117A1495D00EDD52D /* 06.acv in Resources */ = {isa = PBXBuildFile; fileRef = 3A6FD7BA17A1495D00EDD52D /* 06.acv */; };
		3A6FD7C217A1495D00EDD52D /* 17.acv in Resources */ = {isa = PBXBuildFile; fileRef = 3A6FD7BB17A1495D00EDD52D /* 17.acv */; };
		3A6FD7C317A1495D00EDD52D /* aqua.acv in Resources */ = {isa = PBXBuildFile; fileRef = 3A6FD7BC17A1495D00EDD52D /* aqua.acv */; };
		3A6FD7C417A1495D00EDD52D /* crossprocess.acv in Resources */ = {isa = PBXBuildFile; fileRef = 3A6FD7BD17A1495D00EDD52D /* crossprocess.acv */; };
		3A6FD7C517A1495D00EDD52D /* purple-green.acv in Resources */ = {isa = PBXBuildFile; fileRef = 3A6FD7BE17A1495D00EDD52D /* purple-green.acv */; };
		3A6FD7C617A1495D00EDD52D /* yellow-red.acv in Resources */ = {isa = PBXBuildFile; fileRef = 3A6FD7BF17A1495D00EDD52D /* yellow-red.acv */; };
		3AB10002175486AC00B72E93 /* clothe_default@2x.png in Resources */ = {isa = PBXBuildFile; fileRef = 3AB10001175486AC00B72E93 /* clothe_default@2x.png */; };
		3AB1000417548AF600B72E93 /* root_add@2x.png in Resources */ = {isa = PBXBuildFile; fileRef = 3AB1000317548AF600B72E93 /* root_add@2x.png */; };
		3AB1000E1754941D00B72E93 /* buttonBg@2x.png in Resources */ = {isa = PBXBuildFile; fileRef = 3AB1000D1754941D00B72E93 /* buttonBg@2x.png */; };
		3AB10010175494B600B72E93 /* bottomBarBg@2x.png in Resources */ = {isa = PBXBuildFile; fileRef = 3AB1000F175494B600B72E93 /* bottomBarBg@2x.png */; };
		3AB10012175496F000B72E93 /* functionBarBg@2x.png in Resources */ = {isa = PBXBuildFile; fileRef = 3AB10011175496F000B72E93 /* functionBarBg@2x.png */; };
		3AB180021759F15900D72F83 /* effect_image_icon@2x.png in Resources */ = {isa = PBXBuildFile; fileRef = 3AB180001759F15900D72F83 /* effect_image_icon@2x.png */; };
		3AB180031759F15900D72F83 /* effect_photograph_icon@2x.png in Resources */ = {isa = PBXBuildFile; fileRef = 3AB180011759F15900D72F83 /* effect_photograph_icon@2x.png */; };
		3AB1FFBC17546F4200B72E93 /* UIKit.framework in Frameworks */ = {isa = PBXBuildFile; fileRef = 3AB1FFBB17546F4200B72E93 /* UIKit.framework */; };
		3AB1FFBE17546F4200B72E93 /* Foundation.framework in Frameworks */ = {isa = PBXBuildFile; fileRef = 3AB1FFBD17546F4200B72E93 /* Foundation.framework */; };
		3AB1FFC017546F4200B72E93 /* CoreGraphics.framework in Frameworks */ = {isa = PBXBuildFile; fileRef = 3AB1FFBF17546F4200B72E93 /* CoreGraphics.framework */; };
		3AB1FFC617546F4200B72E93 /* InfoPlist.strings in Resources */ = {isa = PBXBuildFile; fileRef = 3AB1FFC417546F4200B72E93 /* InfoPlist.strings */; };
		3AB1FFC817546F4200B72E93 /* main.m in Sources */ = {isa = PBXBuildFile; fileRef = 3AB1FFC717546F4200B72E93 /* main.m */; };
		3AD5A63D17896A1600CEF762 /* XDAccountInfoCell.m in Sources */ = {isa = PBXBuildFile; fileRef = 3AD5A5E817896A1600CEF762 /* XDAccountInfoCell.m */; };
		3AD5A63E17896A1600CEF762 /* XDAccountInfoViewController.m in Sources */ = {isa = PBXBuildFile; fileRef = 3AD5A5EA17896A1600CEF762 /* XDAccountInfoViewController.m */; };
		3AD5A63F17896A1600CEF762 /* XDAccountViewController.m in Sources */ = {isa = PBXBuildFile; fileRef = 3AD5A5EC17896A1600CEF762 /* XDAccountViewController.m */; };
		3AD5A64017896A1600CEF762 /* XDAccountViewController.xib in Resources */ = {isa = PBXBuildFile; fileRef = 3AD5A5ED17896A1600CEF762 /* XDAccountViewController.xib */; };
		3AD5A64117896A1600CEF762 /* AKSegmentedControl.m in Sources */ = {isa = PBXBuildFile; fileRef = 3AD5A5F117896A1600CEF762 /* AKSegmentedControl.m */; settings = {COMPILER_FLAGS = "-fobjc-arc"; }; };
		3AD5A64217896A1600CEF762 /* XDAttributeCell.m in Sources */ = {isa = PBXBuildFile; fileRef = 3AD5A5F417896A1600CEF762 /* XDAttributeCell.m */; };
		3AD5A64317896A1600CEF762 /* XDCustomMadeViewController.m in Sources */ = {isa = PBXBuildFile; fileRef = 3AD5A5F617896A1600CEF762 /* XDCustomMadeViewController.m */; };
		3AD5A64417896A1600CEF762 /* XDPayMoneyViewController.m in Sources */ = {isa = PBXBuildFile; fileRef = 3AD5A5F817896A1600CEF762 /* XDPayMoneyViewController.m */; };
		3AD5A64517896A1600CEF762 /* XDPayMoneyViewController.xib in Resources */ = {isa = PBXBuildFile; fileRef = 3AD5A5F917896A1600CEF762 /* XDPayMoneyViewController.xib */; };
		3AD5A64617896A1600CEF762 /* ImageUtil.m in Sources */ = {isa = PBXBuildFile; fileRef = 3AD5A5FF17896A1600CEF762 /* ImageUtil.m */; };
		3AD5A64717896A1600CEF762 /* UIColor_Random.m in Sources */ = {isa = PBXBuildFile; fileRef = 3AD5A60117896A1600CEF762 /* UIColor_Random.m */; };
		3AD5A64817896A1600CEF762 /* XDDrawPicker.m in Sources */ = {isa = PBXBuildFile; fileRef = 3AD5A60317896A1600CEF762 /* XDDrawPicker.m */; };
		3AD5A64917896A1600CEF762 /* XDDrawView.m in Sources */ = {isa = PBXBuildFile; fileRef = 3AD5A60517896A1600CEF762 /* XDDrawView.m */; };
		3AD5A64A17896A1600CEF762 /* XDImagePicker.m in Sources */ = {isa = PBXBuildFile; fileRef = 3AD5A60717896A1600CEF762 /* XDImagePicker.m */; };
		3AD5A64B17896A1600CEF762 /* XDTextPicker.m in Sources */ = {isa = PBXBuildFile; fileRef = 3AD5A60917896A1600CEF762 /* XDTextPicker.m */; };
		3AD5A64C17896A1600CEF762 /* XDEffectViewController.m in Sources */ = {isa = PBXBuildFile; fileRef = 3AD5A60B17896A1600CEF762 /* XDEffectViewController.m */; };
		3AD5A64D17896A1600CEF762 /* XDSettingViewController.m in Sources */ = {isa = PBXBuildFile; fileRef = 3AD5A60F17896A1600CEF762 /* XDSettingViewController.m */; };
		3AD5A64E17896A1600CEF762 /* XDSettingViewController.xib in Resources */ = {isa = PBXBuildFile; fileRef = 3AD5A61017896A1600CEF762 /* XDSettingViewController.xib */; };
		3AD5A64F17896A1600CEF762 /* share.plist in Resources */ = {isa = PBXBuildFile; fileRef = 3AD5A61217896A1600CEF762 /* share.plist */; };
		3AD5A66317896A1600CEF762 /* XDShareViewController.m in Sources */ = {isa = PBXBuildFile; fileRef = 3AD5A63317896A1600CEF762 /* XDShareViewController.m */; };
		3AD5A66417896A1600CEF762 /* XDShareViewController.xib in Resources */ = {isa = PBXBuildFile; fileRef = 3AD5A63417896A1600CEF762 /* XDShareViewController.xib */; };
		3AD5A66517896A1600CEF762 /* XDAppDelegate.m in Sources */ = {isa = PBXBuildFile; fileRef = 3AD5A63617896A1600CEF762 /* XDAppDelegate.m */; };
		3AD5A66617896A1600CEF762 /* XDFinishShowViewController.m in Sources */ = {isa = PBXBuildFile; fileRef = 3AD5A63817896A1600CEF762 /* XDFinishShowViewController.m */; };
		3AD5A66717896A1600CEF762 /* XDRootViewController.m in Sources */ = {isa = PBXBuildFile; fileRef = 3AD5A63A17896A1600CEF762 /* XDRootViewController.m */; };
		3AD5A66817896A1600CEF762 /* XDShareMethods.m in Sources */ = {isa = PBXBuildFile; fileRef = 3AD5A63C17896A1600CEF762 /* XDShareMethods.m */; };
		3AE299C61785BE8000CDB041 /* account_userDeaultImage@2x.png in Resources */ = {isa = PBXBuildFile; fileRef = 3AE299C51785BE8000CDB041 /* account_userDeaultImage@2x.png */; };
		3AE8AA3217845398005AC6AB /* check@2x.png in Resources */ = {isa = PBXBuildFile; fileRef = 3AE8AA3017845398005AC6AB /* check@2x.png */; };
		3AE8AA3317845398005AC6AB /* uncheck@2x.png in Resources */ = {isa = PBXBuildFile; fileRef = 3AE8AA3117845398005AC6AB /* uncheck@2x.png */; };
		3AFAD8A9175CDC4D00E7A4DB /* setting_cellSelectBackground@2x.png in Resources */ = {isa = PBXBuildFile; fileRef = 3AFAD8A7175CDC4D00E7A4DB /* setting_cellSelectBackground@2x.png */; };
		3AFAD8AA175CDC4D00E7A4DB /* setting_unchoiceBox@2x.png in Resources */ = {isa = PBXBuildFile; fileRef = 3AFAD8A8175CDC4D00E7A4DB /* setting_unchoiceBox@2x.png */; };
/* End PBXBuildFile section */

/* Begin PBXContainerItemProxy section */
		3A23A28717A0AC8E0098D969 /* PBXContainerItemProxy */ = {
			isa = PBXContainerItemProxy;
			containerPortal = 3A23A28117A0AC8D0098D969 /* GPUImage.xcodeproj */;
			proxyType = 2;
			remoteGlobalIDString = BCF1A33414DDB1EC00852800;
			remoteInfo = GPUImage;
		};
		3A23A28917A0AC8E0098D969 /* PBXContainerItemProxy */ = {
			isa = PBXContainerItemProxy;
			containerPortal = 3A23A28117A0AC8D0098D969 /* GPUImage.xcodeproj */;
			proxyType = 2;
			remoteGlobalIDString = BCF1A34414DDB1EC00852800;
			remoteInfo = GPUImageTests;
		};
/* End PBXContainerItemProxy section */

/* Begin PBXFileReference section */
		3A0865BB177BC65B00DC6381 /* LocalDefault.h */ = {isa = PBXFileReference; fileEncoding = 4; lastKnownFileType = sourcecode.c.h; name = LocalDefault.h; path = Classes/LocalDefault.h; sourceTree = "<group>"; };
		3A0BF980178312EC006BB126 /* share_sina@2x.png */ = {isa = PBXFileReference; lastKnownFileType = image.png; path = "share_sina@2x.png"; sourceTree = "<group>"; };
		3A19C6B3175A2D34001FC0D5 /* Default@2x.png */ = {isa = PBXFileReference; lastKnownFileType = image.png; name = "Default@2x.png"; path = "../Default@2x.png"; sourceTree = "<group>"; };
		3A19C6B6175A2D38001FC0D5 /* Default.png */ = {isa = PBXFileReference; lastKnownFileType = image.png; name = Default.png; path = ../Default.png; sourceTree = "<group>"; };
		3A19C6BE175A3224001FC0D5 /* Default-568h@2x.png */ = {isa = PBXFileReference; lastKnownFileType = image.png; name = "Default-568h@2x.png"; path = "../Default-568h@2x.png"; sourceTree = "<group>"; };
		3A19C6C5175A3288001FC0D5 /* root_account_icon@2x.png */ = {isa = PBXFileReference; lastKnownFileType = image.png; path = "root_account_icon@2x.png"; sourceTree = "<group>"; };
		3A19C6C6175A3288001FC0D5 /* root_shirt_icon@2x.png */ = {isa = PBXFileReference; lastKnownFileType = image.png; path = "root_shirt_icon@2x.png"; sourceTree = "<group>"; };
		3A19C6C9175A3288001FC0D5 /* segmented_separator@2x.png */ = {isa = PBXFileReference; lastKnownFileType = image.png; path = "segmented_separator@2x.png"; sourceTree = "<group>"; };
		3A19C6D7175A3288001FC0D5 /* root_effect_icon@2x.png */ = {isa = PBXFileReference; lastKnownFileType = image.png; path = "root_effect_icon@2x.png"; sourceTree = "<group>"; };
		3A19C6D8175A3288001FC0D5 /* root_piazza_icon@2x.png */ = {isa = PBXFileReference; lastKnownFileType = image.png; path = "root_piazza_icon@2x.png"; sourceTree = "<group>"; };
		3A19C6D9175A3288001FC0D5 /* root_share_icon@2x.png */ = {isa = PBXFileReference; lastKnownFileType = image.png; path = "root_share_icon@2x.png"; sourceTree = "<group>"; };
		3A23A25A17A0A8D40098D969 /* SinaWeiboConnection.framework */ = {isa = PBXFileReference; lastKnownFileType = wrapper.framework; path = SinaWeiboConnection.framework; sourceTree = "<group>"; };
		3A23A25C17A0A8D40098D969 /* AGCommon.framework */ = {isa = PBXFileReference; lastKnownFileType = wrapper.framework; path = AGCommon.framework; sourceTree = "<group>"; };
		3A23A25E17A0A8D40098D969 /* en */ = {isa = PBXFileReference; lastKnownFileType = text.plist.strings; name = en; path = en.lproj/ShareSDKLocalizable.strings; sourceTree = "<group>"; };
		3A23A25F17A0A8D40098D969 /* Resource.bundle */ = {isa = PBXFileReference; lastKnownFileType = "wrapper.plug-in"; path = Resource.bundle; sourceTree = "<group>"; };
		3A23A26017A0A8D40098D969 /* ShareSDKCoreService.framework */ = {isa = PBXFileReference; lastKnownFileType = wrapper.framework; path = ShareSDKCoreService.framework; sourceTree = "<group>"; };
		3A23A26217A0A8D40098D969 /* ShareSDK.framework */ = {isa = PBXFileReference; lastKnownFileType = wrapper.framework; path = ShareSDK.framework; sourceTree = "<group>"; };
		3A23A26417A0A8D40098D969 /* ShareSDKiPhoneAppRecommendShareViewUI.framework */ = {isa = PBXFileReference; lastKnownFileType = wrapper.framework; path = ShareSDKiPhoneAppRecommendShareViewUI.framework; sourceTree = "<group>"; };
		3A23A26517A0A8D40098D969 /* ShareSDKiPhoneDefaultShareViewUI.bundle */ = {isa = PBXFileReference; lastKnownFileType = "wrapper.plug-in"; path = ShareSDKiPhoneDefaultShareViewUI.bundle; sourceTree = "<group>"; };
		3A23A26617A0A8D40098D969 /* ShareSDKiPhoneDefaultShareViewUI.framework */ = {isa = PBXFileReference; lastKnownFileType = wrapper.framework; path = ShareSDKiPhoneDefaultShareViewUI.framework; sourceTree = "<group>"; };
		3A23A26717A0A8D40098D969 /* ShareSDKiPhoneSimpleShareViewUI.bundle */ = {isa = PBXFileReference; lastKnownFileType = "wrapper.plug-in"; path = ShareSDKiPhoneSimpleShareViewUI.bundle; sourceTree = "<group>"; };
		3A23A26817A0A8D40098D969 /* ShareSDKiPhoneSimpleShareViewUI.framework */ = {isa = PBXFileReference; lastKnownFileType = wrapper.framework; path = ShareSDKiPhoneSimpleShareViewUI.framework; sourceTree = "<group>"; };
		3A23A27617A0AA220098D969 /* CoreVideo.framework */ = {isa = PBXFileReference; lastKnownFileType = wrapper.framework; name = CoreVideo.framework; path = System/Library/Frameworks/CoreVideo.framework; sourceTree = SDKROOT; };
		3A23A27917A0AA2B0098D969 /* OpenGLES.framework */ = {isa = PBXFileReference; lastKnownFileType = wrapper.framework; name = OpenGLES.framework; path = System/Library/Frameworks/OpenGLES.framework; sourceTree = SDKROOT; };
		3A23A27B17A0AA590098D969 /* AVFoundation.framework */ = {isa = PBXFileReference; lastKnownFileType = wrapper.framework; name = AVFoundation.framework; path = System/Library/Frameworks/AVFoundation.framework; sourceTree = SDKROOT; };
		3A23A27D17A0AA5F0098D969 /* AssetsLibrary.framework */ = {isa = PBXFileReference; lastKnownFileType = wrapper.framework; name = AssetsLibrary.framework; path = System/Library/Frameworks/AssetsLibrary.framework; sourceTree = SDKROOT; };
		3A23A27F17A0AA8E0098D969 /* libc++abi.dylib */ = {isa = PBXFileReference; lastKnownFileType = "compiled.mach-o.dylib"; name = "libc++abi.dylib"; path = "usr/lib/libc++abi.dylib"; sourceTree = SDKROOT; };
		3A23A28117A0AC8D0098D969 /* GPUImage.xcodeproj */ = {isa = PBXFileReference; lastKnownFileType = "wrapper.pb-project"; name = GPUImage.xcodeproj; path = framework/GPUImage.xcodeproj; sourceTree = "<group>"; };
		3A23A28C17A0ACCC0098D969 /* CoreMedia.framework */ = {isa = PBXFileReference; lastKnownFileType = wrapper.framework; name = CoreMedia.framework; path = System/Library/Frameworks/CoreMedia.framework; sourceTree = SDKROOT; };
		3A29C12A177FE5AC00CD53D7 /* root_bg@2x.png */ = {isa = PBXFileReference; lastKnownFileType = image.png; name = "root_bg@2x.png"; path = "Images/root_bg@2x.png"; sourceTree = "<group>"; };
		3A3F1C35178126F300A64C93 /* SystemConfiguration.framework */ = {isa = PBXFileReference; lastKnownFileType = wrapper.framework; name = SystemConfiguration.framework; path = System/Library/Frameworks/SystemConfiguration.framework; sourceTree = SDKROOT; };
		3A3F1C391781271000A64C93 /* libicucore.dylib */ = {isa = PBXFileReference; lastKnownFileType = "compiled.mach-o.dylib"; name = libicucore.dylib; path = usr/lib/libicucore.dylib; sourceTree = SDKROOT; };
		3A3F1C3B1781271D00A64C93 /* libz.1.2.5.dylib */ = {isa = PBXFileReference; lastKnownFileType = "compiled.mach-o.dylib"; name = libz.1.2.5.dylib; path = usr/lib/libz.1.2.5.dylib; sourceTree = SDKROOT; };
		3A3F1C411781273E00A64C93 /* CoreTelephony.framework */ = {isa = PBXFileReference; lastKnownFileType = wrapper.framework; name = CoreTelephony.framework; path = System/Library/Frameworks/CoreTelephony.framework; sourceTree = SDKROOT; };
		3A45727A177AB45400453B7B /* QuartzCore.framework */ = {isa = PBXFileReference; lastKnownFileType = wrapper.framework; name = QuartzCore.framework; path = System/Library/Frameworks/QuartzCore.framework; sourceTree = SDKROOT; };
		3A6E1933175B045100806F8A /* effect_camera_icon@2x.png */ = {isa = PBXFileReference; lastKnownFileType = image.png; path = "effect_camera_icon@2x.png"; sourceTree = "<group>"; };
		3A6E1934175B045100806F8A /* effect_draw_icon@2x.png */ = {isa = PBXFileReference; lastKnownFileType = image.png; path = "effect_draw_icon@2x.png"; sourceTree = "<group>"; };
		3A6E1935175B045100806F8A /* effect_text_icon@2x.png */ = {isa = PBXFileReference; lastKnownFileType = image.png; path = "effect_text_icon@2x.png"; sourceTree = "<group>"; };
		3A6E193E175B083E00806F8A /* effect_segmented_pressed_center@2x.png */ = {isa = PBXFileReference; lastKnownFileType = image.png; path = "effect_segmented_pressed_center@2x.png"; sourceTree = "<group>"; };
		3A6E193F175B083E00806F8A /* effect_segmented_pressed_left@2x.png */ = {isa = PBXFileReference; lastKnownFileType = image.png; path = "effect_segmented_pressed_left@2x.png"; sourceTree = "<group>"; };
		3A6E1940175B083E00806F8A /* effect_segmented_pressed_right@2x.png */ = {isa = PBXFileReference; lastKnownFileType = image.png; path = "effect_segmented_pressed_right@2x.png"; sourceTree = "<group>"; };
		3A6E1945175B0AE800806F8A /* stroke_0@2x.png */ = {isa = PBXFileReference; lastKnownFileType = image.png; path = "stroke_0@2x.png"; sourceTree = "<group>"; };
		3A6E1946175B0AE800806F8A /* stroke_1@2x.png */ = {isa = PBXFileReference; lastKnownFileType = image.png; path = "stroke_1@2x.png"; sourceTree = "<group>"; };
		3A6E1948175B0AE800806F8A /* stroke_3@2x.png */ = {isa = PBXFileReference; lastKnownFileType = image.png; path = "stroke_3@2x.png"; sourceTree = "<group>"; };
		3A6E1949175B0AE800806F8A /* stroke_4@2x.png */ = {isa = PBXFileReference; lastKnownFileType = image.png; path = "stroke_4@2x.png"; sourceTree = "<group>"; };
		3A6E194B175B0AE800806F8A /* effect.png */ = {isa = PBXFileReference; lastKnownFileType = image.png; path = effect.png; sourceTree = "<group>"; };
		3A6E194C175B0AE800806F8A /* effect_0@2x.png */ = {isa = PBXFileReference; lastKnownFileType = image.png; path = "effect_0@2x.png"; sourceTree = "<group>"; };
		3A6E194D175B0AE800806F8A /* effect_1@2x.png */ = {isa = PBXFileReference; lastKnownFileType = image.png; path = "effect_1@2x.png"; sourceTree = "<group>"; };
		3A6E194E175B0AE800806F8A /* effect_2@2x.png */ = {isa = PBXFileReference; lastKnownFileType = image.png; path = "effect_2@2x.png"; sourceTree = "<group>"; };
		3A6E194F175B0AE800806F8A /* effect_3@2x.png */ = {isa = PBXFileReference; lastKnownFileType = image.png; path = "effect_3@2x.png"; sourceTree = "<group>"; };
		3A6E1950175B0AE800806F8A /* effect_4@2x.png */ = {isa = PBXFileReference; lastKnownFileType = image.png; path = "effect_4@2x.png"; sourceTree = "<group>"; };
		3A6E1952175B0AE800806F8A /* font_0.png */ = {isa = PBXFileReference; lastKnownFileType = image.png; path = font_0.png; sourceTree = "<group>"; };
		3A6E1953175B0AE800806F8A /* font_1.png */ = {isa = PBXFileReference; lastKnownFileType = image.png; path = font_1.png; sourceTree = "<group>"; };
		3A6E1954175B0AE800806F8A /* font_2.png */ = {isa = PBXFileReference; lastKnownFileType = image.png; path = font_2.png; sourceTree = "<group>"; };
		3A6E1955175B0AE800806F8A /* font_3.png */ = {isa = PBXFileReference; lastKnownFileType = image.png; path = font_3.png; sourceTree = "<group>"; };
		3A6E1956175B0AE800806F8A /* font_4.png */ = {isa = PBXFileReference; lastKnownFileType = image.png; path = font_4.png; sourceTree = "<group>"; };
		3A6E196B175B0D2700806F8A /* icon114.png */ = {isa = PBXFileReference; lastKnownFileType = image.png; name = icon114.png; path = ../icon114.png; sourceTree = "<group>"; };
		3A6E196D175B0D2A00806F8A /* icon57.png */ = {isa = PBXFileReference; lastKnownFileType = image.png; name = icon57.png; path = ../icon57.png; sourceTree = "<group>"; };
		3A6E196F175B11CA00806F8A /* stroke_2@2x.png */ = {isa = PBXFileReference; lastKnownFileType = image.png; path = "stroke_2@2x.png"; sourceTree = "<group>"; };
		3A6FD7B917A1495D00EDD52D /* 02.acv */ = {isa = PBXFileReference; lastKnownFileType = file; path = 02.acv; sourceTree = "<group>"; };
		3A6FD7BA17A1495D00EDD52D /* 06.acv */ = {isa = PBXFileReference; lastKnownFileType = file; path = 06.acv; sourceTree = "<group>"; };
		3A6FD7BB17A1495D00EDD52D /* 17.acv */ = {isa = PBXFileReference; lastKnownFileType = file; path = 17.acv; sourceTree = "<group>"; };
		3A6FD7BC17A1495D00EDD52D /* aqua.acv */ = {isa = PBXFileReference; lastKnownFileType = file; path = aqua.acv; sourceTree = "<group>"; };
		3A6FD7BD17A1495D00EDD52D /* crossprocess.acv */ = {isa = PBXFileReference; lastKnownFileType = file; path = crossprocess.acv; sourceTree = "<group>"; };
		3A6FD7BE17A1495D00EDD52D /* purple-green.acv */ = {isa = PBXFileReference; lastKnownFileType = file; path = "purple-green.acv"; sourceTree = "<group>"; };
		3A6FD7BF17A1495D00EDD52D /* yellow-red.acv */ = {isa = PBXFileReference; lastKnownFileType = file; path = "yellow-red.acv"; sourceTree = "<group>"; };
		3AB10001175486AC00B72E93 /* clothe_default@2x.png */ = {isa = PBXFileReference; lastKnownFileType = image.png; path = "clothe_default@2x.png"; sourceTree = "<group>"; };
		3AB1000317548AF600B72E93 /* root_add@2x.png */ = {isa = PBXFileReference; lastKnownFileType = image.png; path = "root_add@2x.png"; sourceTree = "<group>"; };
		3AB1000D1754941D00B72E93 /* buttonBg@2x.png */ = {isa = PBXFileReference; lastKnownFileType = image.png; path = "buttonBg@2x.png"; sourceTree = "<group>"; };
		3AB1000F175494B600B72E93 /* bottomBarBg@2x.png */ = {isa = PBXFileReference; lastKnownFileType = image.png; path = "bottomBarBg@2x.png"; sourceTree = "<group>"; };
		3AB10011175496F000B72E93 /* functionBarBg@2x.png */ = {isa = PBXFileReference; lastKnownFileType = image.png; path = "functionBarBg@2x.png"; sourceTree = "<group>"; };
		3AB180001759F15900D72F83 /* effect_image_icon@2x.png */ = {isa = PBXFileReference; lastKnownFileType = image.png; path = "effect_image_icon@2x.png"; sourceTree = "<group>"; };
		3AB180011759F15900D72F83 /* effect_photograph_icon@2x.png */ = {isa = PBXFileReference; lastKnownFileType = image.png; path = "effect_photograph_icon@2x.png"; sourceTree = "<group>"; };
		3AB1FFB717546F4200B72E93 /* DoodleTee.app */ = {isa = PBXFileReference; explicitFileType = wrapper.application; includeInIndex = 0; path = DoodleTee.app; sourceTree = BUILT_PRODUCTS_DIR; };
		3AB1FFBB17546F4200B72E93 /* UIKit.framework */ = {isa = PBXFileReference; lastKnownFileType = wrapper.framework; name = UIKit.framework; path = System/Library/Frameworks/UIKit.framework; sourceTree = SDKROOT; };
		3AB1FFBD17546F4200B72E93 /* Foundation.framework */ = {isa = PBXFileReference; lastKnownFileType = wrapper.framework; name = Foundation.framework; path = System/Library/Frameworks/Foundation.framework; sourceTree = SDKROOT; };
		3AB1FFBF17546F4200B72E93 /* CoreGraphics.framework */ = {isa = PBXFileReference; lastKnownFileType = wrapper.framework; name = CoreGraphics.framework; path = System/Library/Frameworks/CoreGraphics.framework; sourceTree = SDKROOT; };
		3AB1FFC317546F4200B72E93 /* DoodleTee-Info.plist */ = {isa = PBXFileReference; lastKnownFileType = text.plist.xml; path = "DoodleTee-Info.plist"; sourceTree = "<group>"; };
		3AB1FFC517546F4200B72E93 /* en */ = {isa = PBXFileReference; lastKnownFileType = text.plist.strings; name = en; path = en.lproj/InfoPlist.strings; sourceTree = "<group>"; };
		3AB1FFC717546F4200B72E93 /* main.m */ = {isa = PBXFileReference; lastKnownFileType = sourcecode.c.objc; path = main.m; sourceTree = "<group>"; };
		3AB1FFC917546F4200B72E93 /* DoodleTee-Prefix.pch */ = {isa = PBXFileReference; lastKnownFileType = sourcecode.c.h; path = "DoodleTee-Prefix.pch"; sourceTree = "<group>"; };
		3AD5A5E717896A1600CEF762 /* XDAccountInfoCell.h */ = {isa = PBXFileReference; fileEncoding = 4; lastKnownFileType = sourcecode.c.h; path = XDAccountInfoCell.h; sourceTree = "<group>"; };
		3AD5A5E817896A1600CEF762 /* XDAccountInfoCell.m */ = {isa = PBXFileReference; fileEncoding = 4; lastKnownFileType = sourcecode.c.objc; path = XDAccountInfoCell.m; sourceTree = "<group>"; };
		3AD5A5E917896A1600CEF762 /* XDAccountInfoViewController.h */ = {isa = PBXFileReference; fileEncoding = 4; lastKnownFileType = sourcecode.c.h; path = XDAccountInfoViewController.h; sourceTree = "<group>"; };
		3AD5A5EA17896A1600CEF762 /* XDAccountInfoViewController.m */ = {isa = PBXFileReference; fileEncoding = 4; lastKnownFileType = sourcecode.c.objc; path = XDAccountInfoViewController.m; sourceTree = "<group>"; };
		3AD5A5EB17896A1600CEF762 /* XDAccountViewController.h */ = {isa = PBXFileReference; fileEncoding = 4; lastKnownFileType = sourcecode.c.h; path = XDAccountViewController.h; sourceTree = "<group>"; };
		3AD5A5EC17896A1600CEF762 /* XDAccountViewController.m */ = {isa = PBXFileReference; fileEncoding = 4; lastKnownFileType = sourcecode.c.objc; path = XDAccountViewController.m; sourceTree = "<group>"; };
		3AD5A5ED17896A1600CEF762 /* XDAccountViewController.xib */ = {isa = PBXFileReference; fileEncoding = 4; lastKnownFileType = file.xib; path = XDAccountViewController.xib; sourceTree = "<group>"; };
		3AD5A5F017896A1600CEF762 /* AKSegmentedControl.h */ = {isa = PBXFileReference; fileEncoding = 4; lastKnownFileType = sourcecode.c.h; path = AKSegmentedControl.h; sourceTree = "<group>"; };
		3AD5A5F117896A1600CEF762 /* AKSegmentedControl.m */ = {isa = PBXFileReference; fileEncoding = 4; lastKnownFileType = sourcecode.c.objc; path = AKSegmentedControl.m; sourceTree = "<group>"; };
		3AD5A5F317896A1600CEF762 /* XDAttributeCell.h */ = {isa = PBXFileReference; fileEncoding = 4; lastKnownFileType = sourcecode.c.h; path = XDAttributeCell.h; sourceTree = "<group>"; };
		3AD5A5F417896A1600CEF762 /* XDAttributeCell.m */ = {isa = PBXFileReference; fileEncoding = 4; lastKnownFileType = sourcecode.c.objc; path = XDAttributeCell.m; sourceTree = "<group>"; };
		3AD5A5F517896A1600CEF762 /* XDCustomMadeViewController.h */ = {isa = PBXFileReference; fileEncoding = 4; lastKnownFileType = sourcecode.c.h; path = XDCustomMadeViewController.h; sourceTree = "<group>"; };
		3AD5A5F617896A1600CEF762 /* XDCustomMadeViewController.m */ = {isa = PBXFileReference; fileEncoding = 4; lastKnownFileType = sourcecode.c.objc; path = XDCustomMadeViewController.m; sourceTree = "<group>"; };
		3AD5A5F717896A1600CEF762 /* XDPayMoneyViewController.h */ = {isa = PBXFileReference; fileEncoding = 4; lastKnownFileType = sourcecode.c.h; path = XDPayMoneyViewController.h; sourceTree = "<group>"; };
		3AD5A5F817896A1600CEF762 /* XDPayMoneyViewController.m */ = {isa = PBXFileReference; fileEncoding = 4; lastKnownFileType = sourcecode.c.objc; path = XDPayMoneyViewController.m; sourceTree = "<group>"; };
		3AD5A5F917896A1600CEF762 /* XDPayMoneyViewController.xib */ = {isa = PBXFileReference; fileEncoding = 4; lastKnownFileType = file.xib; path = XDPayMoneyViewController.xib; sourceTree = "<group>"; };
		3AD5A5FD17896A1600CEF762 /* ColorMatrix.h */ = {isa = PBXFileReference; fileEncoding = 4; lastKnownFileType = sourcecode.c.h; path = ColorMatrix.h; sourceTree = "<group>"; };
		3AD5A5FE17896A1600CEF762 /* ImageUtil.h */ = {isa = PBXFileReference; fileEncoding = 4; lastKnownFileType = sourcecode.c.h; path = ImageUtil.h; sourceTree = "<group>"; };
		3AD5A5FF17896A1600CEF762 /* ImageUtil.m */ = {isa = PBXFileReference; fileEncoding = 4; lastKnownFileType = sourcecode.c.objc; path = ImageUtil.m; sourceTree = "<group>"; };
		3AD5A60017896A1600CEF762 /* UIColor_Random.h */ = {isa = PBXFileReference; fileEncoding = 4; lastKnownFileType = sourcecode.c.h; path = UIColor_Random.h; sourceTree = "<group>"; };
		3AD5A60117896A1600CEF762 /* UIColor_Random.m */ = {isa = PBXFileReference; fileEncoding = 4; lastKnownFileType = sourcecode.c.objc; path = UIColor_Random.m; sourceTree = "<group>"; };
		3AD5A60217896A1600CEF762 /* XDDrawPicker.h */ = {isa = PBXFileReference; fileEncoding = 4; lastKnownFileType = sourcecode.c.h; path = XDDrawPicker.h; sourceTree = "<group>"; };
		3AD5A60317896A1600CEF762 /* XDDrawPicker.m */ = {isa = PBXFileReference; fileEncoding = 4; lastKnownFileType = sourcecode.c.objc; path = XDDrawPicker.m; sourceTree = "<group>"; };
		3AD5A60417896A1600CEF762 /* XDDrawView.h */ = {isa = PBXFileReference; fileEncoding = 4; lastKnownFileType = sourcecode.c.h; path = XDDrawView.h; sourceTree = "<group>"; };
		3AD5A60517896A1600CEF762 /* XDDrawView.m */ = {isa = PBXFileReference; fileEncoding = 4; lastKnownFileType = sourcecode.c.objc; path = XDDrawView.m; sourceTree = "<group>"; };
		3AD5A60617896A1600CEF762 /* XDImagePicker.h */ = {isa = PBXFileReference; fileEncoding = 4; lastKnownFileType = sourcecode.c.h; path = XDImagePicker.h; sourceTree = "<group>"; };
		3AD5A60717896A1600CEF762 /* XDImagePicker.m */ = {isa = PBXFileReference; fileEncoding = 4; lastKnownFileType = sourcecode.c.objc; path = XDImagePicker.m; sourceTree = "<group>"; };
		3AD5A60817896A1600CEF762 /* XDTextPicker.h */ = {isa = PBXFileReference; fileEncoding = 4; lastKnownFileType = sourcecode.c.h; path = XDTextPicker.h; sourceTree = "<group>"; };
		3AD5A60917896A1600CEF762 /* XDTextPicker.m */ = {isa = PBXFileReference; fileEncoding = 4; lastKnownFileType = sourcecode.c.objc; path = XDTextPicker.m; sourceTree = "<group>"; };
		3AD5A60A17896A1600CEF762 /* XDEffectViewController.h */ = {isa = PBXFileReference; fileEncoding = 4; lastKnownFileType = sourcecode.c.h; path = XDEffectViewController.h; sourceTree = "<group>"; };
		3AD5A60B17896A1600CEF762 /* XDEffectViewController.m */ = {isa = PBXFileReference; fileEncoding = 4; lastKnownFileType = sourcecode.c.objc; path = XDEffectViewController.m; sourceTree = "<group>"; };
		3AD5A60C17896A1600CEF762 /* LocalDefault.h */ = {isa = PBXFileReference; fileEncoding = 4; lastKnownFileType = sourcecode.c.h; path = LocalDefault.h; sourceTree = "<group>"; };
		3AD5A60E17896A1600CEF762 /* XDSettingViewController.h */ = {isa = PBXFileReference; fileEncoding = 4; lastKnownFileType = sourcecode.c.h; path = XDSettingViewController.h; sourceTree = "<group>"; };
		3AD5A60F17896A1600CEF762 /* XDSettingViewController.m */ = {isa = PBXFileReference; fileEncoding = 4; lastKnownFileType = sourcecode.c.objc; path = XDSettingViewController.m; sourceTree = "<group>"; };
		3AD5A61017896A1600CEF762 /* XDSettingViewController.xib */ = {isa = PBXFileReference; fileEncoding = 4; lastKnownFileType = file.xib; path = XDSettingViewController.xib; sourceTree = "<group>"; };
		3AD5A61217896A1600CEF762 /* share.plist */ = {isa = PBXFileReference; fileEncoding = 4; lastKnownFileType = text.plist.xml; path = share.plist; sourceTree = "<group>"; };
		3AD5A63217896A1600CEF762 /* XDShareViewController.h */ = {isa = PBXFileReference; fileEncoding = 4; lastKnownFileType = sourcecode.c.h; path = XDShareViewController.h; sourceTree = "<group>"; };
		3AD5A63317896A1600CEF762 /* XDShareViewController.m */ = {isa = PBXFileReference; fileEncoding = 4; lastKnownFileType = sourcecode.c.objc; path = XDShareViewController.m; sourceTree = "<group>"; };
		3AD5A63417896A1600CEF762 /* XDShareViewController.xib */ = {isa = PBXFileReference; fileEncoding = 4; lastKnownFileType = file.xib; path = XDShareViewController.xib; sourceTree = "<group>"; };
		3AD5A63517896A1600CEF762 /* XDAppDelegate.h */ = {isa = PBXFileReference; fileEncoding = 4; lastKnownFileType = sourcecode.c.h; path = XDAppDelegate.h; sourceTree = "<group>"; };
		3AD5A63617896A1600CEF762 /* XDAppDelegate.m */ = {isa = PBXFileReference; fileEncoding = 4; lastKnownFileType = sourcecode.c.objc; path = XDAppDelegate.m; sourceTree = "<group>"; };
		3AD5A63717896A1600CEF762 /* XDFinishShowViewController.h */ = {isa = PBXFileReference; fileEncoding = 4; lastKnownFileType = sourcecode.c.h; path = XDFinishShowViewController.h; sourceTree = "<group>"; };
		3AD5A63817896A1600CEF762 /* XDFinishShowViewController.m */ = {isa = PBXFileReference; fileEncoding = 4; lastKnownFileType = sourcecode.c.objc; path = XDFinishShowViewController.m; sourceTree = "<group>"; };
		3AD5A63917896A1600CEF762 /* XDRootViewController.h */ = {isa = PBXFileReference; fileEncoding = 4; lastKnownFileType = sourcecode.c.h; path = XDRootViewController.h; sourceTree = "<group>"; };
		3AD5A63A17896A1600CEF762 /* XDRootViewController.m */ = {isa = PBXFileReference; fileEncoding = 4; lastKnownFileType = sourcecode.c.objc; path = XDRootViewController.m; sourceTree = "<group>"; };
		3AD5A63B17896A1600CEF762 /* XDShareMethods.h */ = {isa = PBXFileReference; fileEncoding = 4; lastKnownFileType = sourcecode.c.h; path = XDShareMethods.h; sourceTree = "<group>"; };
		3AD5A63C17896A1600CEF762 /* XDShareMethods.m */ = {isa = PBXFileReference; fileEncoding = 4; lastKnownFileType = sourcecode.c.objc; path = XDShareMethods.m; sourceTree = "<group>"; };
		3ADD060C17A6372B007684FA /* AlixPay.h */ = {isa = PBXFileReference; lastKnownFileType = sourcecode.c.h; path = AlixPay.h; sourceTree = "<group>"; };
		3ADD060D17A6372B007684FA /* AlixPayOrder.h */ = {isa = PBXFileReference; lastKnownFileType = sourcecode.c.h; path = AlixPayOrder.h; sourceTree = "<group>"; };
		3ADD060E17A6372B007684FA /* AlixPayResult.h */ = {isa = PBXFileReference; lastKnownFileType = sourcecode.c.h; path = AlixPayResult.h; sourceTree = "<group>"; };
		3ADD060F17A6372B007684FA /* libcrypto.a */ = {isa = PBXFileReference; lastKnownFileType = archive.ar; path = libcrypto.a; sourceTree = "<group>"; };
		3ADD061117A6372B007684FA /* libalixpay.a */ = {isa = PBXFileReference; lastKnownFileType = archive.ar; path = libalixpay.a; sourceTree = "<group>"; };
		3ADD061217A6372B007684FA /* libssl.a */ = {isa = PBXFileReference; lastKnownFileType = archive.ar; path = libssl.a; sourceTree = "<group>"; };
		3ADD061417A6372B007684FA /* DataSigner.h */ = {isa = PBXFileReference; lastKnownFileType = sourcecode.c.h; path = DataSigner.h; sourceTree = "<group>"; };
		3ADD061517A6372B007684FA /* DataSigner.m */ = {isa = PBXFileReference; lastKnownFileType = sourcecode.c.objc; path = DataSigner.m; sourceTree = "<group>"; };
		3ADD061617A6372B007684FA /* DataVerifier.h */ = {isa = PBXFileReference; lastKnownFileType = sourcecode.c.h; path = DataVerifier.h; sourceTree = "<group>"; };
		3ADD061717A6372B007684FA /* DataVerifier.m */ = {isa = PBXFileReference; lastKnownFileType = sourcecode.c.objc; path = DataVerifier.m; sourceTree = "<group>"; };
		3ADD061917A6372B007684FA /* aes.h */ = {isa = PBXFileReference; lastKnownFileType = sourcecode.c.h; path = aes.h; sourceTree = "<group>"; };
		3ADD061A17A6372B007684FA /* asn1.h */ = {isa = PBXFileReference; lastKnownFileType = sourcecode.c.h; path = asn1.h; sourceTree = "<group>"; };
		3ADD061B17A6372B007684FA /* asn1_mac.h */ = {isa = PBXFileReference; lastKnownFileType = sourcecode.c.h; path = asn1_mac.h; sourceTree = "<group>"; };
		3ADD061C17A6372B007684FA /* asn1t.h */ = {isa = PBXFileReference; lastKnownFileType = sourcecode.c.h; path = asn1t.h; sourceTree = "<group>"; };
		3ADD061D17A6372B007684FA /* bio.h */ = {isa = PBXFileReference; lastKnownFileType = sourcecode.c.h; path = bio.h; sourceTree = "<group>"; };
		3ADD061E17A6372B007684FA /* blowfish.h */ = {isa = PBXFileReference; lastKnownFileType = sourcecode.c.h; path = blowfish.h; sourceTree = "<group>"; };
		3ADD061F17A6372B007684FA /* bn.h */ = {isa = PBXFileReference; lastKnownFileType = sourcecode.c.h; path = bn.h; sourceTree = "<group>"; };
		3ADD062017A6372B007684FA /* buffer.h */ = {isa = PBXFileReference; lastKnownFileType = sourcecode.c.h; path = buffer.h; sourceTree = "<group>"; };
		3ADD062117A6372B007684FA /* camellia.h */ = {isa = PBXFileReference; lastKnownFileType = sourcecode.c.h; path = camellia.h; sourceTree = "<group>"; };
		3ADD062217A6372B007684FA /* cast.h */ = {isa = PBXFileReference; lastKnownFileType = sourcecode.c.h; path = cast.h; sourceTree = "<group>"; };
		3ADD062317A6372B007684FA /* cmac.h */ = {isa = PBXFileReference; lastKnownFileType = sourcecode.c.h; path = cmac.h; sourceTree = "<group>"; };
		3ADD062417A6372B007684FA /* cms.h */ = {isa = PBXFileReference; lastKnownFileType = sourcecode.c.h; path = cms.h; sourceTree = "<group>"; };
		3ADD062517A6372B007684FA /* comp.h */ = {isa = PBXFileReference; lastKnownFileType = sourcecode.c.h; path = comp.h; sourceTree = "<group>"; };
		3ADD062617A6372B007684FA /* conf.h */ = {isa = PBXFileReference; lastKnownFileType = sourcecode.c.h; path = conf.h; sourceTree = "<group>"; };
		3ADD062717A6372B007684FA /* conf_api.h */ = {isa = PBXFileReference; lastKnownFileType = sourcecode.c.h; path = conf_api.h; sourceTree = "<group>"; };
		3ADD062817A6372B007684FA /* crypto.h */ = {isa = PBXFileReference; lastKnownFileType = sourcecode.c.h; path = crypto.h; sourceTree = "<group>"; };
		3ADD062917A6372B007684FA /* des.h */ = {isa = PBXFileReference; lastKnownFileType = sourcecode.c.h; path = des.h; sourceTree = "<group>"; };
		3ADD062A17A6372B007684FA /* des_old.h */ = {isa = PBXFileReference; lastKnownFileType = sourcecode.c.h; path = des_old.h; sourceTree = "<group>"; };
		3ADD062B17A6372B007684FA /* dh.h */ = {isa = PBXFileReference; lastKnownFileType = sourcecode.c.h; path = dh.h; sourceTree = "<group>"; };
		3ADD062C17A6372B007684FA /* dsa.h */ = {isa = PBXFileReference; lastKnownFileType = sourcecode.c.h; path = dsa.h; sourceTree = "<group>"; };
		3ADD062D17A6372B007684FA /* dso.h */ = {isa = PBXFileReference; lastKnownFileType = sourcecode.c.h; path = dso.h; sourceTree = "<group>"; };
		3ADD062E17A6372B007684FA /* dtls1.h */ = {isa = PBXFileReference; lastKnownFileType = sourcecode.c.h; path = dtls1.h; sourceTree = "<group>"; };
		3ADD062F17A6372B007684FA /* e_os2.h */ = {isa = PBXFileReference; lastKnownFileType = sourcecode.c.h; path = e_os2.h; sourceTree = "<group>"; };
		3ADD063017A6372B007684FA /* ebcdic.h */ = {isa = PBXFileReference; lastKnownFileType = sourcecode.c.h; path = ebcdic.h; sourceTree = "<group>"; };
		3ADD063117A6372B007684FA /* ec.h */ = {isa = PBXFileReference; lastKnownFileType = sourcecode.c.h; path = ec.h; sourceTree = "<group>"; };
		3ADD063217A6372B007684FA /* ecdh.h */ = {isa = PBXFileReference; lastKnownFileType = sourcecode.c.h; path = ecdh.h; sourceTree = "<group>"; };
		3ADD063317A6372B007684FA /* ecdsa.h */ = {isa = PBXFileReference; lastKnownFileType = sourcecode.c.h; path = ecdsa.h; sourceTree = "<group>"; };
		3ADD063417A6372B007684FA /* engine.h */ = {isa = PBXFileReference; lastKnownFileType = sourcecode.c.h; path = engine.h; sourceTree = "<group>"; };
		3ADD063517A6372B007684FA /* err.h */ = {isa = PBXFileReference; lastKnownFileType = sourcecode.c.h; path = err.h; sourceTree = "<group>"; };
		3ADD063617A6372B007684FA /* evp.h */ = {isa = PBXFileReference; lastKnownFileType = sourcecode.c.h; path = evp.h; sourceTree = "<group>"; };
		3ADD063717A6372B007684FA /* hmac.h */ = {isa = PBXFileReference; lastKnownFileType = sourcecode.c.h; path = hmac.h; sourceTree = "<group>"; };
		3ADD063817A6372B007684FA /* idea.h */ = {isa = PBXFileReference; lastKnownFileType = sourcecode.c.h; path = idea.h; sourceTree = "<group>"; };
		3ADD063917A6372B007684FA /* krb5_asn.h */ = {isa = PBXFileReference; lastKnownFileType = sourcecode.c.h; path = krb5_asn.h; sourceTree = "<group>"; };
		3ADD063A17A6372B007684FA /* kssl.h */ = {isa = PBXFileReference; lastKnownFileType = sourcecode.c.h; path = kssl.h; sourceTree = "<group>"; };
		3ADD063B17A6372B007684FA /* lhash.h */ = {isa = PBXFileReference; lastKnownFileType = sourcecode.c.h; path = lhash.h; sourceTree = "<group>"; };
		3ADD063C17A6372B007684FA /* md4.h */ = {isa = PBXFileReference; lastKnownFileType = sourcecode.c.h; path = md4.h; sourceTree = "<group>"; };
		3ADD063D17A6372B007684FA /* md5.h */ = {isa = PBXFileReference; lastKnownFileType = sourcecode.c.h; path = md5.h; sourceTree = "<group>"; };
		3ADD063E17A6372B007684FA /* mdc2.h */ = {isa = PBXFileReference; lastKnownFileType = sourcecode.c.h; path = mdc2.h; sourceTree = "<group>"; };
		3ADD063F17A6372B007684FA /* modes.h */ = {isa = PBXFileReference; lastKnownFileType = sourcecode.c.h; path = modes.h; sourceTree = "<group>"; };
		3ADD064017A6372B007684FA /* obj_mac.h */ = {isa = PBXFileReference; lastKnownFileType = sourcecode.c.h; path = obj_mac.h; sourceTree = "<group>"; };
		3ADD064117A6372B007684FA /* objects.h */ = {isa = PBXFileReference; lastKnownFileType = sourcecode.c.h; path = objects.h; sourceTree = "<group>"; };
		3ADD064217A6372B007684FA /* ocsp.h */ = {isa = PBXFileReference; lastKnownFileType = sourcecode.c.h; path = ocsp.h; sourceTree = "<group>"; };
		3ADD064317A6372B007684FA /* opensslconf.h */ = {isa = PBXFileReference; lastKnownFileType = sourcecode.c.h; path = opensslconf.h; sourceTree = "<group>"; };
		3ADD064417A6372B007684FA /* opensslv.h */ = {isa = PBXFileReference; lastKnownFileType = sourcecode.c.h; path = opensslv.h; sourceTree = "<group>"; };
		3ADD064517A6372B007684FA /* ossl_typ.h */ = {isa = PBXFileReference; lastKnownFileType = sourcecode.c.h; path = ossl_typ.h; sourceTree = "<group>"; };
		3ADD064617A6372B007684FA /* pem.h */ = {isa = PBXFileReference; lastKnownFileType = sourcecode.c.h; path = pem.h; sourceTree = "<group>"; };
		3ADD064717A6372B007684FA /* pem2.h */ = {isa = PBXFileReference; lastKnownFileType = sourcecode.c.h; path = pem2.h; sourceTree = "<group>"; };
		3ADD064817A6372B007684FA /* pkcs12.h */ = {isa = PBXFileReference; lastKnownFileType = sourcecode.c.h; path = pkcs12.h; sourceTree = "<group>"; };
		3ADD064917A6372B007684FA /* pkcs7.h */ = {isa = PBXFileReference; lastKnownFileType = sourcecode.c.h; path = pkcs7.h; sourceTree = "<group>"; };
		3ADD064A17A6372B007684FA /* pqueue.h */ = {isa = PBXFileReference; lastKnownFileType = sourcecode.c.h; path = pqueue.h; sourceTree = "<group>"; };
		3ADD064B17A6372B007684FA /* rand.h */ = {isa = PBXFileReference; lastKnownFileType = sourcecode.c.h; path = rand.h; sourceTree = "<group>"; };
		3ADD064C17A6372B007684FA /* rc2.h */ = {isa = PBXFileReference; lastKnownFileType = sourcecode.c.h; path = rc2.h; sourceTree = "<group>"; };
		3ADD064D17A6372B007684FA /* rc4.h */ = {isa = PBXFileReference; lastKnownFileType = sourcecode.c.h; path = rc4.h; sourceTree = "<group>"; };
		3ADD064E17A6372B007684FA /* ripemd.h */ = {isa = PBXFileReference; lastKnownFileType = sourcecode.c.h; path = ripemd.h; sourceTree = "<group>"; };
		3ADD064F17A6372B007684FA /* rsa.h */ = {isa = PBXFileReference; lastKnownFileType = sourcecode.c.h; path = rsa.h; sourceTree = "<group>"; };
		3ADD065017A6372B007684FA /* safestack.h */ = {isa = PBXFileReference; lastKnownFileType = sourcecode.c.h; path = safestack.h; sourceTree = "<group>"; };
		3ADD065117A6372B007684FA /* seed.h */ = {isa = PBXFileReference; lastKnownFileType = sourcecode.c.h; path = seed.h; sourceTree = "<group>"; };
		3ADD065217A6372B007684FA /* sha.h */ = {isa = PBXFileReference; lastKnownFileType = sourcecode.c.h; path = sha.h; sourceTree = "<group>"; };
		3ADD065317A6372B007684FA /* srp.h */ = {isa = PBXFileReference; lastKnownFileType = sourcecode.c.h; path = srp.h; sourceTree = "<group>"; };
		3ADD065417A6372B007684FA /* srtp.h */ = {isa = PBXFileReference; lastKnownFileType = sourcecode.c.h; path = srtp.h; sourceTree = "<group>"; };
		3ADD065517A6372B007684FA /* ssl.h */ = {isa = PBXFileReference; lastKnownFileType = sourcecode.c.h; path = ssl.h; sourceTree = "<group>"; };
		3ADD065617A6372B007684FA /* ssl2.h */ = {isa = PBXFileReference; lastKnownFileType = sourcecode.c.h; path = ssl2.h; sourceTree = "<group>"; };
		3ADD065717A6372B007684FA /* ssl23.h */ = {isa = PBXFileReference; lastKnownFileType = sourcecode.c.h; path = ssl23.h; sourceTree = "<group>"; };
		3ADD065817A6372B007684FA /* ssl3.h */ = {isa = PBXFileReference; lastKnownFileType = sourcecode.c.h; path = ssl3.h; sourceTree = "<group>"; };
		3ADD065917A6372B007684FA /* stack.h */ = {isa = PBXFileReference; lastKnownFileType = sourcecode.c.h; path = stack.h; sourceTree = "<group>"; };
		3ADD065A17A6372B007684FA /* symhacks.h */ = {isa = PBXFileReference; lastKnownFileType = sourcecode.c.h; path = symhacks.h; sourceTree = "<group>"; };
		3ADD065B17A6372B007684FA /* tls1.h */ = {isa = PBXFileReference; lastKnownFileType = sourcecode.c.h; path = tls1.h; sourceTree = "<group>"; };
		3ADD065C17A6372B007684FA /* ts.h */ = {isa = PBXFileReference; lastKnownFileType = sourcecode.c.h; path = ts.h; sourceTree = "<group>"; };
		3ADD065D17A6372C007684FA /* txt_db.h */ = {isa = PBXFileReference; lastKnownFileType = sourcecode.c.h; path = txt_db.h; sourceTree = "<group>"; };
		3ADD065E17A6372C007684FA /* ui.h */ = {isa = PBXFileReference; lastKnownFileType = sourcecode.c.h; path = ui.h; sourceTree = "<group>"; };
		3ADD065F17A6372C007684FA /* ui_compat.h */ = {isa = PBXFileReference; lastKnownFileType = sourcecode.c.h; path = ui_compat.h; sourceTree = "<group>"; };
		3ADD066017A6372C007684FA /* whrlpool.h */ = {isa = PBXFileReference; lastKnownFileType = sourcecode.c.h; path = whrlpool.h; sourceTree = "<group>"; };
		3ADD066117A6372C007684FA /* x509.h */ = {isa = PBXFileReference; lastKnownFileType = sourcecode.c.h; path = x509.h; sourceTree = "<group>"; };
		3ADD066217A6372C007684FA /* x509_vfy.h */ = {isa = PBXFileReference; lastKnownFileType = sourcecode.c.h; path = x509_vfy.h; sourceTree = "<group>"; };
		3ADD066317A6372C007684FA /* x509v3.h */ = {isa = PBXFileReference; lastKnownFileType = sourcecode.c.h; path = x509v3.h; sourceTree = "<group>"; };
		3ADD066517A6372C007684FA /* AlixPay.m */ = {isa = PBXFileReference; lastKnownFileType = sourcecode.c.objc; path = AlixPay.m; sourceTree = "<group>"; };
		3ADD066617A6372C007684FA /* AlixPayOrder.m */ = {isa = PBXFileReference; lastKnownFileType = sourcecode.c.objc; path = AlixPayOrder.m; sourceTree = "<group>"; };
		3ADD066717A6372C007684FA /* AlixPayResult.m */ = {isa = PBXFileReference; lastKnownFileType = sourcecode.c.objc; path = AlixPayResult.m; sourceTree = "<group>"; };
		3ADD066917A6372C007684FA /* base64.h */ = {isa = PBXFileReference; lastKnownFileType = sourcecode.c.h; path = base64.h; sourceTree = "<group>"; };
		3ADD066A17A6372C007684FA /* base64.m */ = {isa = PBXFileReference; lastKnownFileType = sourcecode.c.objc; path = base64.m; sourceTree = "<group>"; };
		3ADD066B17A6372C007684FA /* config.h */ = {isa = PBXFileReference; lastKnownFileType = sourcecode.c.h; path = config.h; sourceTree = "<group>"; };
		3ADD066C17A6372C007684FA /* MD5DataSigner.h */ = {isa = PBXFileReference; lastKnownFileType = sourcecode.c.h; path = MD5DataSigner.h; sourceTree = "<group>"; };
		3ADD066D17A6372C007684FA /* MD5DataSigner.m */ = {isa = PBXFileReference; lastKnownFileType = sourcecode.c.objc; path = MD5DataSigner.m; sourceTree = "<group>"; };
		3ADD066E17A6372C007684FA /* NSDataEx.h */ = {isa = PBXFileReference; lastKnownFileType = sourcecode.c.h; path = NSDataEx.h; sourceTree = "<group>"; };
		3ADD066F17A6372C007684FA /* NSDataEx.m */ = {isa = PBXFileReference; lastKnownFileType = sourcecode.c.objc; path = NSDataEx.m; sourceTree = "<group>"; };
		3ADD067017A6372C007684FA /* openssl_wrapper.h */ = {isa = PBXFileReference; lastKnownFileType = sourcecode.c.h; path = openssl_wrapper.h; sourceTree = "<group>"; };
		3ADD067117A6372C007684FA /* openssl_wrapper.m */ = {isa = PBXFileReference; lastKnownFileType = sourcecode.c.objc; path = openssl_wrapper.m; sourceTree = "<group>"; };
		3ADD067217A6372C007684FA /* RSADataSigner.h */ = {isa = PBXFileReference; lastKnownFileType = sourcecode.c.h; path = RSADataSigner.h; sourceTree = "<group>"; };
		3ADD067317A6372C007684FA /* RSADataSigner.m */ = {isa = PBXFileReference; lastKnownFileType = sourcecode.c.objc; path = RSADataSigner.m; sourceTree = "<group>"; };
		3ADD067417A6372C007684FA /* RSADataVerifier.h */ = {isa = PBXFileReference; lastKnownFileType = sourcecode.c.h; path = RSADataVerifier.h; sourceTree = "<group>"; };
		3ADD067517A6372C007684FA /* RSADataVerifier.m */ = {isa = PBXFileReference; lastKnownFileType = sourcecode.c.objc; path = RSADataVerifier.m; sourceTree = "<group>"; };
		3AE299C51785BE8000CDB041 /* account_userDeaultImage@2x.png */ = {isa = PBXFileReference; lastKnownFileType = image.png; path = "account_userDeaultImage@2x.png"; sourceTree = "<group>"; };
		3AE8AA3017845398005AC6AB /* check@2x.png */ = {isa = PBXFileReference; lastKnownFileType = image.png; path = "check@2x.png"; sourceTree = "<group>"; };
		3AE8AA3117845398005AC6AB /* uncheck@2x.png */ = {isa = PBXFileReference; lastKnownFileType = image.png; path = "uncheck@2x.png"; sourceTree = "<group>"; };
		3AFAD8A7175CDC4D00E7A4DB /* setting_cellSelectBackground@2x.png */ = {isa = PBXFileReference; lastKnownFileType = image.png; path = "setting_cellSelectBackground@2x.png"; sourceTree = "<group>"; };
		3AFAD8A8175CDC4D00E7A4DB /* setting_unchoiceBox@2x.png */ = {isa = PBXFileReference; lastKnownFileType = image.png; path = "setting_unchoiceBox@2x.png"; sourceTree = "<group>"; };
/* End PBXFileReference section */

/* Begin PBXFrameworksBuildPhase section */
		3AB1FFB417546F4200B72E93 /* Frameworks */ = {
			isa = PBXFrameworksBuildPhase;
			buildActionMask = 2147483647;
			files = (
				3A23A28D17A0ACCC0098D969 /* CoreMedia.framework in Frameworks */,
				3A23A28B17A0ACB10098D969 /* libGPUImage.a in Frameworks */,
				3A23A28017A0AA8E0098D969 /* libc++abi.dylib in Frameworks */,
				3A23A27E17A0AA5F0098D969 /* AssetsLibrary.framework in Frameworks */,
				3A23A27C17A0AA590098D969 /* AVFoundation.framework in Frameworks */,
				3A23A27A17A0AA2B0098D969 /* OpenGLES.framework in Frameworks */,
				3A23A27817A0AA220098D969 /* CoreVideo.framework in Frameworks */,
				3A3F1C3C1781271D00A64C93 /* libz.1.2.5.dylib in Frameworks */,
				3A3F1C3A1781271000A64C93 /* libicucore.dylib in Frameworks */,
				3A3F1C36178126F300A64C93 /* SystemConfiguration.framework in Frameworks */,
				3A45727B177AB45400453B7B /* QuartzCore.framework in Frameworks */,
				3AB1FFBC17546F4200B72E93 /* UIKit.framework in Frameworks */,
				3AB1FFBE17546F4200B72E93 /* Foundation.framework in Frameworks */,
				3AB1FFC017546F4200B72E93 /* CoreGraphics.framework in Frameworks */,
				3A23A26917A0A8D40098D969 /* SinaWeiboConnection.framework in Frameworks */,
				3A23A26A17A0A8D40098D969 /* AGCommon.framework in Frameworks */,
				3A23A26D17A0A8D40098D969 /* ShareSDKCoreService.framework in Frameworks */,
				3A23A26E17A0A8D40098D969 /* ShareSDK.framework in Frameworks */,
				3A23A26F17A0A8D40098D969 /* ShareSDKiPhoneAppRecommendShareViewUI.framework in Frameworks */,
				3A23A27117A0A8D40098D969 /* ShareSDKiPhoneDefaultShareViewUI.framework in Frameworks */,
				3A23A27317A0A8D40098D969 /* ShareSDKiPhoneSimpleShareViewUI.framework in Frameworks */,
			);
			runOnlyForDeploymentPostprocessing = 0;
		};
/* End PBXFrameworksBuildPhase section */

/* Begin PBXGroup section */
		3A23A25817A0A8D40098D969 /* ShareSDK_v2.2.4 */ = {
			isa = PBXGroup;
			children = (
				3A23A25917A0A8D40098D969 /* Connection */,
				3A23A25B17A0A8D40098D969 /* Core */,
				3A23A26117A0A8D40098D969 /* Extend */,
				3A23A26217A0A8D40098D969 /* ShareSDK.framework */,
				3A23A26317A0A8D40098D969 /* UI */,
			);
			path = ShareSDK_v2.2.4;
			sourceTree = "<group>";
		};
		3A23A25917A0A8D40098D969 /* Connection */ = {
			isa = PBXGroup;
			children = (
				3A23A25A17A0A8D40098D969 /* SinaWeiboConnection.framework */,
			);
			path = Connection;
			sourceTree = "<group>";
		};
		3A23A25B17A0A8D40098D969 /* Core */ = {
			isa = PBXGroup;
			children = (
				3A23A25C17A0A8D40098D969 /* AGCommon.framework */,
				3A23A25D17A0A8D40098D969 /* ShareSDKLocalizable.strings */,
				3A23A25F17A0A8D40098D969 /* Resource.bundle */,
				3A23A26017A0A8D40098D969 /* ShareSDKCoreService.framework */,
			);
			path = Core;
			sourceTree = "<group>";
		};
		3A23A26117A0A8D40098D969 /* Extend */ = {
			isa = PBXGroup;
			children = (
				3A23A27417A0A9220098D969 /* SDKExport */,
			);
			path = Extend;
			sourceTree = "<group>";
		};
		3A23A26317A0A8D40098D969 /* UI */ = {
			isa = PBXGroup;
			children = (
				3A23A26417A0A8D40098D969 /* ShareSDKiPhoneAppRecommendShareViewUI.framework */,
				3A23A26517A0A8D40098D969 /* ShareSDKiPhoneDefaultShareViewUI.bundle */,
				3A23A26617A0A8D40098D969 /* ShareSDKiPhoneDefaultShareViewUI.framework */,
				3A23A26717A0A8D40098D969 /* ShareSDKiPhoneSimpleShareViewUI.bundle */,
				3A23A26817A0A8D40098D969 /* ShareSDKiPhoneSimpleShareViewUI.framework */,
			);
			path = UI;
			sourceTree = "<group>";
		};
		3A23A27417A0A9220098D969 /* SDKExport */ = {
			isa = PBXGroup;
			children = (
			);
			path = SDKExport;
			sourceTree = "<group>";
		};
		3A23A28217A0AC8D0098D969 /* Products */ = {
			isa = PBXGroup;
			children = (
				3A23A28817A0AC8E0098D969 /* libGPUImage.a */,
				3A23A28A17A0AC8E0098D969 /* GPUImageTests.octest */,
			);
			name = Products;
			sourceTree = "<group>";
		};
		3A6E1944175B0AE800806F8A /* draw */ = {
			isa = PBXGroup;
			children = (
				3A6E196F175B11CA00806F8A /* stroke_2@2x.png */,
				3A6E1945175B0AE800806F8A /* stroke_0@2x.png */,
				3A6E1946175B0AE800806F8A /* stroke_1@2x.png */,
				3A6E1948175B0AE800806F8A /* stroke_3@2x.png */,
				3A6E1949175B0AE800806F8A /* stroke_4@2x.png */,
			);
			path = draw;
			sourceTree = "<group>";
		};
		3A6E194A175B0AE800806F8A /* pictureProcess */ = {
			isa = PBXGroup;
			children = (
				3A6E194B175B0AE800806F8A /* effect.png */,
				3A6E194C175B0AE800806F8A /* effect_0@2x.png */,
				3A6E194D175B0AE800806F8A /* effect_1@2x.png */,
				3A6E194E175B0AE800806F8A /* effect_2@2x.png */,
				3A6E194F175B0AE800806F8A /* effect_3@2x.png */,
				3A6E1950175B0AE800806F8A /* effect_4@2x.png */,
			);
			path = pictureProcess;
			sourceTree = "<group>";
		};
		3A6E1951175B0AE800806F8A /* text */ = {
			isa = PBXGroup;
			children = (
				3A6E1952175B0AE800806F8A /* font_0.png */,
				3A6E1953175B0AE800806F8A /* font_1.png */,
				3A6E1954175B0AE800806F8A /* font_2.png */,
				3A6E1955175B0AE800806F8A /* font_3.png */,
				3A6E1956175B0AE800806F8A /* font_4.png */,
			);
			path = text;
			sourceTree = "<group>";
		};
		3A6FD7B817A1495D00EDD52D /* Filters */ = {
			isa = PBXGroup;
			children = (
				3A6FD7B917A1495D00EDD52D /* 02.acv */,
				3A6FD7BA17A1495D00EDD52D /* 06.acv */,
				3A6FD7BB17A1495D00EDD52D /* 17.acv */,
				3A6FD7BC17A1495D00EDD52D /* aqua.acv */,
				3A6FD7BD17A1495D00EDD52D /* crossprocess.acv */,
				3A6FD7BE17A1495D00EDD52D /* purple-green.acv */,
				3A6FD7BF17A1495D00EDD52D /* yellow-red.acv */,
			);
			path = Filters;
			sourceTree = "<group>";
		};
		3AB1FFAC17546F4200B72E93 = {
			isa = PBXGroup;
			children = (
				3AB1FFC117546F4200B72E93 /* DoodleTee */,
				3AB1FFBA17546F4200B72E93 /* Frameworks */,
				3AB1FFB817546F4200B72E93 /* Products */,
			);
			sourceTree = "<group>";
		};
		3AB1FFB817546F4200B72E93 /* Products */ = {
			isa = PBXGroup;
			children = (
				3AB1FFB717546F4200B72E93 /* DoodleTee.app */,
			);
			name = Products;
			sourceTree = "<group>";
		};
		3AB1FFBA17546F4200B72E93 /* Frameworks */ = {
			isa = PBXGroup;
			children = (
				3A23A28C17A0ACCC0098D969 /* CoreMedia.framework */,
				3A23A28117A0AC8D0098D969 /* GPUImage.xcodeproj */,
				3A23A27F17A0AA8E0098D969 /* libc++abi.dylib */,
				3A23A27D17A0AA5F0098D969 /* AssetsLibrary.framework */,
				3A23A27B17A0AA590098D969 /* AVFoundation.framework */,
				3A23A27917A0AA2B0098D969 /* OpenGLES.framework */,
				3A23A27617A0AA220098D969 /* CoreVideo.framework */,
				3A3F1C411781273E00A64C93 /* CoreTelephony.framework */,
				3A3F1C3B1781271D00A64C93 /* libz.1.2.5.dylib */,
				3A3F1C391781271000A64C93 /* libicucore.dylib */,
				3A3F1C35178126F300A64C93 /* SystemConfiguration.framework */,
				3A45727A177AB45400453B7B /* QuartzCore.framework */,
				3AB1FFBB17546F4200B72E93 /* UIKit.framework */,
				3AB1FFBD17546F4200B72E93 /* Foundation.framework */,
				3AB1FFBF17546F4200B72E93 /* CoreGraphics.framework */,
			);
			name = Frameworks;
			sourceTree = "<group>";
		};
		3AB1FFC117546F4200B72E93 /* DoodleTee */ = {
			isa = PBXGroup;
			children = (
				3AD5A5E517896A1600CEF762 /* Classes */,
				3AB1FFC217546F4200B72E93 /* Supporting Files */,
			);
			path = DoodleTee;
			sourceTree = "<group>";
		};
		3AB1FFC217546F4200B72E93 /* Supporting Files */ = {
			isa = PBXGroup;
			children = (
				3ADD060A17A6372B007684FA /* alixPay */,
				3A29C12A177FE5AC00CD53D7 /* root_bg@2x.png */,
				3A0865BB177BC65B00DC6381 /* LocalDefault.h */,
				3A6E196D175B0D2A00806F8A /* icon57.png */,
				3A6E196B175B0D2700806F8A /* icon114.png */,
				3A19C6BE175A3224001FC0D5 /* Default-568h@2x.png */,
				3A19C6B6175A2D38001FC0D5 /* Default.png */,
				3A19C6B3175A2D34001FC0D5 /* Default@2x.png */,
				3AB1FFFC1754850500B72E93 /* Images */,
				3AB1FFC317546F4200B72E93 /* DoodleTee-Info.plist */,
				3AB1FFC417546F4200B72E93 /* InfoPlist.strings */,
				3AB1FFC717546F4200B72E93 /* main.m */,
				3AB1FFC917546F4200B72E93 /* DoodleTee-Prefix.pch */,
			);
			name = "Supporting Files";
			sourceTree = "<group>";
		};
		3AB1FFFC1754850500B72E93 /* Images */ = {
			isa = PBXGroup;
			children = (
				3AE299C51785BE8000CDB041 /* account_userDeaultImage@2x.png */,
				3AE8AA3017845398005AC6AB /* check@2x.png */,
				3AE8AA3117845398005AC6AB /* uncheck@2x.png */,
				3A0BF980178312EC006BB126 /* share_sina@2x.png */,
				3AFAD8A7175CDC4D00E7A4DB /* setting_cellSelectBackground@2x.png */,
				3AFAD8A8175CDC4D00E7A4DB /* setting_unchoiceBox@2x.png */,
				3A6E1944175B0AE800806F8A /* draw */,
				3A6E194A175B0AE800806F8A /* pictureProcess */,
				3A6E1951175B0AE800806F8A /* text */,
				3A6E193E175B083E00806F8A /* effect_segmented_pressed_center@2x.png */,
				3A6E193F175B083E00806F8A /* effect_segmented_pressed_left@2x.png */,
				3A6E1940175B083E00806F8A /* effect_segmented_pressed_right@2x.png */,
				3A6E1933175B045100806F8A /* effect_camera_icon@2x.png */,
				3A6E1934175B045100806F8A /* effect_draw_icon@2x.png */,
				3A6E1935175B045100806F8A /* effect_text_icon@2x.png */,
				3AB180001759F15900D72F83 /* effect_image_icon@2x.png */,
				3AB180011759F15900D72F83 /* effect_photograph_icon@2x.png */,
				3A19C6D7175A3288001FC0D5 /* root_effect_icon@2x.png */,
				3A19C6D8175A3288001FC0D5 /* root_piazza_icon@2x.png */,
				3A19C6D9175A3288001FC0D5 /* root_share_icon@2x.png */,
				3A19C6C9175A3288001FC0D5 /* segmented_separator@2x.png */,
				3A19C6C5175A3288001FC0D5 /* root_account_icon@2x.png */,
				3A19C6C6175A3288001FC0D5 /* root_shirt_icon@2x.png */,
				3AB10011175496F000B72E93 /* functionBarBg@2x.png */,
				3AB1000F175494B600B72E93 /* bottomBarBg@2x.png */,
				3AB1000D1754941D00B72E93 /* buttonBg@2x.png */,
				3AB1000317548AF600B72E93 /* root_add@2x.png */,
				3AB10001175486AC00B72E93 /* clothe_default@2x.png */,
			);
			path = Images;
			sourceTree = "<group>";
		};
		3AD5A5E517896A1600CEF762 /* Classes */ = {
			isa = PBXGroup;
			children = (
				3AD5A5E617896A1600CEF762 /* Account */,
				3AD5A5EE17896A1600CEF762 /* CustomControl */,
				3AD5A5F217896A1600CEF762 /* CustomMade */,
				3AD5A5FA17896A1600CEF762 /* Effect */,
				3AD5A60C17896A1600CEF762 /* LocalDefault.h */,
				3AD5A60D17896A1600CEF762 /* Setting */,
				3AD5A61117896A1600CEF762 /* Share */,
				3AD5A63517896A1600CEF762 /* XDAppDelegate.h */,
				3AD5A63617896A1600CEF762 /* XDAppDelegate.m */,
				3AD5A63717896A1600CEF762 /* XDFinishShowViewController.h */,
				3AD5A63817896A1600CEF762 /* XDFinishShowViewController.m */,
				3AD5A63917896A1600CEF762 /* XDRootViewController.h */,
				3AD5A63A17896A1600CEF762 /* XDRootViewController.m */,
				3AD5A63B17896A1600CEF762 /* XDShareMethods.h */,
				3AD5A63C17896A1600CEF762 /* XDShareMethods.m */,
			);
			path = Classes;
			sourceTree = "<group>";
		};
		3AD5A5E617896A1600CEF762 /* Account */ = {
			isa = PBXGroup;
			children = (
				3AD5A5E717896A1600CEF762 /* XDAccountInfoCell.h */,
				3AD5A5E817896A1600CEF762 /* XDAccountInfoCell.m */,
				3AD5A5E917896A1600CEF762 /* XDAccountInfoViewController.h */,
				3AD5A5EA17896A1600CEF762 /* XDAccountInfoViewController.m */,
				3AD5A5EB17896A1600CEF762 /* XDAccountViewController.h */,
				3AD5A5EC17896A1600CEF762 /* XDAccountViewController.m */,
				3AD5A5ED17896A1600CEF762 /* XDAccountViewController.xib */,
			);
			path = Account;
			sourceTree = "<group>";
		};
		3AD5A5EE17896A1600CEF762 /* CustomControl */ = {
			isa = PBXGroup;
			children = (
				3AD5A5EF17896A1600CEF762 /* AKSegmentedControl */,
			);
			path = CustomControl;
			sourceTree = "<group>";
		};
		3AD5A5EF17896A1600CEF762 /* AKSegmentedControl */ = {
			isa = PBXGroup;
			children = (
				3AD5A5F017896A1600CEF762 /* AKSegmentedControl.h */,
				3AD5A5F117896A1600CEF762 /* AKSegmentedControl.m */,
			);
			path = AKSegmentedControl;
			sourceTree = "<group>";
		};
		3AD5A5F217896A1600CEF762 /* CustomMade */ = {
			isa = PBXGroup;
			children = (
				3AD5A5F317896A1600CEF762 /* XDAttributeCell.h */,
				3AD5A5F417896A1600CEF762 /* XDAttributeCell.m */,
				3AD5A5F517896A1600CEF762 /* XDCustomMadeViewController.h */,
				3AD5A5F617896A1600CEF762 /* XDCustomMadeViewController.m */,
				3AD5A5F717896A1600CEF762 /* XDPayMoneyViewController.h */,
				3AD5A5F817896A1600CEF762 /* XDPayMoneyViewController.m */,
				3AD5A5F917896A1600CEF762 /* XDPayMoneyViewController.xib */,
			);
			path = CustomMade;
			sourceTree = "<group>";
		};
		3AD5A5FA17896A1600CEF762 /* Effect */ = {
			isa = PBXGroup;
			children = (
				3AD5A5FB17896A1600CEF762 /* EffectPicker */,
				3AD5A60A17896A1600CEF762 /* XDEffectViewController.h */,
				3AD5A60B17896A1600CEF762 /* XDEffectViewController.m */,
			);
			path = Effect;
			sourceTree = "<group>";
		};
		3AD5A5FB17896A1600CEF762 /* EffectPicker */ = {
			isa = PBXGroup;
			children = (
				3A6FD7B817A1495D00EDD52D /* Filters */,
				3AD5A5FC17896A1600CEF762 /* ImageUtil */,
				3AD5A60217896A1600CEF762 /* XDDrawPicker.h */,
				3AD5A60317896A1600CEF762 /* XDDrawPicker.m */,
				3AD5A60417896A1600CEF762 /* XDDrawView.h */,
				3AD5A60517896A1600CEF762 /* XDDrawView.m */,
				3AD5A60617896A1600CEF762 /* XDImagePicker.h */,
				3AD5A60717896A1600CEF762 /* XDImagePicker.m */,
				3AD5A60817896A1600CEF762 /* XDTextPicker.h */,
				3AD5A60917896A1600CEF762 /* XDTextPicker.m */,
			);
			path = EffectPicker;
			sourceTree = "<group>";
		};
		3AD5A5FC17896A1600CEF762 /* ImageUtil */ = {
			isa = PBXGroup;
			children = (
				3AD5A5FD17896A1600CEF762 /* ColorMatrix.h */,
				3AD5A5FE17896A1600CEF762 /* ImageUtil.h */,
				3AD5A5FF17896A1600CEF762 /* ImageUtil.m */,
				3AD5A60017896A1600CEF762 /* UIColor_Random.h */,
				3AD5A60117896A1600CEF762 /* UIColor_Random.m */,
			);
			path = ImageUtil;
			sourceTree = "<group>";
		};
		3AD5A60D17896A1600CEF762 /* Setting */ = {
			isa = PBXGroup;
			children = (
				3AD5A60E17896A1600CEF762 /* XDSettingViewController.h */,
				3AD5A60F17896A1600CEF762 /* XDSettingViewController.m */,
				3AD5A61017896A1600CEF762 /* XDSettingViewController.xib */,
			);
			path = Setting;
			sourceTree = "<group>";
		};
		3AD5A61117896A1600CEF762 /* Share */ = {
			isa = PBXGroup;
			children = (
				3A23A25817A0A8D40098D969 /* ShareSDK_v2.2.4 */,
				3AD5A61217896A1600CEF762 /* share.plist */,
				3AD5A63217896A1600CEF762 /* XDShareViewController.h */,
				3AD5A63317896A1600CEF762 /* XDShareViewController.m */,
				3AD5A63417896A1600CEF762 /* XDShareViewController.xib */,
			);
			path = Share;
			sourceTree = "<group>";
		};
		3ADD060A17A6372B007684FA /* alixPay */ = {
			isa = PBXGroup;
			children = (
				3ADD060B17A6372B007684FA /* include */,
				3ADD060F17A6372B007684FA /* libcrypto.a */,
				3ADD061017A6372B007684FA /* libs */,
				3ADD061217A6372B007684FA /* libssl.a */,
				3ADD061317A6372B007684FA /* Utilities */,
			);
			path = alixPay;
			sourceTree = "<group>";
		};
		3ADD060B17A6372B007684FA /* include */ = {
			isa = PBXGroup;
			children = (
				3ADD060C17A6372B007684FA /* AlixPay.h */,
				3ADD060D17A6372B007684FA /* AlixPayOrder.h */,
				3ADD060E17A6372B007684FA /* AlixPayResult.h */,
			);
			path = include;
			sourceTree = "<group>";
		};
		3ADD061017A6372B007684FA /* libs */ = {
			isa = PBXGroup;
			children = (
				3ADD061117A6372B007684FA /* libalixpay.a */,
			);
			path = libs;
			sourceTree = "<group>";
		};
		3ADD061317A6372B007684FA /* Utilities */ = {
			isa = PBXGroup;
			children = (
				3ADD061417A6372B007684FA /* DataSigner.h */,
				3ADD061517A6372B007684FA /* DataSigner.m */,
				3ADD061617A6372B007684FA /* DataVerifier.h */,
				3ADD061717A6372B007684FA /* DataVerifier.m */,
				3ADD061817A6372B007684FA /* openssl */,
				3ADD066417A6372C007684FA /* other */,
				3ADD066817A6372C007684FA /* src */,
			);
			path = Utilities;
			sourceTree = "<group>";
		};
		3ADD061817A6372B007684FA /* openssl */ = {
			isa = PBXGroup;
			children = (
				3ADD061917A6372B007684FA /* aes.h */,
				3ADD061A17A6372B007684FA /* asn1.h */,
				3ADD061B17A6372B007684FA /* asn1_mac.h */,
				3ADD061C17A6372B007684FA /* asn1t.h */,
				3ADD061D17A6372B007684FA /* bio.h */,
				3ADD061E17A6372B007684FA /* blowfish.h */,
				3ADD061F17A6372B007684FA /* bn.h */,
				3ADD062017A6372B007684FA /* buffer.h */,
				3ADD062117A6372B007684FA /* camellia.h */,
				3ADD062217A6372B007684FA /* cast.h */,
				3ADD062317A6372B007684FA /* cmac.h */,
				3ADD062417A6372B007684FA /* cms.h */,
				3ADD062517A6372B007684FA /* comp.h */,
				3ADD062617A6372B007684FA /* conf.h */,
				3ADD062717A6372B007684FA /* conf_api.h */,
				3ADD062817A6372B007684FA /* crypto.h */,
				3ADD062917A6372B007684FA /* des.h */,
				3ADD062A17A6372B007684FA /* des_old.h */,
				3ADD062B17A6372B007684FA /* dh.h */,
				3ADD062C17A6372B007684FA /* dsa.h */,
				3ADD062D17A6372B007684FA /* dso.h */,
				3ADD062E17A6372B007684FA /* dtls1.h */,
				3ADD062F17A6372B007684FA /* e_os2.h */,
				3ADD063017A6372B007684FA /* ebcdic.h */,
				3ADD063117A6372B007684FA /* ec.h */,
				3ADD063217A6372B007684FA /* ecdh.h */,
				3ADD063317A6372B007684FA /* ecdsa.h */,
				3ADD063417A6372B007684FA /* engine.h */,
				3ADD063517A6372B007684FA /* err.h */,
				3ADD063617A6372B007684FA /* evp.h */,
				3ADD063717A6372B007684FA /* hmac.h */,
				3ADD063817A6372B007684FA /* idea.h */,
				3ADD063917A6372B007684FA /* krb5_asn.h */,
				3ADD063A17A6372B007684FA /* kssl.h */,
				3ADD063B17A6372B007684FA /* lhash.h */,
				3ADD063C17A6372B007684FA /* md4.h */,
				3ADD063D17A6372B007684FA /* md5.h */,
				3ADD063E17A6372B007684FA /* mdc2.h */,
				3ADD063F17A6372B007684FA /* modes.h */,
				3ADD064017A6372B007684FA /* obj_mac.h */,
				3ADD064117A6372B007684FA /* objects.h */,
				3ADD064217A6372B007684FA /* ocsp.h */,
				3ADD064317A6372B007684FA /* opensslconf.h */,
				3ADD064417A6372B007684FA /* opensslv.h */,
				3ADD064517A6372B007684FA /* ossl_typ.h */,
				3ADD064617A6372B007684FA /* pem.h */,
				3ADD064717A6372B007684FA /* pem2.h */,
				3ADD064817A6372B007684FA /* pkcs12.h */,
				3ADD064917A6372B007684FA /* pkcs7.h */,
				3ADD064A17A6372B007684FA /* pqueue.h */,
				3ADD064B17A6372B007684FA /* rand.h */,
				3ADD064C17A6372B007684FA /* rc2.h */,
				3ADD064D17A6372B007684FA /* rc4.h */,
				3ADD064E17A6372B007684FA /* ripemd.h */,
				3ADD064F17A6372B007684FA /* rsa.h */,
				3ADD065017A6372B007684FA /* safestack.h */,
				3ADD065117A6372B007684FA /* seed.h */,
				3ADD065217A6372B007684FA /* sha.h */,
				3ADD065317A6372B007684FA /* srp.h */,
				3ADD065417A6372B007684FA /* srtp.h */,
				3ADD065517A6372B007684FA /* ssl.h */,
				3ADD065617A6372B007684FA /* ssl2.h */,
				3ADD065717A6372B007684FA /* ssl23.h */,
				3ADD065817A6372B007684FA /* ssl3.h */,
				3ADD065917A6372B007684FA /* stack.h */,
				3ADD065A17A6372B007684FA /* symhacks.h */,
				3ADD065B17A6372B007684FA /* tls1.h */,
				3ADD065C17A6372B007684FA /* ts.h */,
				3ADD065D17A6372C007684FA /* txt_db.h */,
				3ADD065E17A6372C007684FA /* ui.h */,
				3ADD065F17A6372C007684FA /* ui_compat.h */,
				3ADD066017A6372C007684FA /* whrlpool.h */,
				3ADD066117A6372C007684FA /* x509.h */,
				3ADD066217A6372C007684FA /* x509_vfy.h */,
				3ADD066317A6372C007684FA /* x509v3.h */,
			);
			path = openssl;
			sourceTree = "<group>";
		};
		3ADD066417A6372C007684FA /* other */ = {
			isa = PBXGroup;
			children = (
				3ADD066517A6372C007684FA /* AlixPay.m */,
				3ADD066617A6372C007684FA /* AlixPayOrder.m */,
				3ADD066717A6372C007684FA /* AlixPayResult.m */,
			);
			path = other;
			sourceTree = "<group>";
		};
		3ADD066817A6372C007684FA /* src */ = {
			isa = PBXGroup;
			children = (
				3ADD066917A6372C007684FA /* base64.h */,
				3ADD066A17A6372C007684FA /* base64.m */,
				3ADD066B17A6372C007684FA /* config.h */,
				3ADD066C17A6372C007684FA /* MD5DataSigner.h */,
				3ADD066D17A6372C007684FA /* MD5DataSigner.m */,
				3ADD066E17A6372C007684FA /* NSDataEx.h */,
				3ADD066F17A6372C007684FA /* NSDataEx.m */,
				3ADD067017A6372C007684FA /* openssl_wrapper.h */,
				3ADD067117A6372C007684FA /* openssl_wrapper.m */,
				3ADD067217A6372C007684FA /* RSADataSigner.h */,
				3ADD067317A6372C007684FA /* RSADataSigner.m */,
				3ADD067417A6372C007684FA /* RSADataVerifier.h */,
				3ADD067517A6372C007684FA /* RSADataVerifier.m */,
			);
			path = src;
			sourceTree = "<group>";
		};
/* End PBXGroup section */

/* Begin PBXNativeTarget section */
		3AB1FFB617546F4200B72E93 /* DoodleTee */ = {
			isa = PBXNativeTarget;
			buildConfigurationList = 3AB1FFDB17546F4200B72E93 /* Build configuration list for PBXNativeTarget "DoodleTee" */;
			buildPhases = (
				3AB1FFB317546F4200B72E93 /* Sources */,
				3AB1FFB417546F4200B72E93 /* Frameworks */,
				3AB1FFB517546F4200B72E93 /* Resources */,
			);
			buildRules = (
			);
			dependencies = (
			);
			name = DoodleTee;
			productName = DoodleTee;
			productReference = 3AB1FFB717546F4200B72E93 /* DoodleTee.app */;
			productType = "com.apple.product-type.application";
		};
/* End PBXNativeTarget section */

/* Begin PBXProject section */
		3AB1FFAE17546F4200B72E93 /* Project object */ = {
			isa = PBXProject;
			attributes = {
				CLASSPREFIX = XD;
				LastUpgradeCheck = 0450;
				ORGANIZATIONNAME = XD;
			};
			buildConfigurationList = 3AB1FFB117546F4200B72E93 /* Build configuration list for PBXProject "DoodleTee" */;
			compatibilityVersion = "Xcode 3.2";
			developmentRegion = English;
			hasScannedForEncodings = 0;
			knownRegions = (
				en,
			);
			mainGroup = 3AB1FFAC17546F4200B72E93;
			productRefGroup = 3AB1FFB817546F4200B72E93 /* Products */;
			projectDirPath = "";
			projectReferences = (
				{
					ProductGroup = 3A23A28217A0AC8D0098D969 /* Products */;
					ProjectRef = 3A23A28117A0AC8D0098D969 /* GPUImage.xcodeproj */;
				},
			);
			projectRoot = "";
			targets = (
				3AB1FFB617546F4200B72E93 /* DoodleTee */,
			);
		};
/* End PBXProject section */

/* Begin PBXReferenceProxy section */
		3A23A28817A0AC8E0098D969 /* libGPUImage.a */ = {
			isa = PBXReferenceProxy;
			fileType = archive.ar;
			path = libGPUImage.a;
			remoteRef = 3A23A28717A0AC8E0098D969 /* PBXContainerItemProxy */;
			sourceTree = BUILT_PRODUCTS_DIR;
		};
		3A23A28A17A0AC8E0098D969 /* GPUImageTests.octest */ = {
			isa = PBXReferenceProxy;
			fileType = wrapper.cfbundle;
			path = GPUImageTests.octest;
			remoteRef = 3A23A28917A0AC8E0098D969 /* PBXContainerItemProxy */;
			sourceTree = BUILT_PRODUCTS_DIR;
		};
/* End PBXReferenceProxy section */

/* Begin PBXResourcesBuildPhase section */
		3AB1FFB517546F4200B72E93 /* Resources */ = {
			isa = PBXResourcesBuildPhase;
			buildActionMask = 2147483647;
			files = (
				3AB1FFC617546F4200B72E93 /* InfoPlist.strings in Resources */,
				3AB10002175486AC00B72E93 /* clothe_default@2x.png in Resources */,
				3AB1000417548AF600B72E93 /* root_add@2x.png in Resources */,
				3AB1000E1754941D00B72E93 /* buttonBg@2x.png in Resources */,
				3AB10010175494B600B72E93 /* bottomBarBg@2x.png in Resources */,
				3AB10012175496F000B72E93 /* functionBarBg@2x.png in Resources */,
				3A19C6B4175A2D34001FC0D5 /* Default@2x.png in Resources */,
				3A19C6B7175A2D38001FC0D5 /* Default.png in Resources */,
				3A19C6BF175A3224001FC0D5 /* Default-568h@2x.png in Resources */,
				3A19C6C7175A3288001FC0D5 /* root_account_icon@2x.png in Resources */,
				3A19C6C8175A3288001FC0D5 /* root_shirt_icon@2x.png in Resources */,
				3A19C6D0175A3288001FC0D5 /* segmented_separator@2x.png in Resources */,
				3A19C6DA175A3288001FC0D5 /* root_effect_icon@2x.png in Resources */,
				3A19C6DB175A3288001FC0D5 /* root_piazza_icon@2x.png in Resources */,
				3A19C6DC175A3288001FC0D5 /* root_share_icon@2x.png in Resources */,
				3AB180021759F15900D72F83 /* effect_image_icon@2x.png in Resources */,
				3AB180031759F15900D72F83 /* effect_photograph_icon@2x.png in Resources */,
				3A6E1936175B045100806F8A /* effect_camera_icon@2x.png in Resources */,
				3A6E1937175B045100806F8A /* effect_draw_icon@2x.png in Resources */,
				3A6E1938175B045100806F8A /* effect_text_icon@2x.png in Resources */,
				3A6E1941175B083E00806F8A /* effect_segmented_pressed_center@2x.png in Resources */,
				3A6E1942175B083E00806F8A /* effect_segmented_pressed_left@2x.png in Resources */,
				3A6E1943175B083E00806F8A /* effect_segmented_pressed_right@2x.png in Resources */,
				3A6E1957175B0AE800806F8A /* stroke_0@2x.png in Resources */,
				3A6E1958175B0AE800806F8A /* stroke_1@2x.png in Resources */,
				3A6E195A175B0AE800806F8A /* stroke_3@2x.png in Resources */,
				3A6E195B175B0AE800806F8A /* stroke_4@2x.png in Resources */,
				3A6E195C175B0AE800806F8A /* effect.png in Resources */,
				3A6E195D175B0AE800806F8A /* effect_0@2x.png in Resources */,
				3A6E195E175B0AE800806F8A /* effect_1@2x.png in Resources */,
				3A6E195F175B0AE800806F8A /* effect_2@2x.png in Resources */,
				3A6E1960175B0AE800806F8A /* effect_3@2x.png in Resources */,
				3A6E1961175B0AE800806F8A /* effect_4@2x.png in Resources */,
				3A6E1962175B0AE800806F8A /* font_0.png in Resources */,
				3A6E1963175B0AE800806F8A /* font_1.png in Resources */,
				3A6E1964175B0AE800806F8A /* font_2.png in Resources */,
				3A6E1965175B0AE800806F8A /* font_3.png in Resources */,
				3A6E1966175B0AE800806F8A /* font_4.png in Resources */,
				3A6E196C175B0D2700806F8A /* icon114.png in Resources */,
				3A6E196E175B0D2A00806F8A /* icon57.png in Resources */,
				3A6E1970175B11CA00806F8A /* stroke_2@2x.png in Resources */,
				3AFAD8A9175CDC4D00E7A4DB /* setting_cellSelectBackground@2x.png in Resources */,
				3AFAD8AA175CDC4D00E7A4DB /* setting_unchoiceBox@2x.png in Resources */,
				3A29C12B177FE5AC00CD53D7 /* root_bg@2x.png in Resources */,
				3A0BF981178312EC006BB126 /* share_sina@2x.png in Resources */,
				3AE8AA3217845398005AC6AB /* check@2x.png in Resources */,
				3AE8AA3317845398005AC6AB /* uncheck@2x.png in Resources */,
				3AE299C61785BE8000CDB041 /* account_userDeaultImage@2x.png in Resources */,
				3AD5A64017896A1600CEF762 /* XDAccountViewController.xib in Resources */,
				3AD5A64517896A1600CEF762 /* XDPayMoneyViewController.xib in Resources */,
				3AD5A64E17896A1600CEF762 /* XDSettingViewController.xib in Resources */,
				3AD5A64F17896A1600CEF762 /* share.plist in Resources */,
				3AD5A66417896A1600CEF762 /* XDShareViewController.xib in Resources */,
				3A23A26B17A0A8D40098D969 /* ShareSDKLocalizable.strings in Resources */,
				3A23A26C17A0A8D40098D969 /* Resource.bundle in Resources */,
				3A23A27017A0A8D40098D969 /* ShareSDKiPhoneDefaultShareViewUI.bundle in Resources */,
				3A23A27217A0A8D40098D969 /* ShareSDKiPhoneSimpleShareViewUI.bundle in Resources */,
				3A6FD7C017A1495D00EDD52D /* 02.acv in Resources */,
				3A6FD7C117A1495D00EDD52D /* 06.acv in Resources */,
				3A6FD7C217A1495D00EDD52D /* 17.acv in Resources */,
				3A6FD7C317A1495D00EDD52D /* aqua.acv in Resources */,
				3A6FD7C417A1495D00EDD52D /* crossprocess.acv in Resources */,
				3A6FD7C517A1495D00EDD52D /* purple-green.acv in Resources */,
				3A6FD7C617A1495D00EDD52D /* yellow-red.acv in Resources */,
			);
			runOnlyForDeploymentPostprocessing = 0;
		};
/* End PBXResourcesBuildPhase section */

/* Begin PBXSourcesBuildPhase section */
		3AB1FFB317546F4200B72E93 /* Sources */ = {
			isa = PBXSourcesBuildPhase;
			buildActionMask = 2147483647;
			files = (
				3AB1FFC817546F4200B72E93 /* main.m in Sources */,
				3AD5A63D17896A1600CEF762 /* XDAccountInfoCell.m in Sources */,
				3AD5A63E17896A1600CEF762 /* XDAccountInfoViewController.m in Sources */,
				3AD5A63F17896A1600CEF762 /* XDAccountViewController.m in Sources */,
				3AD5A64117896A1600CEF762 /* AKSegmentedControl.m in Sources */,
				3AD5A64217896A1600CEF762 /* XDAttributeCell.m in Sources */,
				3AD5A64317896A1600CEF762 /* XDCustomMadeViewController.m in Sources */,
				3AD5A64417896A1600CEF762 /* XDPayMoneyViewController.m in Sources */,
				3AD5A64617896A1600CEF762 /* ImageUtil.m in Sources */,
				3AD5A64717896A1600CEF762 /* UIColor_Random.m in Sources */,
				3AD5A64817896A1600CEF762 /* XDDrawPicker.m in Sources */,
				3AD5A64917896A1600CEF762 /* XDDrawView.m in Sources */,
				3AD5A64A17896A1600CEF762 /* XDImagePicker.m in Sources */,
				3AD5A64B17896A1600CEF762 /* XDTextPicker.m in Sources */,
				3AD5A64C17896A1600CEF762 /* XDEffectViewController.m in Sources */,
				3AD5A64D17896A1600CEF762 /* XDSettingViewController.m in Sources */,
				3AD5A66317896A1600CEF762 /* XDShareViewController.m in Sources */,
				3AD5A66517896A1600CEF762 /* XDAppDelegate.m in Sources */,
				3AD5A66617896A1600CEF762 /* XDFinishShowViewController.m in Sources */,
				3AD5A66717896A1600CEF762 /* XDRootViewController.m in Sources */,
				3AD5A66817896A1600CEF762 /* XDShareMethods.m in Sources */,
			);
			runOnlyForDeploymentPostprocessing = 0;
		};
/* End PBXSourcesBuildPhase section */

/* Begin PBXVariantGroup section */
		3A23A25D17A0A8D40098D969 /* ShareSDKLocalizable.strings */ = {
			isa = PBXVariantGroup;
			children = (
				3A23A25E17A0A8D40098D969 /* en */,
			);
			name = ShareSDKLocalizable.strings;
			sourceTree = "<group>";
		};
		3AB1FFC417546F4200B72E93 /* InfoPlist.strings */ = {
			isa = PBXVariantGroup;
			children = (
				3AB1FFC517546F4200B72E93 /* en */,
			);
			name = InfoPlist.strings;
			sourceTree = "<group>";
		};
/* End PBXVariantGroup section */

/* Begin XCBuildConfiguration section */
		3AB1FFD917546F4200B72E93 /* Debug */ = {
			isa = XCBuildConfiguration;
			buildSettings = {
				ALWAYS_SEARCH_USER_PATHS = NO;
				CLANG_CXX_LANGUAGE_STANDARD = "gnu++0x";
				CLANG_CXX_LIBRARY = "libc++";
				CLANG_ENABLE_OBJC_ARC = YES;
				CLANG_WARN_EMPTY_BODY = YES;
				CLANG_WARN__DUPLICATE_METHOD_MATCH = YES;
				CODE_SIGN_IDENTITY = "iPhone Developer";
				"CODE_SIGN_IDENTITY[sdk=iphoneos*]" = "iPhone Developer";
				COPY_PHASE_STRIP = NO;
				GCC_C_LANGUAGE_STANDARD = gnu99;
				GCC_DYNAMIC_NO_PIC = NO;
				GCC_OPTIMIZATION_LEVEL = 0;
				GCC_PREPROCESSOR_DEFINITIONS = (
					"DEBUG=1",
					"$(inherited)",
				);
				GCC_SYMBOLS_PRIVATE_EXTERN = NO;
				GCC_WARN_ABOUT_RETURN_TYPE = YES;
				GCC_WARN_UNINITIALIZED_AUTOS = YES;
				GCC_WARN_UNUSED_VARIABLE = YES;
				IPHONEOS_DEPLOYMENT_TARGET = 6.0;
				PROVISIONING_PROFILE = "";
				"PROVISIONING_PROFILE[sdk=iphoneos*]" = "";
				SDKROOT = iphoneos;
			};
			name = Debug;
		};
		3AB1FFDA17546F4200B72E93 /* Release */ = {
			isa = XCBuildConfiguration;
			buildSettings = {
				ALWAYS_SEARCH_USER_PATHS = NO;
				CLANG_CXX_LANGUAGE_STANDARD = "gnu++0x";
				CLANG_CXX_LIBRARY = "libc++";
				CLANG_ENABLE_OBJC_ARC = YES;
				CLANG_WARN_EMPTY_BODY = YES;
				CLANG_WARN__DUPLICATE_METHOD_MATCH = YES;
				CODE_SIGN_IDENTITY = "iPhone Developer";
				"CODE_SIGN_IDENTITY[sdk=iphoneos*]" = "iPhone Developer";
				COPY_PHASE_STRIP = YES;
				GCC_C_LANGUAGE_STANDARD = gnu99;
				GCC_WARN_ABOUT_RETURN_TYPE = YES;
				GCC_WARN_UNINITIALIZED_AUTOS = YES;
				GCC_WARN_UNUSED_VARIABLE = YES;
				IPHONEOS_DEPLOYMENT_TARGET = 6.0;
				OTHER_CFLAGS = "-DNS_BLOCK_ASSERTIONS=1";
				PROVISIONING_PROFILE = "";
				"PROVISIONING_PROFILE[sdk=iphoneos*]" = "";
				SDKROOT = iphoneos;
				VALIDATE_PRODUCT = YES;
			};
			name = Release;
		};
		3AB1FFDC17546F4200B72E93 /* Debug */ = {
			isa = XCBuildConfiguration;
			buildSettings = {
				CODE_SIGN_IDENTITY = "iPhone Developer";
				"CODE_SIGN_IDENTITY[sdk=iphoneos*]" = "iPhone Developer";
				FRAMEWORK_SEARCH_PATHS = (
					"$(inherited)",
					"\"$(SRCROOT)/DoodleTee/Classes/Share/ShareSDK_v2.2.4/Connection\"",
					"\"$(SRCROOT)/DoodleTee/Classes/Share/ShareSDK_v2.2.4/Core\"",
					"\"$(SRCROOT)/DoodleTee/Classes/Share/ShareSDK_v2.2.4/Extend\"",
					"\"$(SRCROOT)/DoodleTee/Classes/Share/ShareSDK_v2.2.4\"",
					"\"$(SRCROOT)/DoodleTee/Classes/Share/ShareSDK_v2.2.4/UI\"",
				);
				GCC_PRECOMPILE_PREFIX_HEADER = YES;
				GCC_PREFIX_HEADER = "DoodleTee/DoodleTee-Prefix.pch";
				HEADER_SEARCH_PATHS = "$(SRCROOT)/framework/**";
				INFOPLIST_FILE = "DoodleTee/DoodleTee-Info.plist";
				IPHONEOS_DEPLOYMENT_TARGET = 5.1;
				LIBRARY_SEARCH_PATHS = "$(inherited)";
				OTHER_LDFLAGS = (
					"-all_load",
					"-ObjC",
				);
				PRODUCT_NAME = "$(TARGET_NAME)";
				PROVISIONING_PROFILE = "";
				"PROVISIONING_PROFILE[sdk=iphoneos*]" = "";
				WRAPPER_EXTENSION = app;
			};
			name = Debug;
		};
		3AB1FFDD17546F4200B72E93 /* Release */ = {
			isa = XCBuildConfiguration;
			buildSettings = {
				CODE_SIGN_IDENTITY = "iPhone Developer";
				"CODE_SIGN_IDENTITY[sdk=iphoneos*]" = "iPhone Developer";
				FRAMEWORK_SEARCH_PATHS = (
					"$(inherited)",
					"\"$(SRCROOT)/DoodleTee/Classes/Share/ShareSDK_v2.2.4/Connection\"",
					"\"$(SRCROOT)/DoodleTee/Classes/Share/ShareSDK_v2.2.4/Core\"",
					"\"$(SRCROOT)/DoodleTee/Classes/Share/ShareSDK_v2.2.4/Extend\"",
					"\"$(SRCROOT)/DoodleTee/Classes/Share/ShareSDK_v2.2.4\"",
					"\"$(SRCROOT)/DoodleTee/Classes/Share/ShareSDK_v2.2.4/UI\"",
				);
				GCC_PRECOMPILE_PREFIX_HEADER = YES;
				GCC_PREFIX_HEADER = "DoodleTee/DoodleTee-Prefix.pch";
				HEADER_SEARCH_PATHS = "$(SRCROOT)/framework/**";
				INFOPLIST_FILE = "DoodleTee/DoodleTee-Info.plist";
				IPHONEOS_DEPLOYMENT_TARGET = 5.1;
				LIBRARY_SEARCH_PATHS = "$(inherited)";
				OTHER_LDFLAGS = (
					"-all_load",
					"-ObjC",
				);
				PRODUCT_NAME = "$(TARGET_NAME)";
				PROVISIONING_PROFILE = "";
				"PROVISIONING_PROFILE[sdk=iphoneos*]" = "";
				WRAPPER_EXTENSION = app;
			};
			name = Release;
		};
/* End XCBuildConfiguration section */

/* Begin XCConfigurationList section */
		3AB1FFB117546F4200B72E93 /* Build configuration list for PBXProject "DoodleTee" */ = {
			isa = XCConfigurationList;
			buildConfigurations = (
				3AB1FFD917546F4200B72E93 /* Debug */,
				3AB1FFDA17546F4200B72E93 /* Release */,
			);
			defaultConfigurationIsVisible = 0;
			defaultConfigurationName = Release;
		};
		3AB1FFDB17546F4200B72E93 /* Build configuration list for PBXNativeTarget "DoodleTee" */ = {
			isa = XCConfigurationList;
			buildConfigurations = (
				3AB1FFDC17546F4200B72E93 /* Debug */,
				3AB1FFDD17546F4200B72E93 /* Release */,
			);
			defaultConfigurationIsVisible = 0;
			defaultConfigurationName = Release;
		};
/* End XCConfigurationList section */
	};
	rootObject = 3AB1FFAE17546F4200B72E93 /* Project object */;
}
